// !$*UTF8*$!
{
	archiveVersion = 1;
	classes = {
	};
	objectVersion = 52;
	objects = {

/* Begin PBXBuildFile section */
		2918EE422439120E008EC004 /* WelcomeViewController.swift in Sources */ = {isa = PBXBuildFile; fileRef = 2918EE412439120E008EC004 /* WelcomeViewController.swift */; };
		2918EE44243CA85C008EC004 /* TitanicGamePresenter.swift in Sources */ = {isa = PBXBuildFile; fileRef = 2918EE43243CA85C008EC004 /* TitanicGamePresenter.swift */; };
		292521C4241291260005D455 /* AppStrings.swift in Sources */ = {isa = PBXBuildFile; fileRef = 292521C3241291260005D455 /* AppStrings.swift */; };
		292521CA241702C60005D455 /* TitanicGame+Iceberg.swift in Sources */ = {isa = PBXBuildFile; fileRef = 292521C9241702C50005D455 /* TitanicGame+Iceberg.swift */; };
		29379BE624A930B700D38F2B /* AppInformationTableViewController.swift in Sources */ = {isa = PBXBuildFile; fileRef = 29379BE524A930B700D38F2B /* AppInformationTableViewController.swift */; };
		29379BEA24AA48C400D38F2B /* MIT_License.txt in Resources */ = {isa = PBXBuildFile; fileRef = 29379BE924AA48C400D38F2B /* MIT_License.txt */; };
		29379BED24AA4ECF00D38F2B /* UIFont+Scale.swift in Sources */ = {isa = PBXBuildFile; fileRef = 29379BEC24AA4ECF00D38F2B /* UIFont+Scale.swift */; };
		29379BEF24AA4F0E00D38F2B /* UIImage+Resize.swift in Sources */ = {isa = PBXBuildFile; fileRef = 29379BEE24AA4F0E00D38F2B /* UIImage+Resize.swift */; };
		29379BF124AA4FE000D38F2B /* Collection+ElementOperations.swift in Sources */ = {isa = PBXBuildFile; fileRef = 29379BF024AA4FE000D38F2B /* Collection+ElementOperations.swift */; };
		29379BF524AA533D00D38F2B /* UIColor+CustomColor.swift in Sources */ = {isa = PBXBuildFile; fileRef = 29379BF424AA533D00D38F2B /* UIColor+CustomColor.swift */; };
		29379BF824AA53DD00D38F2B /* UtilityHelpers.swift in Sources */ = {isa = PBXBuildFile; fileRef = 29379BF724AA53DD00D38F2B /* UtilityHelpers.swift */; };
		29379BFC24AAB5F400D38F2B /* AboutTheApp.txt in Resources */ = {isa = PBXBuildFile; fileRef = 29379BFB24AAB5F400D38F2B /* AboutTheApp.txt */; };
		29379BFE24AB873000D38F2B /* GameStateView.swift in Sources */ = {isa = PBXBuildFile; fileRef = 29379BFD24AB873000D38F2B /* GameStateView.swift */; };
		29379C0024ABD33000D38F2B /* ConceptViewController.swift in Sources */ = {isa = PBXBuildFile; fileRef = 29379BFF24ABD33000D38F2B /* ConceptViewController.swift */; };
		29379C0424AD09D400D38F2B /* NewGameStatePresenter.swift in Sources */ = {isa = PBXBuildFile; fileRef = 29379C0324AD09D400D38F2B /* NewGameStatePresenter.swift */; };
		29379C0624AD484000D38F2B /* NewHighscoreEntryPresenter.swift in Sources */ = {isa = PBXBuildFile; fileRef = 29379C0524AD484000D38F2B /* NewHighscoreEntryPresenter.swift */; };
		29379C0824ADF1EA00D38F2B /* FileHandler.swift in Sources */ = {isa = PBXBuildFile; fileRef = 29379C0724ADF1EA00D38F2B /* FileHandler.swift */; };
		29379C0C24AE7CF600D38F2B /* HighscoreListPresenter.swift in Sources */ = {isa = PBXBuildFile; fileRef = 29379C0B24AE7CF600D38F2B /* HighscoreListPresenter.swift */; };
		2938C12A24B50A2700174FE4 /* DesignPattern.txt in Resources */ = {isa = PBXBuildFile; fileRef = 2938C12924B50A2700174FE4 /* DesignPattern.txt */; };
		295E4CDE24C4F47200C7A78F /* Double+Round2Places.swift in Sources */ = {isa = PBXBuildFile; fileRef = 295E4CDD24C4F47200C7A78F /* Double+Round2Places.swift */; };
		295E4CE024C59F5400C7A78F /* MockFileHandlerTests.swift in Sources */ = {isa = PBXBuildFile; fileRef = 295E4CDF24C59F5400C7A78F /* MockFileHandlerTests.swift */; };
		295E4CE224C98D0400C7A78F /* TitanicGamePresenterStateTests.swift in Sources */ = {isa = PBXBuildFile; fileRef = 295E4CE124C98D0400C7A78F /* TitanicGamePresenterStateTests.swift */; };
		2978B8B62403D40000798E84 /* AppDelegate.swift in Sources */ = {isa = PBXBuildFile; fileRef = 2978B8B52403D40000798E84 /* AppDelegate.swift */; };
		2978B8B82403D40000798E84 /* SceneDelegate.swift in Sources */ = {isa = PBXBuildFile; fileRef = 2978B8B72403D40000798E84 /* SceneDelegate.swift */; };
		2978B8BA2403D40000798E84 /* TitanicGameViewController.swift in Sources */ = {isa = PBXBuildFile; fileRef = 2978B8B92403D40000798E84 /* TitanicGameViewController.swift */; };
		2978B8CD2403D40100798E84 /* TitanicGameTests.swift in Sources */ = {isa = PBXBuildFile; fileRef = 2978B8CC2403D40100798E84 /* TitanicGameTests.swift */; };
		2978B8D82403D40100798E84 /* TitanicStartGameUITests.swift in Sources */ = {isa = PBXBuildFile; fileRef = 2978B8D72403D40100798E84 /* TitanicStartGameUITests.swift */; };
		2978B8EF240C062E00798E84 /* TitanicGame.swift in Sources */ = {isa = PBXBuildFile; fileRef = 2978B8EE240C062E00798E84 /* TitanicGame.swift */; };
		297C48472488DFA600944196 /* UIDevice+Vibrate.swift in Sources */ = {isa = PBXBuildFile; fileRef = 297C48462488DFA600944196 /* UIDevice+Vibrate.swift */; };
		297CF4D424CF0F1C007040EE /* .swiftlint.yml in Resources */ = {isa = PBXBuildFile; fileRef = 297CF4D324CF0F1C007040EE /* .swiftlint.yml */; };
		297CF4D624CF20AA007040EE /* NewHighscoreEntryTests.swift in Sources */ = {isa = PBXBuildFile; fileRef = 297CF4D524CF20AA007040EE /* NewHighscoreEntryTests.swift */; };
		297CF4D824CF4769007040EE /* GameControlMenuUITests.swift in Sources */ = {isa = PBXBuildFile; fileRef = 297CF4D724CF4769007040EE /* GameControlMenuUITests.swift */; };
		297CF4E324D21646007040EE /* HighscoreListPresenterTests.swift in Sources */ = {isa = PBXBuildFile; fileRef = 297CF4E224D21646007040EE /* HighscoreListPresenterTests.swift */; };
		297CF4E724D46B97007040EE /* HighscoreList.storyboard in Resources */ = {isa = PBXBuildFile; fileRef = 297CF4E624D46B97007040EE /* HighscoreList.storyboard */; };
		297CF4E924D46C39007040EE /* HighscoreListTableViewController.swift in Sources */ = {isa = PBXBuildFile; fileRef = 297CF4E824D46C39007040EE /* HighscoreListTableViewController.swift */; };
		298010A924C3A741006DC917 /* LaunchScreen.storyboard in Resources */ = {isa = PBXBuildFile; fileRef = 298010A824C3A741006DC917 /* LaunchScreen.storyboard */; };
		2999A9D624EAADD300C74094 /* HighscoreListTests.swift in Sources */ = {isa = PBXBuildFile; fileRef = 2999A9D524EAADD300C74094 /* HighscoreListTests.swift */; };
		2999A9DF24EAB09400C74094 /* SnapshotTesting in Frameworks */ = {isa = PBXBuildFile; productRef = 2999A9DE24EAB09400C74094 /* SnapshotTesting */; };
		2999A9E124EAB7DA00C74094 /* TitanicGameViewControllerTests.swift in Sources */ = {isa = PBXBuildFile; fileRef = 2999A9E024EAB7DA00C74094 /* TitanicGameViewControllerTests.swift */; };
		299E980E24DF2CCF00847FE9 /* TitanicGamePresenter+GameState.swift in Sources */ = {isa = PBXBuildFile; fileRef = 299E980D24DF2CCF00847FE9 /* TitanicGamePresenter+GameState.swift */; };
		299E981324DF347900847FE9 /* TitanicGame+Player.swift in Sources */ = {isa = PBXBuildFile; fileRef = 299E981224DF347900847FE9 /* TitanicGame+Player.swift */; };
		299E981924DF3D8600847FE9 /* Outcome.swift in Sources */ = {isa = PBXBuildFile; fileRef = 299E981824DF3D8600847FE9 /* Outcome.swift */; };
		29A3A0992447C1E400B5983D /* TitanicGameView.swift in Sources */ = {isa = PBXBuildFile; fileRef = 29A3A0982447C1E400B5983D /* TitanicGameView.swift */; };
		29AA4BB4245EDC2500B8CE96 /* SmokeView.swift in Sources */ = {isa = PBXBuildFile; fileRef = 29AA4BB3245EDC2500B8CE96 /* SmokeView.swift */; };
		29B98045246092E200D7C302 /* ScoreStackView.swift in Sources */ = {isa = PBXBuildFile; fileRef = 29B98044246092E200D7C302 /* ScoreStackView.swift */; };
		29B980472461F99400D7C302 /* SRCountdownTimer.swift in Sources */ = {isa = PBXBuildFile; fileRef = 29B980462461F99400D7C302 /* SRCountdownTimer.swift */; };
		29C166092517EC48001D1752 /* AvoidMassiveVC.jpg in Resources */ = {isa = PBXBuildFile; fileRef = 29C166062517EC47001D1752 /* AvoidMassiveVC.jpg */; };
		29C1660A2517EC48001D1752 /* Layout.jpg in Resources */ = {isa = PBXBuildFile; fileRef = 29C166072517EC47001D1752 /* Layout.jpg */; };
		29C1660B2517EC48001D1752 /* DesignPattern.jpg in Resources */ = {isa = PBXBuildFile; fileRef = 29C166082517EC47001D1752 /* DesignPattern.jpg */; };
		29D6B20124B0EE7800472FC5 /* PauseView.swift in Sources */ = {isa = PBXBuildFile; fileRef = 29D6B20024B0EE7800472FC5 /* PauseView.swift */; };
		29DDA89F24F05D2B00D5733F /* TitanicGameViewPresenter.swift in Sources */ = {isa = PBXBuildFile; fileRef = 29DDA89E24F05D2B00D5733F /* TitanicGameViewPresenter.swift */; };
		29DDA8A124F173DD00D5733F /* TitanicGamePresenter+IcebergData.swift in Sources */ = {isa = PBXBuildFile; fileRef = 29DDA8A024F173DD00D5733F /* TitanicGamePresenter+IcebergData.swift */; };
		29DDA8A324F1A04300D5733F /* MockTitanicGamePresenterTest.swift in Sources */ = {isa = PBXBuildFile; fileRef = 29DDA8A224F1A04300D5733F /* MockTitanicGamePresenterTest.swift */; };
		29DDA8A524F1B57C00D5733F /* MockTitanicGameViewControllerTests.swift in Sources */ = {isa = PBXBuildFile; fileRef = 29DDA8A424F1B57C00D5733F /* MockTitanicGameViewControllerTests.swift */; };
		29DDA8A724F6F18C00D5733F /* PreparationCountdownViewController.swift in Sources */ = {isa = PBXBuildFile; fileRef = 29DDA8A624F6F18C00D5733F /* PreparationCountdownViewController.swift */; };
		29DDA8AB24F70A9E00D5733F /* GameEndViewController.swift in Sources */ = {isa = PBXBuildFile; fileRef = 29DDA8AA24F70A9E00D5733F /* GameEndViewController.swift */; };
		29DDA8AD24F7105600D5733F /* UIViewController+ChildViewController.swift in Sources */ = {isa = PBXBuildFile; fileRef = 29DDA8AC24F7105600D5733F /* UIViewController+ChildViewController.swift */; };
		29E9004F244CD16D0022BD8F /* ImageView.swift in Sources */ = {isa = PBXBuildFile; fileRef = 29E9004E244CD16C0022BD8F /* ImageView.swift */; };
		29F3BC0E2437C6F300FB894E /* GameRulesViewController.swift in Sources */ = {isa = PBXBuildFile; fileRef = 29F3BC0D2437C6F200FB894E /* GameRulesViewController.swift */; };
		29FA73BE24B743ED000F8C8E /* AvoidMassiveVC.txt in Resources */ = {isa = PBXBuildFile; fileRef = 29FA73BD24B743ED000F8C8E /* AvoidMassiveVC.txt */; };
		29FA73C024B743FF000F8C8E /* Layout.txt in Resources */ = {isa = PBXBuildFile; fileRef = 29FA73BF24B743FE000F8C8E /* Layout.txt */; };
		29FA73D124B7798E000F8C8E /* Welcome.storyboard in Resources */ = {isa = PBXBuildFile; fileRef = 29FA73D024B7798E000F8C8E /* Welcome.storyboard */; };
		29FA73D524B77AB8000F8C8E /* Localizable.strings in Resources */ = {isa = PBXBuildFile; fileRef = 29FA73D724B77AB8000F8C8E /* Localizable.strings */; };
		29FA73DC24B78266000F8C8E /* AppIcon.xcassets in Resources */ = {isa = PBXBuildFile; fileRef = 29FA73DB24B78266000F8C8E /* AppIcon.xcassets */; };
		29FA73DE24B78285000F8C8E /* Assets.xcassets in Resources */ = {isa = PBXBuildFile; fileRef = 29FA73DD24B78285000F8C8E /* Assets.xcassets */; };
		29FA73E124B78A5E000F8C8E /* Smoke.sks in Resources */ = {isa = PBXBuildFile; fileRef = 29FA73E024B78A5E000F8C8E /* Smoke.sks */; };
		29FA73E424B7A097000F8C8E /* UIViewController+Alert.swift in Sources */ = {isa = PBXBuildFile; fileRef = 29FA73E324B7A097000F8C8E /* UIViewController+Alert.swift */; };
		29FA73E624B7A805000F8C8E /* NotificationName.swift in Sources */ = {isa = PBXBuildFile; fileRef = 29FA73E524B7A805000F8C8E /* NotificationName.swift */; };
		29FA73E824B7CB6E000F8C8E /* TitanicGamePresenterDelegate.swift in Sources */ = {isa = PBXBuildFile; fileRef = 29FA73E724B7CB6D000F8C8E /* TitanicGamePresenterDelegate.swift */; };
		29FA73EB24B7F129000F8C8E /* SRCountdownTimerDelegate.swift in Sources */ = {isa = PBXBuildFile; fileRef = 29FA73EA24B7F129000F8C8E /* SRCountdownTimerDelegate.swift */; };
		29FA73EF24B87D5E000F8C8E /* GameRules.storyboard in Resources */ = {isa = PBXBuildFile; fileRef = 29FA73EE24B87D5E000F8C8E /* GameRules.storyboard */; };
		29FA73F324B884F8000F8C8E /* Concept.storyboard in Resources */ = {isa = PBXBuildFile; fileRef = 29FA73F224B884F8000F8C8E /* Concept.storyboard */; };
		29FA73F524B885BC000F8C8E /* ContentAppInformation.storyboard in Resources */ = {isa = PBXBuildFile; fileRef = 29FA73F424B885BC000F8C8E /* ContentAppInformation.storyboard */; };
		29FA73F924B8A2DB000F8C8E /* AppInformationDetailTableViewController.swift in Sources */ = {isa = PBXBuildFile; fileRef = 29FA73F824B8A2DB000F8C8E /* AppInformationDetailTableViewController.swift */; };
		29FA73FB24B8A4C7000F8C8E /* AppInformationContentPresenter.swift in Sources */ = {isa = PBXBuildFile; fileRef = 29FA73FA24B8A4C7000F8C8E /* AppInformationContentPresenter.swift */; };
/* End PBXBuildFile section */

/* Begin PBXContainerItemProxy section */
		2978B8C92403D40100798E84 /* PBXContainerItemProxy */ = {
			isa = PBXContainerItemProxy;
			containerPortal = 2978B8AA2403D40000798E84 /* Project object */;
			proxyType = 1;
			remoteGlobalIDString = 2978B8B12403D40000798E84;
			remoteInfo = Titanic;
		};
		2978B8D42403D40100798E84 /* PBXContainerItemProxy */ = {
			isa = PBXContainerItemProxy;
			containerPortal = 2978B8AA2403D40000798E84 /* Project object */;
			proxyType = 1;
			remoteGlobalIDString = 2978B8B12403D40000798E84;
			remoteInfo = Titanic;
		};
		2999A9D824EAADD300C74094 /* PBXContainerItemProxy */ = {
			isa = PBXContainerItemProxy;
			containerPortal = 2978B8AA2403D40000798E84 /* Project object */;
			proxyType = 1;
			remoteGlobalIDString = 2978B8B12403D40000798E84;
			remoteInfo = Titanic;
		};
/* End PBXContainerItemProxy section */

/* Begin PBXFileReference section */
		2918EE412439120E008EC004 /* WelcomeViewController.swift */ = {isa = PBXFileReference; lastKnownFileType = sourcecode.swift; path = WelcomeViewController.swift; sourceTree = "<group>"; };
		2918EE43243CA85C008EC004 /* TitanicGamePresenter.swift */ = {isa = PBXFileReference; lastKnownFileType = sourcecode.swift; path = TitanicGamePresenter.swift; sourceTree = "<group>"; };
		292521C3241291260005D455 /* AppStrings.swift */ = {isa = PBXFileReference; fileEncoding = 4; lastKnownFileType = sourcecode.swift; path = AppStrings.swift; sourceTree = "<group>"; };
		292521C9241702C50005D455 /* TitanicGame+Iceberg.swift */ = {isa = PBXFileReference; lastKnownFileType = sourcecode.swift; path = "TitanicGame+Iceberg.swift"; sourceTree = "<group>"; };
		29379BE524A930B700D38F2B /* AppInformationTableViewController.swift */ = {isa = PBXFileReference; lastKnownFileType = sourcecode.swift; path = AppInformationTableViewController.swift; sourceTree = "<group>"; };
		29379BE924AA48C400D38F2B /* MIT_License.txt */ = {isa = PBXFileReference; fileEncoding = 4; lastKnownFileType = text; path = MIT_License.txt; sourceTree = "<group>"; };
		29379BEC24AA4ECF00D38F2B /* UIFont+Scale.swift */ = {isa = PBXFileReference; lastKnownFileType = sourcecode.swift; path = "UIFont+Scale.swift"; sourceTree = "<group>"; };
		29379BEE24AA4F0E00D38F2B /* UIImage+Resize.swift */ = {isa = PBXFileReference; lastKnownFileType = sourcecode.swift; path = "UIImage+Resize.swift"; sourceTree = "<group>"; };
		29379BF024AA4FE000D38F2B /* Collection+ElementOperations.swift */ = {isa = PBXFileReference; lastKnownFileType = sourcecode.swift; path = "Collection+ElementOperations.swift"; sourceTree = "<group>"; };
		29379BF424AA533D00D38F2B /* UIColor+CustomColor.swift */ = {isa = PBXFileReference; lastKnownFileType = sourcecode.swift; path = "UIColor+CustomColor.swift"; sourceTree = "<group>"; };
		29379BF724AA53DD00D38F2B /* UtilityHelpers.swift */ = {isa = PBXFileReference; lastKnownFileType = sourcecode.swift; path = UtilityHelpers.swift; sourceTree = "<group>"; };
		29379BFB24AAB5F400D38F2B /* AboutTheApp.txt */ = {isa = PBXFileReference; fileEncoding = 4; lastKnownFileType = text; path = AboutTheApp.txt; sourceTree = "<group>"; };
		29379BFD24AB873000D38F2B /* GameStateView.swift */ = {isa = PBXFileReference; lastKnownFileType = sourcecode.swift; path = GameStateView.swift; sourceTree = "<group>"; };
		29379BFF24ABD33000D38F2B /* ConceptViewController.swift */ = {isa = PBXFileReference; lastKnownFileType = sourcecode.swift; path = ConceptViewController.swift; sourceTree = "<group>"; };
		29379C0324AD09D400D38F2B /* NewGameStatePresenter.swift */ = {isa = PBXFileReference; lastKnownFileType = sourcecode.swift; path = NewGameStatePresenter.swift; sourceTree = "<group>"; };
		29379C0524AD484000D38F2B /* NewHighscoreEntryPresenter.swift */ = {isa = PBXFileReference; lastKnownFileType = sourcecode.swift; path = NewHighscoreEntryPresenter.swift; sourceTree = "<group>"; };
		29379C0724ADF1EA00D38F2B /* FileHandler.swift */ = {isa = PBXFileReference; lastKnownFileType = sourcecode.swift; path = FileHandler.swift; sourceTree = "<group>"; };
		29379C0B24AE7CF600D38F2B /* HighscoreListPresenter.swift */ = {isa = PBXFileReference; lastKnownFileType = sourcecode.swift; path = HighscoreListPresenter.swift; sourceTree = "<group>"; };
		2938C12924B50A2700174FE4 /* DesignPattern.txt */ = {isa = PBXFileReference; fileEncoding = 4; lastKnownFileType = text; path = DesignPattern.txt; sourceTree = "<group>"; };
		295E4CDD24C4F47200C7A78F /* Double+Round2Places.swift */ = {isa = PBXFileReference; fileEncoding = 4; lastKnownFileType = sourcecode.swift; path = "Double+Round2Places.swift"; sourceTree = "<group>"; };
		295E4CDF24C59F5400C7A78F /* MockFileHandlerTests.swift */ = {isa = PBXFileReference; lastKnownFileType = sourcecode.swift; path = MockFileHandlerTests.swift; sourceTree = "<group>"; };
		295E4CE124C98D0400C7A78F /* TitanicGamePresenterStateTests.swift */ = {isa = PBXFileReference; lastKnownFileType = sourcecode.swift; path = TitanicGamePresenterStateTests.swift; sourceTree = "<group>"; };
		2978B8B22403D40000798E84 /* Titanic.app */ = {isa = PBXFileReference; explicitFileType = wrapper.application; includeInIndex = 0; path = Titanic.app; sourceTree = BUILT_PRODUCTS_DIR; };
		2978B8B52403D40000798E84 /* AppDelegate.swift */ = {isa = PBXFileReference; lastKnownFileType = sourcecode.swift; path = AppDelegate.swift; sourceTree = "<group>"; };
		2978B8B72403D40000798E84 /* SceneDelegate.swift */ = {isa = PBXFileReference; lastKnownFileType = sourcecode.swift; path = SceneDelegate.swift; sourceTree = "<group>"; };
		2978B8B92403D40000798E84 /* TitanicGameViewController.swift */ = {isa = PBXFileReference; lastKnownFileType = sourcecode.swift; path = TitanicGameViewController.swift; sourceTree = "<group>"; };
		2978B8C32403D40100798E84 /* Info.plist */ = {isa = PBXFileReference; lastKnownFileType = text.plist.xml; path = Info.plist; sourceTree = "<group>"; };
		2978B8C82403D40100798E84 /* TitanicTests.xctest */ = {isa = PBXFileReference; explicitFileType = wrapper.cfbundle; includeInIndex = 0; path = TitanicTests.xctest; sourceTree = BUILT_PRODUCTS_DIR; };
		2978B8CC2403D40100798E84 /* TitanicGameTests.swift */ = {isa = PBXFileReference; lastKnownFileType = sourcecode.swift; path = TitanicGameTests.swift; sourceTree = "<group>"; };
		2978B8CE2403D40100798E84 /* Info.plist */ = {isa = PBXFileReference; lastKnownFileType = text.plist.xml; path = Info.plist; sourceTree = "<group>"; };
		2978B8D32403D40100798E84 /* TitanicUITests.xctest */ = {isa = PBXFileReference; explicitFileType = wrapper.cfbundle; includeInIndex = 0; path = TitanicUITests.xctest; sourceTree = BUILT_PRODUCTS_DIR; };
		2978B8D72403D40100798E84 /* TitanicStartGameUITests.swift */ = {isa = PBXFileReference; lastKnownFileType = sourcecode.swift; path = TitanicStartGameUITests.swift; sourceTree = "<group>"; };
		2978B8D92403D40100798E84 /* Info.plist */ = {isa = PBXFileReference; lastKnownFileType = text.plist.xml; path = Info.plist; sourceTree = "<group>"; };
		2978B8EE240C062E00798E84 /* TitanicGame.swift */ = {isa = PBXFileReference; lastKnownFileType = sourcecode.swift; path = TitanicGame.swift; sourceTree = "<group>"; };
		297C48462488DFA600944196 /* UIDevice+Vibrate.swift */ = {isa = PBXFileReference; lastKnownFileType = sourcecode.swift; path = "UIDevice+Vibrate.swift"; sourceTree = "<group>"; };
		297CF4D324CF0F1C007040EE /* .swiftlint.yml */ = {isa = PBXFileReference; lastKnownFileType = text.yaml; path = .swiftlint.yml; sourceTree = "<group>"; };
		297CF4D524CF20AA007040EE /* NewHighscoreEntryTests.swift */ = {isa = PBXFileReference; lastKnownFileType = sourcecode.swift; path = NewHighscoreEntryTests.swift; sourceTree = "<group>"; };
		297CF4D724CF4769007040EE /* GameControlMenuUITests.swift */ = {isa = PBXFileReference; lastKnownFileType = sourcecode.swift; path = GameControlMenuUITests.swift; sourceTree = "<group>"; };
		297CF4E224D21646007040EE /* HighscoreListPresenterTests.swift */ = {isa = PBXFileReference; lastKnownFileType = sourcecode.swift; path = HighscoreListPresenterTests.swift; sourceTree = "<group>"; };
		297CF4E624D46B97007040EE /* HighscoreList.storyboard */ = {isa = PBXFileReference; lastKnownFileType = file.storyboard; path = HighscoreList.storyboard; sourceTree = "<group>"; };
		297CF4E824D46C39007040EE /* HighscoreListTableViewController.swift */ = {isa = PBXFileReference; lastKnownFileType = sourcecode.swift; path = HighscoreListTableViewController.swift; sourceTree = "<group>"; };
		298010A824C3A741006DC917 /* LaunchScreen.storyboard */ = {isa = PBXFileReference; fileEncoding = 4; lastKnownFileType = file.storyboard; path = LaunchScreen.storyboard; sourceTree = "<group>"; };
		2999A9D324EAADD300C74094 /* TitanicSnapshotTests.xctest */ = {isa = PBXFileReference; explicitFileType = wrapper.cfbundle; includeInIndex = 0; path = TitanicSnapshotTests.xctest; sourceTree = BUILT_PRODUCTS_DIR; };
		2999A9D524EAADD300C74094 /* HighscoreListTests.swift */ = {isa = PBXFileReference; lastKnownFileType = sourcecode.swift; path = HighscoreListTests.swift; sourceTree = "<group>"; };
		2999A9D724EAADD300C74094 /* Info.plist */ = {isa = PBXFileReference; lastKnownFileType = text.plist.xml; path = Info.plist; sourceTree = "<group>"; };
		2999A9E024EAB7DA00C74094 /* TitanicGameViewControllerTests.swift */ = {isa = PBXFileReference; lastKnownFileType = sourcecode.swift; path = TitanicGameViewControllerTests.swift; sourceTree = "<group>"; };
		299E980D24DF2CCF00847FE9 /* TitanicGamePresenter+GameState.swift */ = {isa = PBXFileReference; lastKnownFileType = sourcecode.swift; path = "TitanicGamePresenter+GameState.swift"; sourceTree = "<group>"; };
		299E981224DF347900847FE9 /* TitanicGame+Player.swift */ = {isa = PBXFileReference; lastKnownFileType = sourcecode.swift; path = "TitanicGame+Player.swift"; sourceTree = "<group>"; };
		299E981824DF3D8600847FE9 /* Outcome.swift */ = {isa = PBXFileReference; lastKnownFileType = sourcecode.swift; path = Outcome.swift; sourceTree = "<group>"; };
		29A3A0982447C1E400B5983D /* TitanicGameView.swift */ = {isa = PBXFileReference; lastKnownFileType = sourcecode.swift; path = TitanicGameView.swift; sourceTree = "<group>"; };
		29AA4BB3245EDC2500B8CE96 /* SmokeView.swift */ = {isa = PBXFileReference; lastKnownFileType = sourcecode.swift; path = SmokeView.swift; sourceTree = "<group>"; };
		29B98044246092E200D7C302 /* ScoreStackView.swift */ = {isa = PBXFileReference; lastKnownFileType = sourcecode.swift; path = ScoreStackView.swift; sourceTree = "<group>"; };
		29B980462461F99400D7C302 /* SRCountdownTimer.swift */ = {isa = PBXFileReference; lastKnownFileType = sourcecode.swift; path = SRCountdownTimer.swift; sourceTree = "<group>"; };
		29C16600251777FB001D1752 /* README.md */ = {isa = PBXFileReference; lastKnownFileType = net.daringfireball.markdown; path = README.md; sourceTree = "<group>"; };
		29C166062517EC47001D1752 /* AvoidMassiveVC.jpg */ = {isa = PBXFileReference; lastKnownFileType = image.jpeg; path = AvoidMassiveVC.jpg; sourceTree = "<group>"; };
		29C166072517EC47001D1752 /* Layout.jpg */ = {isa = PBXFileReference; lastKnownFileType = image.jpeg; path = Layout.jpg; sourceTree = "<group>"; };
		29C166082517EC47001D1752 /* DesignPattern.jpg */ = {isa = PBXFileReference; lastKnownFileType = image.jpeg; path = DesignPattern.jpg; sourceTree = "<group>"; };
		29D6B20024B0EE7800472FC5 /* PauseView.swift */ = {isa = PBXFileReference; lastKnownFileType = sourcecode.swift; path = PauseView.swift; sourceTree = "<group>"; };
		29DDA89E24F05D2B00D5733F /* TitanicGameViewPresenter.swift */ = {isa = PBXFileReference; lastKnownFileType = sourcecode.swift; path = TitanicGameViewPresenter.swift; sourceTree = "<group>"; };
		29DDA8A024F173DD00D5733F /* TitanicGamePresenter+IcebergData.swift */ = {isa = PBXFileReference; lastKnownFileType = sourcecode.swift; path = "TitanicGamePresenter+IcebergData.swift"; sourceTree = "<group>"; };
		29DDA8A224F1A04300D5733F /* MockTitanicGamePresenterTest.swift */ = {isa = PBXFileReference; lastKnownFileType = sourcecode.swift; path = MockTitanicGamePresenterTest.swift; sourceTree = "<group>"; };
		29DDA8A424F1B57C00D5733F /* MockTitanicGameViewControllerTests.swift */ = {isa = PBXFileReference; lastKnownFileType = sourcecode.swift; path = MockTitanicGameViewControllerTests.swift; sourceTree = "<group>"; };
		29DDA8A624F6F18C00D5733F /* PreparationCountdownViewController.swift */ = {isa = PBXFileReference; lastKnownFileType = sourcecode.swift; path = PreparationCountdownViewController.swift; sourceTree = "<group>"; };
		29DDA8AA24F70A9E00D5733F /* GameEndViewController.swift */ = {isa = PBXFileReference; lastKnownFileType = sourcecode.swift; path = GameEndViewController.swift; sourceTree = "<group>"; };
		29DDA8AC24F7105600D5733F /* UIViewController+ChildViewController.swift */ = {isa = PBXFileReference; lastKnownFileType = sourcecode.swift; path = "UIViewController+ChildViewController.swift"; sourceTree = "<group>"; };
		29E9004E244CD16C0022BD8F /* ImageView.swift */ = {isa = PBXFileReference; lastKnownFileType = sourcecode.swift; path = ImageView.swift; sourceTree = "<group>"; };
		29F3BC0D2437C6F200FB894E /* GameRulesViewController.swift */ = {isa = PBXFileReference; lastKnownFileType = sourcecode.swift; path = GameRulesViewController.swift; sourceTree = "<group>"; };
		29FA73BD24B743ED000F8C8E /* AvoidMassiveVC.txt */ = {isa = PBXFileReference; fileEncoding = 4; lastKnownFileType = text; path = AvoidMassiveVC.txt; sourceTree = "<group>"; };
		29FA73BF24B743FE000F8C8E /* Layout.txt */ = {isa = PBXFileReference; fileEncoding = 4; lastKnownFileType = text; path = Layout.txt; sourceTree = "<group>"; };
		29FA73D024B7798E000F8C8E /* Welcome.storyboard */ = {isa = PBXFileReference; fileEncoding = 4; lastKnownFileType = file.storyboard; path = Welcome.storyboard; sourceTree = "<group>"; };
		29FA73D624B77AB8000F8C8E /* en */ = {isa = PBXFileReference; lastKnownFileType = text.plist.strings; name = en; path = en.lproj/Localizable.strings; sourceTree = "<group>"; };
		29FA73D824B77AC9000F8C8E /* de */ = {isa = PBXFileReference; lastKnownFileType = text.plist.strings; name = de; path = de.lproj/Localizable.strings; sourceTree = "<group>"; };
		29FA73DB24B78266000F8C8E /* AppIcon.xcassets */ = {isa = PBXFileReference; lastKnownFileType = folder.assetcatalog; path = AppIcon.xcassets; sourceTree = "<group>"; };
		29FA73DD24B78285000F8C8E /* Assets.xcassets */ = {isa = PBXFileReference; lastKnownFileType = folder.assetcatalog; path = Assets.xcassets; sourceTree = "<group>"; };
		29FA73E024B78A5E000F8C8E /* Smoke.sks */ = {isa = PBXFileReference; lastKnownFileType = file.sks; path = Smoke.sks; sourceTree = "<group>"; };
		29FA73E324B7A097000F8C8E /* UIViewController+Alert.swift */ = {isa = PBXFileReference; fileEncoding = 4; lastKnownFileType = sourcecode.swift; path = "UIViewController+Alert.swift"; sourceTree = "<group>"; };
		29FA73E524B7A805000F8C8E /* NotificationName.swift */ = {isa = PBXFileReference; lastKnownFileType = sourcecode.swift; path = NotificationName.swift; sourceTree = "<group>"; };
		29FA73E724B7CB6D000F8C8E /* TitanicGamePresenterDelegate.swift */ = {isa = PBXFileReference; lastKnownFileType = sourcecode.swift; path = TitanicGamePresenterDelegate.swift; sourceTree = "<group>"; };
		29FA73EA24B7F129000F8C8E /* SRCountdownTimerDelegate.swift */ = {isa = PBXFileReference; lastKnownFileType = sourcecode.swift; path = SRCountdownTimerDelegate.swift; sourceTree = "<group>"; };
		29FA73EE24B87D5E000F8C8E /* GameRules.storyboard */ = {isa = PBXFileReference; lastKnownFileType = file.storyboard; path = GameRules.storyboard; sourceTree = "<group>"; };
		29FA73F224B884F8000F8C8E /* Concept.storyboard */ = {isa = PBXFileReference; lastKnownFileType = file.storyboard; path = Concept.storyboard; sourceTree = "<group>"; };
		29FA73F424B885BC000F8C8E /* ContentAppInformation.storyboard */ = {isa = PBXFileReference; lastKnownFileType = file.storyboard; path = ContentAppInformation.storyboard; sourceTree = "<group>"; };
		29FA73F824B8A2DB000F8C8E /* AppInformationDetailTableViewController.swift */ = {isa = PBXFileReference; lastKnownFileType = sourcecode.swift; path = AppInformationDetailTableViewController.swift; sourceTree = "<group>"; };
		29FA73FA24B8A4C7000F8C8E /* AppInformationContentPresenter.swift */ = {isa = PBXFileReference; lastKnownFileType = sourcecode.swift; path = AppInformationContentPresenter.swift; sourceTree = "<group>"; };
/* End PBXFileReference section */

/* Begin PBXFrameworksBuildPhase section */
		2978B8AF2403D40000798E84 /* Frameworks */ = {
			isa = PBXFrameworksBuildPhase;
			buildActionMask = 2147483647;
			files = (
			);
			runOnlyForDeploymentPostprocessing = 0;
		};
		2978B8C52403D40100798E84 /* Frameworks */ = {
			isa = PBXFrameworksBuildPhase;
			buildActionMask = 2147483647;
			files = (
			);
			runOnlyForDeploymentPostprocessing = 0;
		};
		2978B8D02403D40100798E84 /* Frameworks */ = {
			isa = PBXFrameworksBuildPhase;
			buildActionMask = 2147483647;
			files = (
			);
			runOnlyForDeploymentPostprocessing = 0;
		};
		2999A9D024EAADD300C74094 /* Frameworks */ = {
			isa = PBXFrameworksBuildPhase;
			buildActionMask = 2147483647;
			files = (
				2999A9DF24EAB09400C74094 /* SnapshotTesting in Frameworks */,
			);
			runOnlyForDeploymentPostprocessing = 0;
		};
/* End PBXFrameworksBuildPhase section */

/* Begin PBXGroup section */
		292521C2241291260005D455 /* Helpers */ = {
			isa = PBXGroup;
			children = (
				29FA73DF24B78900000F8C8E /* View Helpers */,
				29FA73E224B78A80000F8C8E /* Utility Helpers */,
			);
			path = Helpers;
			sourceTree = "<group>";
		};
		29252201241999BE0005D455 /* Resources */ = {
			isa = PBXGroup;
			children = (
				29FA73DA24B78141000F8C8E /* Assets */,
				29824797249D46B3003C7618 /* Storyboards */,
				29FA73E024B78A5E000F8C8E /* Smoke.sks */,
				29FA73D424B779E4000F8C8E /* Localization */,
				29FA73D924B77B1B000F8C8E /* LocalTxtFiles */,
			);
			path = Resources;
			sourceTree = "<group>";
		};
		2925B8EB2458A91B000EEB1E /* Presenter */ = {
			isa = PBXGroup;
			children = (
				299E981524DF361D00847FE9 /* Navigation */,
				299E981624DF365800847FE9 /* Game */,
				299E981724DF367300847FE9 /* Alert */,
			);
			path = Presenter;
			sourceTree = "<group>";
		};
		29379BEB24AA4EA400D38F2B /* Extensions */ = {
			isa = PBXGroup;
			children = (
				29FA73E324B7A097000F8C8E /* UIViewController+Alert.swift */,
				29DDA8AC24F7105600D5733F /* UIViewController+ChildViewController.swift */,
				297C48462488DFA600944196 /* UIDevice+Vibrate.swift */,
				295E4CDD24C4F47200C7A78F /* Double+Round2Places.swift */,
				29379BEC24AA4ECF00D38F2B /* UIFont+Scale.swift */,
				29379BEE24AA4F0E00D38F2B /* UIImage+Resize.swift */,
				29379BF024AA4FE000D38F2B /* Collection+ElementOperations.swift */,
				29379BF424AA533D00D38F2B /* UIColor+CustomColor.swift */,
				29FA73E524B7A805000F8C8E /* NotificationName.swift */,
			);
			path = Extensions;
			sourceTree = "<group>";
		};
		29379C0924AE609C00D38F2B /* Handler */ = {
			isa = PBXGroup;
			children = (
				29379C0724ADF1EA00D38F2B /* FileHandler.swift */,
			);
			path = Handler;
			sourceTree = "<group>";
		};
		296C52F324451FA80044401D /* CustomViews */ = {
			isa = PBXGroup;
			children = (
				299E981424DF35E000847FE9 /* Game */,
			);
			path = CustomViews;
			sourceTree = "<group>";
		};
		2978B8A92403D40000798E84 = {
			isa = PBXGroup;
			children = (
				29C16600251777FB001D1752 /* README.md */,
				297CF4D324CF0F1C007040EE /* .swiftlint.yml */,
				2978B8B42403D40000798E84 /* Titanic */,
				2978B8CB2403D40100798E84 /* TitanicTests */,
				2978B8D62403D40100798E84 /* TitanicUITests */,
				2999A9D424EAADD300C74094 /* TitanicSnapshotTests */,
				2978B8B32403D40000798E84 /* Products */,
				88E88C8BE32B71A6C6F2645A /* Pods */,
			);
			sourceTree = "<group>";
		};
		2978B8B32403D40000798E84 /* Products */ = {
			isa = PBXGroup;
			children = (
				2978B8B22403D40000798E84 /* Titanic.app */,
				2978B8C82403D40100798E84 /* TitanicTests.xctest */,
				2978B8D32403D40100798E84 /* TitanicUITests.xctest */,
				2999A9D324EAADD300C74094 /* TitanicSnapshotTests.xctest */,
			);
			name = Products;
			sourceTree = "<group>";
		};
		2978B8B42403D40000798E84 /* Titanic */ = {
			isa = PBXGroup;
			children = (
				29C166012517E818001D1752 /* Images */,
				29379BEB24AA4EA400D38F2B /* Extensions */,
				2925B8EB2458A91B000EEB1E /* Presenter */,
				296C52F324451FA80044401D /* CustomViews */,
				299E980424DF05B400847FE9 /* Scenes */,
				29379C0924AE609C00D38F2B /* Handler */,
				2978B8E62403D85000798E84 /* Models */,
				2978B8E52403D83C00798E84 /* Supporting Files */,
				29252201241999BE0005D455 /* Resources */,
				292521C2241291260005D455 /* Helpers */,
				29FA73E924B7CB7F000F8C8E /* Protocols */,
			);
			path = Titanic;
			sourceTree = "<group>";
		};
		2978B8CB2403D40100798E84 /* TitanicTests */ = {
			isa = PBXGroup;
			children = (
				29DDA8A424F1B57C00D5733F /* MockTitanicGameViewControllerTests.swift */,
				29DDA8A224F1A04300D5733F /* MockTitanicGamePresenterTest.swift */,
				297CF4E224D21646007040EE /* HighscoreListPresenterTests.swift */,
				297CF4D524CF20AA007040EE /* NewHighscoreEntryTests.swift */,
				295E4CE124C98D0400C7A78F /* TitanicGamePresenterStateTests.swift */,
				295E4CDF24C59F5400C7A78F /* MockFileHandlerTests.swift */,
				2978B8CC2403D40100798E84 /* TitanicGameTests.swift */,
				2978B8CE2403D40100798E84 /* Info.plist */,
			);
			path = TitanicTests;
			sourceTree = "<group>";
		};
		2978B8D62403D40100798E84 /* TitanicUITests */ = {
			isa = PBXGroup;
			children = (
				297CF4D724CF4769007040EE /* GameControlMenuUITests.swift */,
				2978B8D72403D40100798E84 /* TitanicStartGameUITests.swift */,
				2978B8D92403D40100798E84 /* Info.plist */,
			);
			path = TitanicUITests;
			sourceTree = "<group>";
		};
		2978B8E52403D83C00798E84 /* Supporting Files */ = {
			isa = PBXGroup;
			children = (
				2978B8C32403D40100798E84 /* Info.plist */,
				2978B8B72403D40000798E84 /* SceneDelegate.swift */,
				2978B8B52403D40000798E84 /* AppDelegate.swift */,
			);
			path = "Supporting Files";
			sourceTree = "<group>";
		};
		2978B8E62403D85000798E84 /* Models */ = {
			isa = PBXGroup;
			children = (
				299E980C24DF2BD800847FE9 /* Game */,
				299E980B24DF2BBB00847FE9 /* GamePresenter */,
				299E981A24DF3D9100847FE9 /* Alert */,
			);
			path = Models;
			sourceTree = "<group>";
		};
		29824797249D46B3003C7618 /* Storyboards */ = {
			isa = PBXGroup;
			children = (
				29FA73D024B7798E000F8C8E /* Welcome.storyboard */,
				298010A824C3A741006DC917 /* LaunchScreen.storyboard */,
				29FA73EE24B87D5E000F8C8E /* GameRules.storyboard */,
				29FA73F224B884F8000F8C8E /* Concept.storyboard */,
				29FA73F424B885BC000F8C8E /* ContentAppInformation.storyboard */,
				297CF4E624D46B97007040EE /* HighscoreList.storyboard */,
			);
			path = Storyboards;
			sourceTree = "<group>";
		};
		2999A9D424EAADD300C74094 /* TitanicSnapshotTests */ = {
			isa = PBXGroup;
			children = (
				2999A9E024EAB7DA00C74094 /* TitanicGameViewControllerTests.swift */,
				2999A9D524EAADD300C74094 /* HighscoreListTests.swift */,
				2999A9D724EAADD300C74094 /* Info.plist */,
			);
			path = TitanicSnapshotTests;
			sourceTree = "<group>";
		};
		299E980424DF05B400847FE9 /* Scenes */ = {
			isa = PBXGroup;
			children = (
				299E980524DF05DE00847FE9 /* Game */,
				299E980624DF05E800847FE9 /* HighscoreList */,
				299E980724DF067A00847FE9 /* GameRules */,
				299E980824DF068500847FE9 /* Welcome */,
				299E980924DF299E00847FE9 /* AppInformation */,
				299E980A24DF29AA00847FE9 /* Concept */,
			);
			path = Scenes;
			sourceTree = "<group>";
		};
		299E980524DF05DE00847FE9 /* Game */ = {
			isa = PBXGroup;
			children = (
				2978B8B92403D40000798E84 /* TitanicGameViewController.swift */,
				29DDA8A624F6F18C00D5733F /* PreparationCountdownViewController.swift */,
				29DDA8AA24F70A9E00D5733F /* GameEndViewController.swift */,
			);
			path = Game;
			sourceTree = "<group>";
		};
		299E980624DF05E800847FE9 /* HighscoreList */ = {
			isa = PBXGroup;
			children = (
				297CF4E824D46C39007040EE /* HighscoreListTableViewController.swift */,
			);
			path = HighscoreList;
			sourceTree = "<group>";
		};
		299E980724DF067A00847FE9 /* GameRules */ = {
			isa = PBXGroup;
			children = (
				29F3BC0D2437C6F200FB894E /* GameRulesViewController.swift */,
			);
			path = GameRules;
			sourceTree = "<group>";
		};
		299E980824DF068500847FE9 /* Welcome */ = {
			isa = PBXGroup;
			children = (
				2918EE412439120E008EC004 /* WelcomeViewController.swift */,
			);
			path = Welcome;
			sourceTree = "<group>";
		};
		299E980924DF299E00847FE9 /* AppInformation */ = {
			isa = PBXGroup;
			children = (
				29379BE524A930B700D38F2B /* AppInformationTableViewController.swift */,
				29FA73F824B8A2DB000F8C8E /* AppInformationDetailTableViewController.swift */,
			);
			path = AppInformation;
			sourceTree = "<group>";
		};
		299E980A24DF29AA00847FE9 /* Concept */ = {
			isa = PBXGroup;
			children = (
				29379BFF24ABD33000D38F2B /* ConceptViewController.swift */,
			);
			path = Concept;
			sourceTree = "<group>";
		};
		299E980B24DF2BBB00847FE9 /* GamePresenter */ = {
			isa = PBXGroup;
			children = (
				299E980D24DF2CCF00847FE9 /* TitanicGamePresenter+GameState.swift */,
				29DDA8A024F173DD00D5733F /* TitanicGamePresenter+IcebergData.swift */,
			);
			path = GamePresenter;
			sourceTree = "<group>";
		};
		299E980C24DF2BD800847FE9 /* Game */ = {
			isa = PBXGroup;
			children = (
				2978B8EE240C062E00798E84 /* TitanicGame.swift */,
				299E981224DF347900847FE9 /* TitanicGame+Player.swift */,
				292521C9241702C50005D455 /* TitanicGame+Iceberg.swift */,
			);
			path = Game;
			sourceTree = "<group>";
		};
		299E981424DF35E000847FE9 /* Game */ = {
			isa = PBXGroup;
			children = (
				29A3A0982447C1E400B5983D /* TitanicGameView.swift */,
				29E9004E244CD16C0022BD8F /* ImageView.swift */,
				29B98044246092E200D7C302 /* ScoreStackView.swift */,
				29B980462461F99400D7C302 /* SRCountdownTimer.swift */,
				29379BFD24AB873000D38F2B /* GameStateView.swift */,
				29AA4BB3245EDC2500B8CE96 /* SmokeView.swift */,
				29D6B20024B0EE7800472FC5 /* PauseView.swift */,
			);
			path = Game;
			sourceTree = "<group>";
		};
		299E981524DF361D00847FE9 /* Navigation */ = {
			isa = PBXGroup;
			children = (
				29FA73FA24B8A4C7000F8C8E /* AppInformationContentPresenter.swift */,
				29379C0B24AE7CF600D38F2B /* HighscoreListPresenter.swift */,
				29DDA89E24F05D2B00D5733F /* TitanicGameViewPresenter.swift */,
			);
			path = Navigation;
			sourceTree = "<group>";
		};
		299E981624DF365800847FE9 /* Game */ = {
			isa = PBXGroup;
			children = (
				2918EE43243CA85C008EC004 /* TitanicGamePresenter.swift */,
			);
			path = Game;
			sourceTree = "<group>";
		};
		299E981724DF367300847FE9 /* Alert */ = {
			isa = PBXGroup;
			children = (
				29379C0324AD09D400D38F2B /* NewGameStatePresenter.swift */,
				29379C0524AD484000D38F2B /* NewHighscoreEntryPresenter.swift */,
			);
			path = Alert;
			sourceTree = "<group>";
		};
		299E981A24DF3D9100847FE9 /* Alert */ = {
			isa = PBXGroup;
			children = (
				299E981824DF3D8600847FE9 /* Outcome.swift */,
			);
			path = Alert;
			sourceTree = "<group>";
		};
		299E981D24DF57A000847FE9 /* LegalNotices */ = {
			isa = PBXGroup;
			children = (
				29379BE924AA48C400D38F2B /* MIT_License.txt */,
			);
			path = LegalNotices;
			sourceTree = "<group>";
		};
		299E981E24DF57C900847FE9 /* Concept */ = {
			isa = PBXGroup;
			children = (
				2938C12924B50A2700174FE4 /* DesignPattern.txt */,
				29FA73BF24B743FE000F8C8E /* Layout.txt */,
				29FA73BD24B743ED000F8C8E /* AvoidMassiveVC.txt */,
			);
			path = Concept;
			sourceTree = "<group>";
		};
		299E981F24DF57DC00847FE9 /* About */ = {
			isa = PBXGroup;
			children = (
				29379BFB24AAB5F400D38F2B /* AboutTheApp.txt */,
			);
			path = About;
			sourceTree = "<group>";
		};
		29C166012517E818001D1752 /* Images */ = {
			isa = PBXGroup;
			children = (
				29C166062517EC47001D1752 /* AvoidMassiveVC.jpg */,
				29C166072517EC47001D1752 /* Layout.jpg */,
				29C166082517EC47001D1752 /* DesignPattern.jpg */,
			);
			path = Images;
			sourceTree = "<group>";
		};
		29FA73D424B779E4000F8C8E /* Localization */ = {
			isa = PBXGroup;
			children = (
				29FA73D724B77AB8000F8C8E /* Localizable.strings */,
			);
			path = Localization;
			sourceTree = "<group>";
		};
		29FA73D924B77B1B000F8C8E /* LocalTxtFiles */ = {
			isa = PBXGroup;
			children = (
				299E981E24DF57C900847FE9 /* Concept */,
				299E981F24DF57DC00847FE9 /* About */,
				299E981D24DF57A000847FE9 /* LegalNotices */,
			);
			path = LocalTxtFiles;
			sourceTree = "<group>";
		};
		29FA73DA24B78141000F8C8E /* Assets */ = {
			isa = PBXGroup;
			children = (
				29FA73DB24B78266000F8C8E /* AppIcon.xcassets */,
				29FA73DD24B78285000F8C8E /* Assets.xcassets */,
			);
			path = Assets;
			sourceTree = "<group>";
		};
		29FA73DF24B78900000F8C8E /* View Helpers */ = {
			isa = PBXGroup;
			children = (
				292521C3241291260005D455 /* AppStrings.swift */,
			);
			path = "View Helpers";
			sourceTree = "<group>";
		};
		29FA73E224B78A80000F8C8E /* Utility Helpers */ = {
			isa = PBXGroup;
			children = (
				29379BF724AA53DD00D38F2B /* UtilityHelpers.swift */,
			);
			path = "Utility Helpers";
			sourceTree = "<group>";
		};
		29FA73E924B7CB7F000F8C8E /* Protocols */ = {
			isa = PBXGroup;
			children = (
				29FA73E724B7CB6D000F8C8E /* TitanicGamePresenterDelegate.swift */,
				29FA73EA24B7F129000F8C8E /* SRCountdownTimerDelegate.swift */,
			);
			path = Protocols;
			sourceTree = "<group>";
		};
		88E88C8BE32B71A6C6F2645A /* Pods */ = {
			isa = PBXGroup;
			children = (
			);
			path = Pods;
			sourceTree = "<group>";
		};
/* End PBXGroup section */

/* Begin PBXNativeTarget section */
		2978B8B12403D40000798E84 /* Titanic */ = {
			isa = PBXNativeTarget;
			buildConfigurationList = 2978B8DC2403D40100798E84 /* Build configuration list for PBXNativeTarget "Titanic" */;
			buildPhases = (
				2978B8AE2403D40000798E84 /* Sources */,
				2978B8AF2403D40000798E84 /* Frameworks */,
				2978B8B02403D40000798E84 /* Resources */,
				297CF4CE24CC9EDB007040EE /* Swiftlint */,
			);
			buildRules = (
			);
			dependencies = (
			);
			name = Titanic;
			productName = Titanic;
			productReference = 2978B8B22403D40000798E84 /* Titanic.app */;
			productType = "com.apple.product-type.application";
		};
		2978B8C72403D40100798E84 /* TitanicTests */ = {
			isa = PBXNativeTarget;
			buildConfigurationList = 2978B8DF2403D40100798E84 /* Build configuration list for PBXNativeTarget "TitanicTests" */;
			buildPhases = (
				2978B8C42403D40100798E84 /* Sources */,
				2978B8C52403D40100798E84 /* Frameworks */,
				2978B8C62403D40100798E84 /* Resources */,
			);
			buildRules = (
			);
			dependencies = (
				2978B8CA2403D40100798E84 /* PBXTargetDependency */,
			);
			name = TitanicTests;
			packageProductDependencies = (
			);
			productName = TitanicTests;
			productReference = 2978B8C82403D40100798E84 /* TitanicTests.xctest */;
			productType = "com.apple.product-type.bundle.unit-test";
		};
		2978B8D22403D40100798E84 /* TitanicUITests */ = {
			isa = PBXNativeTarget;
			buildConfigurationList = 2978B8E22403D40100798E84 /* Build configuration list for PBXNativeTarget "TitanicUITests" */;
			buildPhases = (
				2978B8CF2403D40100798E84 /* Sources */,
				2978B8D02403D40100798E84 /* Frameworks */,
				2978B8D12403D40100798E84 /* Resources */,
			);
			buildRules = (
			);
			dependencies = (
				2978B8D52403D40100798E84 /* PBXTargetDependency */,
			);
			name = TitanicUITests;
			productName = TitanicUITests;
			productReference = 2978B8D32403D40100798E84 /* TitanicUITests.xctest */;
			productType = "com.apple.product-type.bundle.ui-testing";
		};
		2999A9D224EAADD300C74094 /* TitanicSnapshotTests */ = {
			isa = PBXNativeTarget;
			buildConfigurationList = 2999A9DA24EAADD300C74094 /* Build configuration list for PBXNativeTarget "TitanicSnapshotTests" */;
			buildPhases = (
				2999A9CF24EAADD300C74094 /* Sources */,
				2999A9D024EAADD300C74094 /* Frameworks */,
				2999A9D124EAADD300C74094 /* Resources */,
			);
			buildRules = (
			);
			dependencies = (
				2999A9D924EAADD300C74094 /* PBXTargetDependency */,
			);
			name = TitanicSnapshotTests;
			packageProductDependencies = (
				2999A9DE24EAB09400C74094 /* SnapshotTesting */,
			);
			productName = TitanicSnapshotTests;
			productReference = 2999A9D324EAADD300C74094 /* TitanicSnapshotTests.xctest */;
			productType = "com.apple.product-type.bundle.unit-test";
		};
/* End PBXNativeTarget section */

/* Begin PBXProject section */
		2978B8AA2403D40000798E84 /* Project object */ = {
			isa = PBXProject;
			attributes = {
				LastSwiftUpdateCheck = 1160;
				LastUpgradeCheck = 1200;
				ORGANIZATIONNAME = maikdrop;
				TargetAttributes = {
					2978B8B12403D40000798E84 = {
						CreatedOnToolsVersion = 11.3.1;
					};
					2978B8C72403D40100798E84 = {
						CreatedOnToolsVersion = 11.3.1;
						TestTargetID = 2978B8B12403D40000798E84;
					};
					2978B8D22403D40100798E84 = {
						CreatedOnToolsVersion = 11.3.1;
						TestTargetID = 2978B8B12403D40000798E84;
					};
					2999A9D224EAADD300C74094 = {
						CreatedOnToolsVersion = 11.6;
						TestTargetID = 2978B8B12403D40000798E84;
					};
				};
			};
			buildConfigurationList = 2978B8AD2403D40000798E84 /* Build configuration list for PBXProject "Titanic" */;
			compatibilityVersion = "Xcode 9.3";
			developmentRegion = en;
			hasScannedForEncodings = 0;
			knownRegions = (
				en,
				Base,
				de,
			);
			mainGroup = 2978B8A92403D40000798E84;
			packageReferences = (
				2999A9DD24EAB09400C74094 /* XCRemoteSwiftPackageReference "swift-snapshot-testing" */,
			);
			productRefGroup = 2978B8B32403D40000798E84 /* Products */;
			projectDirPath = "";
			projectRoot = "";
			targets = (
				2978B8B12403D40000798E84 /* Titanic */,
				2978B8C72403D40100798E84 /* TitanicTests */,
				2978B8D22403D40100798E84 /* TitanicUITests */,
				2999A9D224EAADD300C74094 /* TitanicSnapshotTests */,
			);
		};
/* End PBXProject section */

/* Begin PBXResourcesBuildPhase section */
		2978B8B02403D40000798E84 /* Resources */ = {
			isa = PBXResourcesBuildPhase;
			buildActionMask = 2147483647;
			files = (
				297CF4D424CF0F1C007040EE /* .swiftlint.yml in Resources */,
				29C1660B2517EC48001D1752 /* DesignPattern.jpg in Resources */,
				29FA73D524B77AB8000F8C8E /* Localizable.strings in Resources */,
				29FA73DC24B78266000F8C8E /* AppIcon.xcassets in Resources */,
				29FA73F524B885BC000F8C8E /* ContentAppInformation.storyboard in Resources */,
				29FA73C024B743FF000F8C8E /* Layout.txt in Resources */,
				29C1660A2517EC48001D1752 /* Layout.jpg in Resources */,
				29C166092517EC48001D1752 /* AvoidMassiveVC.jpg in Resources */,
				29379BEA24AA48C400D38F2B /* MIT_License.txt in Resources */,
				29FA73DE24B78285000F8C8E /* Assets.xcassets in Resources */,
				297CF4E724D46B97007040EE /* HighscoreList.storyboard in Resources */,
				298010A924C3A741006DC917 /* LaunchScreen.storyboard in Resources */,
				29FA73D124B7798E000F8C8E /* Welcome.storyboard in Resources */,
				29FA73EF24B87D5E000F8C8E /* GameRules.storyboard in Resources */,
				29379BFC24AAB5F400D38F2B /* AboutTheApp.txt in Resources */,
				29FA73BE24B743ED000F8C8E /* AvoidMassiveVC.txt in Resources */,
				2938C12A24B50A2700174FE4 /* DesignPattern.txt in Resources */,
				29FA73E124B78A5E000F8C8E /* Smoke.sks in Resources */,
				29FA73F324B884F8000F8C8E /* Concept.storyboard in Resources */,
			);
			runOnlyForDeploymentPostprocessing = 0;
		};
		2978B8C62403D40100798E84 /* Resources */ = {
			isa = PBXResourcesBuildPhase;
			buildActionMask = 2147483647;
			files = (
			);
			runOnlyForDeploymentPostprocessing = 0;
		};
		2978B8D12403D40100798E84 /* Resources */ = {
			isa = PBXResourcesBuildPhase;
			buildActionMask = 2147483647;
			files = (
			);
			runOnlyForDeploymentPostprocessing = 0;
		};
		2999A9D124EAADD300C74094 /* Resources */ = {
			isa = PBXResourcesBuildPhase;
			buildActionMask = 2147483647;
			files = (
			);
			runOnlyForDeploymentPostprocessing = 0;
		};
/* End PBXResourcesBuildPhase section */

/* Begin PBXShellScriptBuildPhase section */
		297CF4CE24CC9EDB007040EE /* Swiftlint */ = {
			isa = PBXShellScriptBuildPhase;
			buildActionMask = 2147483647;
			files = (
			);
			inputFileListPaths = (
			);
			inputPaths = (
			);
			name = Swiftlint;
			outputFileListPaths = (
			);
			outputPaths = (
			);
			runOnlyForDeploymentPostprocessing = 0;
			shellPath = /bin/sh;
			shellScript = "if which swiftlint >/dev/null; then\n    swiftlint\nelse\n    echo \"warning: SwiftLint not installed, download from https://github.com/realm/SwiftLint\"\nfi\n";
		};
/* End PBXShellScriptBuildPhase section */

/* Begin PBXSourcesBuildPhase section */
		2978B8AE2403D40000798E84 /* Sources */ = {
			isa = PBXSourcesBuildPhase;
			buildActionMask = 2147483647;
			files = (
				29379BED24AA4ECF00D38F2B /* UIFont+Scale.swift in Sources */,
				29D6B20124B0EE7800472FC5 /* PauseView.swift in Sources */,
				29DDA8AD24F7105600D5733F /* UIViewController+ChildViewController.swift in Sources */,
				29379C0C24AE7CF600D38F2B /* HighscoreListPresenter.swift in Sources */,
				29B98045246092E200D7C302 /* ScoreStackView.swift in Sources */,
				292521CA241702C60005D455 /* TitanicGame+Iceberg.swift in Sources */,
				29379BF524AA533D00D38F2B /* UIColor+CustomColor.swift in Sources */,
				299E981324DF347900847FE9 /* TitanicGame+Player.swift in Sources */,
				29379C0424AD09D400D38F2B /* NewGameStatePresenter.swift in Sources */,
				29379BF824AA53DD00D38F2B /* UtilityHelpers.swift in Sources */,
				2978B8BA2403D40000798E84 /* TitanicGameViewController.swift in Sources */,
				29FA73F924B8A2DB000F8C8E /* AppInformationDetailTableViewController.swift in Sources */,
				29F3BC0E2437C6F300FB894E /* GameRulesViewController.swift in Sources */,
				297CF4E924D46C39007040EE /* HighscoreListTableViewController.swift in Sources */,
				2978B8EF240C062E00798E84 /* TitanicGame.swift in Sources */,
				29379C0824ADF1EA00D38F2B /* FileHandler.swift in Sources */,
				29B980472461F99400D7C302 /* SRCountdownTimer.swift in Sources */,
				29FA73E424B7A097000F8C8E /* UIViewController+Alert.swift in Sources */,
				299E980E24DF2CCF00847FE9 /* TitanicGamePresenter+GameState.swift in Sources */,
				29FA73E824B7CB6E000F8C8E /* TitanicGamePresenterDelegate.swift in Sources */,
				29A3A0992447C1E400B5983D /* TitanicGameView.swift in Sources */,
				29DDA8AB24F70A9E00D5733F /* GameEndViewController.swift in Sources */,
				292521C4241291260005D455 /* AppStrings.swift in Sources */,
				29AA4BB4245EDC2500B8CE96 /* SmokeView.swift in Sources */,
				29FA73E624B7A805000F8C8E /* NotificationName.swift in Sources */,
				29DDA89F24F05D2B00D5733F /* TitanicGameViewPresenter.swift in Sources */,
				29379C0024ABD33000D38F2B /* ConceptViewController.swift in Sources */,
				29379C0624AD484000D38F2B /* NewHighscoreEntryPresenter.swift in Sources */,
				2978B8B62403D40000798E84 /* AppDelegate.swift in Sources */,
				29E9004F244CD16D0022BD8F /* ImageView.swift in Sources */,
				29379BEF24AA4F0E00D38F2B /* UIImage+Resize.swift in Sources */,
				2918EE422439120E008EC004 /* WelcomeViewController.swift in Sources */,
				29379BF124AA4FE000D38F2B /* Collection+ElementOperations.swift in Sources */,
				29379BE624A930B700D38F2B /* AppInformationTableViewController.swift in Sources */,
				2978B8B82403D40000798E84 /* SceneDelegate.swift in Sources */,
				29DDA8A724F6F18C00D5733F /* PreparationCountdownViewController.swift in Sources */,
				297C48472488DFA600944196 /* UIDevice+Vibrate.swift in Sources */,
				29379BFE24AB873000D38F2B /* GameStateView.swift in Sources */,
				2918EE44243CA85C008EC004 /* TitanicGamePresenter.swift in Sources */,
				299E981924DF3D8600847FE9 /* Outcome.swift in Sources */,
				295E4CDE24C4F47200C7A78F /* Double+Round2Places.swift in Sources */,
				29DDA8A124F173DD00D5733F /* TitanicGamePresenter+IcebergData.swift in Sources */,
				29FA73EB24B7F129000F8C8E /* SRCountdownTimerDelegate.swift in Sources */,
				29FA73FB24B8A4C7000F8C8E /* AppInformationContentPresenter.swift in Sources */,
			);
			runOnlyForDeploymentPostprocessing = 0;
		};
		2978B8C42403D40100798E84 /* Sources */ = {
			isa = PBXSourcesBuildPhase;
			buildActionMask = 2147483647;
			files = (
				29DDA8A324F1A04300D5733F /* MockTitanicGamePresenterTest.swift in Sources */,
				295E4CE024C59F5400C7A78F /* MockFileHandlerTests.swift in Sources */,
				297CF4E324D21646007040EE /* HighscoreListPresenterTests.swift in Sources */,
				295E4CE224C98D0400C7A78F /* TitanicGamePresenterStateTests.swift in Sources */,
				29DDA8A524F1B57C00D5733F /* MockTitanicGameViewControllerTests.swift in Sources */,
				297CF4D624CF20AA007040EE /* NewHighscoreEntryTests.swift in Sources */,
				2978B8CD2403D40100798E84 /* TitanicGameTests.swift in Sources */,
			);
			runOnlyForDeploymentPostprocessing = 0;
		};
		2978B8CF2403D40100798E84 /* Sources */ = {
			isa = PBXSourcesBuildPhase;
			buildActionMask = 2147483647;
			files = (
				297CF4D824CF4769007040EE /* GameControlMenuUITests.swift in Sources */,
				2978B8D82403D40100798E84 /* TitanicStartGameUITests.swift in Sources */,
			);
			runOnlyForDeploymentPostprocessing = 0;
		};
		2999A9CF24EAADD300C74094 /* Sources */ = {
			isa = PBXSourcesBuildPhase;
			buildActionMask = 2147483647;
			files = (
				2999A9E124EAB7DA00C74094 /* TitanicGameViewControllerTests.swift in Sources */,
				2999A9D624EAADD300C74094 /* HighscoreListTests.swift in Sources */,
			);
			runOnlyForDeploymentPostprocessing = 0;
		};
/* End PBXSourcesBuildPhase section */

/* Begin PBXTargetDependency section */
		2978B8CA2403D40100798E84 /* PBXTargetDependency */ = {
			isa = PBXTargetDependency;
			target = 2978B8B12403D40000798E84 /* Titanic */;
			targetProxy = 2978B8C92403D40100798E84 /* PBXContainerItemProxy */;
		};
		2978B8D52403D40100798E84 /* PBXTargetDependency */ = {
			isa = PBXTargetDependency;
			target = 2978B8B12403D40000798E84 /* Titanic */;
			targetProxy = 2978B8D42403D40100798E84 /* PBXContainerItemProxy */;
		};
		2999A9D924EAADD300C74094 /* PBXTargetDependency */ = {
			isa = PBXTargetDependency;
			target = 2978B8B12403D40000798E84 /* Titanic */;
			targetProxy = 2999A9D824EAADD300C74094 /* PBXContainerItemProxy */;
		};
/* End PBXTargetDependency section */

/* Begin PBXVariantGroup section */
		29FA73D724B77AB8000F8C8E /* Localizable.strings */ = {
			isa = PBXVariantGroup;
			children = (
				29FA73D624B77AB8000F8C8E /* en */,
				29FA73D824B77AC9000F8C8E /* de */,
			);
			name = Localizable.strings;
			sourceTree = "<group>";
		};
/* End PBXVariantGroup section */

/* Begin XCBuildConfiguration section */
		2978B8DA2403D40100798E84 /* Debug */ = {
			isa = XCBuildConfiguration;
			buildSettings = {
				ALWAYS_SEARCH_USER_PATHS = NO;
				CLANG_ANALYZER_LOCALIZABILITY_NONLOCALIZED = YES;
				CLANG_ANALYZER_NONNULL = YES;
				CLANG_ANALYZER_NUMBER_OBJECT_CONVERSION = YES_AGGRESSIVE;
				CLANG_CXX_LANGUAGE_STANDARD = "gnu++14";
				CLANG_CXX_LIBRARY = "libc++";
				CLANG_ENABLE_MODULES = YES;
				CLANG_ENABLE_OBJC_ARC = YES;
				CLANG_ENABLE_OBJC_WEAK = YES;
				CLANG_WARN_BLOCK_CAPTURE_AUTORELEASING = YES;
				CLANG_WARN_BOOL_CONVERSION = YES;
				CLANG_WARN_COMMA = YES;
				CLANG_WARN_CONSTANT_CONVERSION = YES;
				CLANG_WARN_DEPRECATED_OBJC_IMPLEMENTATIONS = YES;
				CLANG_WARN_DIRECT_OBJC_ISA_USAGE = YES_ERROR;
				CLANG_WARN_DOCUMENTATION_COMMENTS = YES;
				CLANG_WARN_EMPTY_BODY = YES;
				CLANG_WARN_ENUM_CONVERSION = YES;
				CLANG_WARN_INFINITE_RECURSION = YES;
				CLANG_WARN_INT_CONVERSION = YES;
				CLANG_WARN_NON_LITERAL_NULL_CONVERSION = YES;
				CLANG_WARN_OBJC_IMPLICIT_RETAIN_SELF = YES;
				CLANG_WARN_OBJC_LITERAL_CONVERSION = YES;
				CLANG_WARN_OBJC_ROOT_CLASS = YES_ERROR;
				CLANG_WARN_QUOTED_INCLUDE_IN_FRAMEWORK_HEADER = YES;
				CLANG_WARN_RANGE_LOOP_ANALYSIS = YES;
				CLANG_WARN_STRICT_PROTOTYPES = YES;
				CLANG_WARN_SUSPICIOUS_MOVE = YES;
				CLANG_WARN_UNGUARDED_AVAILABILITY = YES_AGGRESSIVE;
				CLANG_WARN_UNREACHABLE_CODE = YES;
				CLANG_WARN__DUPLICATE_METHOD_MATCH = YES;
				COPY_PHASE_STRIP = NO;
				DEBUG_INFORMATION_FORMAT = dwarf;
				ENABLE_STRICT_OBJC_MSGSEND = YES;
				ENABLE_TESTABILITY = YES;
				GCC_C_LANGUAGE_STANDARD = gnu11;
				GCC_DYNAMIC_NO_PIC = NO;
				GCC_NO_COMMON_BLOCKS = YES;
				GCC_OPTIMIZATION_LEVEL = 0;
				GCC_PREPROCESSOR_DEFINITIONS = (
					"DEBUG=1",
					"$(inherited)",
				);
				GCC_WARN_64_TO_32_BIT_CONVERSION = YES;
				GCC_WARN_ABOUT_RETURN_TYPE = YES_ERROR;
				GCC_WARN_UNDECLARED_SELECTOR = YES;
				GCC_WARN_UNINITIALIZED_AUTOS = YES_AGGRESSIVE;
				GCC_WARN_UNUSED_FUNCTION = YES;
				GCC_WARN_UNUSED_VARIABLE = YES;
				IPHONEOS_DEPLOYMENT_TARGET = 14.0;
				MTL_ENABLE_DEBUG_INFO = INCLUDE_SOURCE;
				MTL_FAST_MATH = YES;
				ONLY_ACTIVE_ARCH = YES;
				SDKROOT = iphoneos;
				SWIFT_ACTIVE_COMPILATION_CONDITIONS = DEBUG;
				SWIFT_OPTIMIZATION_LEVEL = "-Onone";
			};
			name = Debug;
		};
		2978B8DB2403D40100798E84 /* Release */ = {
			isa = XCBuildConfiguration;
			buildSettings = {
				ALWAYS_SEARCH_USER_PATHS = NO;
				CLANG_ANALYZER_LOCALIZABILITY_NONLOCALIZED = YES;
				CLANG_ANALYZER_NONNULL = YES;
				CLANG_ANALYZER_NUMBER_OBJECT_CONVERSION = YES_AGGRESSIVE;
				CLANG_CXX_LANGUAGE_STANDARD = "gnu++14";
				CLANG_CXX_LIBRARY = "libc++";
				CLANG_ENABLE_MODULES = YES;
				CLANG_ENABLE_OBJC_ARC = YES;
				CLANG_ENABLE_OBJC_WEAK = YES;
				CLANG_WARN_BLOCK_CAPTURE_AUTORELEASING = YES;
				CLANG_WARN_BOOL_CONVERSION = YES;
				CLANG_WARN_COMMA = YES;
				CLANG_WARN_CONSTANT_CONVERSION = YES;
				CLANG_WARN_DEPRECATED_OBJC_IMPLEMENTATIONS = YES;
				CLANG_WARN_DIRECT_OBJC_ISA_USAGE = YES_ERROR;
				CLANG_WARN_DOCUMENTATION_COMMENTS = YES;
				CLANG_WARN_EMPTY_BODY = YES;
				CLANG_WARN_ENUM_CONVERSION = YES;
				CLANG_WARN_INFINITE_RECURSION = YES;
				CLANG_WARN_INT_CONVERSION = YES;
				CLANG_WARN_NON_LITERAL_NULL_CONVERSION = YES;
				CLANG_WARN_OBJC_IMPLICIT_RETAIN_SELF = YES;
				CLANG_WARN_OBJC_LITERAL_CONVERSION = YES;
				CLANG_WARN_OBJC_ROOT_CLASS = YES_ERROR;
				CLANG_WARN_QUOTED_INCLUDE_IN_FRAMEWORK_HEADER = YES;
				CLANG_WARN_RANGE_LOOP_ANALYSIS = YES;
				CLANG_WARN_STRICT_PROTOTYPES = YES;
				CLANG_WARN_SUSPICIOUS_MOVE = YES;
				CLANG_WARN_UNGUARDED_AVAILABILITY = YES_AGGRESSIVE;
				CLANG_WARN_UNREACHABLE_CODE = YES;
				CLANG_WARN__DUPLICATE_METHOD_MATCH = YES;
				COPY_PHASE_STRIP = NO;
				DEBUG_INFORMATION_FORMAT = "dwarf-with-dsym";
				ENABLE_NS_ASSERTIONS = NO;
				ENABLE_STRICT_OBJC_MSGSEND = YES;
				GCC_C_LANGUAGE_STANDARD = gnu11;
				GCC_NO_COMMON_BLOCKS = YES;
				GCC_WARN_64_TO_32_BIT_CONVERSION = YES;
				GCC_WARN_ABOUT_RETURN_TYPE = YES_ERROR;
				GCC_WARN_UNDECLARED_SELECTOR = YES;
				GCC_WARN_UNINITIALIZED_AUTOS = YES_AGGRESSIVE;
				GCC_WARN_UNUSED_FUNCTION = YES;
				GCC_WARN_UNUSED_VARIABLE = YES;
				IPHONEOS_DEPLOYMENT_TARGET = 14.0;
				MTL_ENABLE_DEBUG_INFO = NO;
				MTL_FAST_MATH = YES;
				SDKROOT = iphoneos;
				SWIFT_COMPILATION_MODE = wholemodule;
				SWIFT_OPTIMIZATION_LEVEL = "-O";
				VALIDATE_PRODUCT = YES;
			};
			name = Release;
		};
		2978B8DD2403D40100798E84 /* Debug */ = {
			isa = XCBuildConfiguration;
			buildSettings = {
				ASSETCATALOG_COMPILER_APPICON_NAME = AppIcon;
				CODE_SIGN_IDENTITY = "Apple Development";
				CODE_SIGN_STYLE = Automatic;
				CURRENT_PROJECT_VERSION = 1;
				DEVELOPMENT_TEAM = J7FESQ389Q;
				INFOPLIST_FILE = "Titanic/Supporting Files/Info.plist";
				IPHONEOS_DEPLOYMENT_TARGET = 14.0;
				LD_RUNPATH_SEARCH_PATHS = (
					"$(inherited)",
					"@executable_path/Frameworks",
				);
				MARKETING_VERSION = 1.0;
				PRODUCT_BUNDLE_IDENTIFIER = maikdrop.Titanic;
				PRODUCT_NAME = "$(TARGET_NAME)";
				PROVISIONING_PROFILE_SPECIFIER = "";
				SWIFT_VERSION = 5.0;
				TARGETED_DEVICE_FAMILY = 1;
			};
			name = Debug;
		};
		2978B8DE2403D40100798E84 /* Release */ = {
			isa = XCBuildConfiguration;
			buildSettings = {
				ASSETCATALOG_COMPILER_APPICON_NAME = AppIcon;
				CODE_SIGN_IDENTITY = "Apple Development";
				CODE_SIGN_STYLE = Automatic;
				CURRENT_PROJECT_VERSION = 1;
				DEVELOPMENT_TEAM = J7FESQ389Q;
				INFOPLIST_FILE = "Titanic/Supporting Files/Info.plist";
				IPHONEOS_DEPLOYMENT_TARGET = 14.0;
				LD_RUNPATH_SEARCH_PATHS = (
					"$(inherited)",
					"@executable_path/Frameworks",
				);
				MARKETING_VERSION = 1.0;
				PRODUCT_BUNDLE_IDENTIFIER = maikdrop.Titanic;
				PRODUCT_NAME = "$(TARGET_NAME)";
				SWIFT_VERSION = 5.0;
				TARGETED_DEVICE_FAMILY = 1;
			};
			name = Release;
		};
		2978B8E02403D40100798E84 /* Debug */ = {
			isa = XCBuildConfiguration;
			buildSettings = {
				ALWAYS_EMBED_SWIFT_STANDARD_LIBRARIES = YES;
				BUNDLE_LOADER = "$(TEST_HOST)";
				CODE_SIGN_STYLE = Automatic;
				DEVELOPMENT_TEAM = J7FESQ389Q;
				INFOPLIST_FILE = TitanicTests/Info.plist;
				IPHONEOS_DEPLOYMENT_TARGET = 13.2;
				LD_RUNPATH_SEARCH_PATHS = (
					"$(inherited)",
					"@executable_path/Frameworks",
					"@loader_path/Frameworks",
				);
				PRODUCT_BUNDLE_IDENTIFIER = maikdrop.TitanicTests;
				PRODUCT_NAME = "$(TARGET_NAME)";
				SWIFT_VERSION = 5.0;
				TARGETED_DEVICE_FAMILY = "1,2";
				TEST_HOST = "$(BUILT_PRODUCTS_DIR)/Titanic.app/Titanic";
			};
			name = Debug;
		};
		2978B8E12403D40100798E84 /* Release */ = {
			isa = XCBuildConfiguration;
			buildSettings = {
				ALWAYS_EMBED_SWIFT_STANDARD_LIBRARIES = YES;
				BUNDLE_LOADER = "$(TEST_HOST)";
				CODE_SIGN_STYLE = Automatic;
				DEVELOPMENT_TEAM = J7FESQ389Q;
				INFOPLIST_FILE = TitanicTests/Info.plist;
				IPHONEOS_DEPLOYMENT_TARGET = 13.2;
				LD_RUNPATH_SEARCH_PATHS = (
					"$(inherited)",
					"@executable_path/Frameworks",
					"@loader_path/Frameworks",
				);
				PRODUCT_BUNDLE_IDENTIFIER = maikdrop.TitanicTests;
				PRODUCT_NAME = "$(TARGET_NAME)";
				SWIFT_VERSION = 5.0;
				TARGETED_DEVICE_FAMILY = "1,2";
				TEST_HOST = "$(BUILT_PRODUCTS_DIR)/Titanic.app/Titanic";
			};
			name = Release;
		};
		2978B8E32403D40100798E84 /* Debug */ = {
			isa = XCBuildConfiguration;
			buildSettings = {
				ALWAYS_EMBED_SWIFT_STANDARD_LIBRARIES = YES;
				CODE_SIGN_STYLE = Automatic;
				DEVELOPMENT_TEAM = J7FESQ389Q;
				INFOPLIST_FILE = TitanicUITests/Info.plist;
				LD_RUNPATH_SEARCH_PATHS = (
					"$(inherited)",
					"@executable_path/Frameworks",
					"@loader_path/Frameworks",
				);
				PRODUCT_BUNDLE_IDENTIFIER = maikdrop.TitanicUITests;
				PRODUCT_NAME = "$(TARGET_NAME)";
				SWIFT_VERSION = 5.0;
				TARGETED_DEVICE_FAMILY = "1,2";
				TEST_TARGET_NAME = Titanic;
			};
			name = Debug;
		};
		2978B8E42403D40100798E84 /* Release */ = {
			isa = XCBuildConfiguration;
			buildSettings = {
				ALWAYS_EMBED_SWIFT_STANDARD_LIBRARIES = YES;
				CODE_SIGN_STYLE = Automatic;
				DEVELOPMENT_TEAM = J7FESQ389Q;
				INFOPLIST_FILE = TitanicUITests/Info.plist;
				LD_RUNPATH_SEARCH_PATHS = (
					"$(inherited)",
					"@executable_path/Frameworks",
					"@loader_path/Frameworks",
				);
				PRODUCT_BUNDLE_IDENTIFIER = maikdrop.TitanicUITests;
				PRODUCT_NAME = "$(TARGET_NAME)";
				SWIFT_VERSION = 5.0;
				TARGETED_DEVICE_FAMILY = "1,2";
				TEST_TARGET_NAME = Titanic;
			};
			name = Release;
		};
		2999A9DB24EAADD300C74094 /* Debug */ = {
			isa = XCBuildConfiguration;
			buildSettings = {
				BUNDLE_LOADER = "$(TEST_HOST)";
				CODE_SIGN_STYLE = Automatic;
				DEVELOPMENT_TEAM = J7FESQ389Q;
				INFOPLIST_FILE = TitanicSnapshotTests/Info.plist;
				IPHONEOS_DEPLOYMENT_TARGET = 13.6;
				LD_RUNPATH_SEARCH_PATHS = (
					"$(inherited)",
					"@executable_path/Frameworks",
					"@loader_path/Frameworks",
				);
				PRODUCT_BUNDLE_IDENTIFIER = maikdrop.TitanicSnapshotTests;
				PRODUCT_NAME = "$(TARGET_NAME)";
				SWIFT_VERSION = 5.0;
				TARGETED_DEVICE_FAMILY = "1,2";
				TEST_HOST = "$(BUILT_PRODUCTS_DIR)/Titanic.app/Titanic";
			};
			name = Debug;
		};
		2999A9DC24EAADD300C74094 /* Release */ = {
			isa = XCBuildConfiguration;
			buildSettings = {
				BUNDLE_LOADER = "$(TEST_HOST)";
				CODE_SIGN_STYLE = Automatic;
				DEVELOPMENT_TEAM = J7FESQ389Q;
				INFOPLIST_FILE = TitanicSnapshotTests/Info.plist;
				IPHONEOS_DEPLOYMENT_TARGET = 13.6;
				LD_RUNPATH_SEARCH_PATHS = (
					"$(inherited)",
					"@executable_path/Frameworks",
					"@loader_path/Frameworks",
				);
				PRODUCT_BUNDLE_IDENTIFIER = maikdrop.TitanicSnapshotTests;
				PRODUCT_NAME = "$(TARGET_NAME)";
				SWIFT_VERSION = 5.0;
				TARGETED_DEVICE_FAMILY = "1,2";
				TEST_HOST = "$(BUILT_PRODUCTS_DIR)/Titanic.app/Titanic";
			};
			name = Release;
		};
/* End XCBuildConfiguration section */

/* Begin XCConfigurationList section */
		2978B8AD2403D40000798E84 /* Build configuration list for PBXProject "Titanic" */ = {
			isa = XCConfigurationList;
			buildConfigurations = (
				2978B8DA2403D40100798E84 /* Debug */,
				2978B8DB2403D40100798E84 /* Release */,
			);
			defaultConfigurationIsVisible = 0;
			defaultConfigurationName = Release;
		};
		2978B8DC2403D40100798E84 /* Build configuration list for PBXNativeTarget "Titanic" */ = {
			isa = XCConfigurationList;
			buildConfigurations = (
				2978B8DD2403D40100798E84 /* Debug */,
				2978B8DE2403D40100798E84 /* Release */,
			);
			defaultConfigurationIsVisible = 0;
			defaultConfigurationName = Release;
		};
		2978B8DF2403D40100798E84 /* Build configuration list for PBXNativeTarget "TitanicTests" */ = {
			isa = XCConfigurationList;
			buildConfigurations = (
				2978B8E02403D40100798E84 /* Debug */,
				2978B8E12403D40100798E84 /* Release */,
			);
			defaultConfigurationIsVisible = 0;
			defaultConfigurationName = Release;
		};
		2978B8E22403D40100798E84 /* Build configuration list for PBXNativeTarget "TitanicUITests" */ = {
			isa = XCConfigurationList;
			buildConfigurations = (
				2978B8E32403D40100798E84 /* Debug */,
				2978B8E42403D40100798E84 /* Release */,
			);
			defaultConfigurationIsVisible = 0;
			defaultConfigurationName = Release;
		};
		2999A9DA24EAADD300C74094 /* Build configuration list for PBXNativeTarget "TitanicSnapshotTests" */ = {
			isa = XCConfigurationList;
			buildConfigurations = (
				2999A9DB24EAADD300C74094 /* Debug */,
				2999A9DC24EAADD300C74094 /* Release */,
			);
			defaultConfigurationIsVisible = 0;
			defaultConfigurationName = Release;
		};
/* End XCConfigurationList section */

/* Begin XCRemoteSwiftPackageReference section */
		2999A9DD24EAB09400C74094 /* XCRemoteSwiftPackageReference "swift-snapshot-testing" */ = {
			isa = XCRemoteSwiftPackageReference;
			repositoryURL = "https://github.com/pointfreeco/swift-snapshot-testing.git";
			requirement = {
				kind = upToNextMajorVersion;
				minimumVersion = 1.8.1;
			};
		};
/* End XCRemoteSwiftPackageReference section */

/* Begin XCSwiftPackageProductDependency section */
		2999A9DE24EAB09400C74094 /* SnapshotTesting */ = {
			isa = XCSwiftPackageProductDependency;
			package = 2999A9DD24EAB09400C74094 /* XCRemoteSwiftPackageReference "swift-snapshot-testing" */;
			productName = SnapshotTesting;
		};
/* End XCSwiftPackageProductDependency section */
	};
	rootObject = 2978B8AA2403D40000798E84 /* Project object */;
}
