// !$*UTF8*$!
{
	archiveVersion = 1;
	classes = {
	};
	objectVersion = 51;
	objects = {

/* Begin PBXBuildFile section */
		2918EE402439085E008EC004 /* HighscoreListTableViewController.swift in Sources */ = {isa = PBXBuildFile; fileRef = 2918EE3F2439085E008EC004 /* HighscoreListTableViewController.swift */; };
		2918EE422439120E008EC004 /* WelcomeViewController.swift in Sources */ = {isa = PBXBuildFile; fileRef = 2918EE412439120E008EC004 /* WelcomeViewController.swift */; };
		2918EE44243CA85C008EC004 /* GamePresenter.swift in Sources */ = {isa = PBXBuildFile; fileRef = 2918EE43243CA85C008EC004 /* GamePresenter.swift */; };
		292521C4241291260005D455 /* StringConstants.swift in Sources */ = {isa = PBXBuildFile; fileRef = 292521C3241291260005D455 /* StringConstants.swift */; };
		292521CA241702C60005D455 /* Iceberg.swift in Sources */ = {isa = PBXBuildFile; fileRef = 292521C9241702C50005D455 /* Iceberg.swift */; };
		292522002419950C0005D455 /* Player.swift in Sources */ = {isa = PBXBuildFile; fileRef = 292521FF2419950B0005D455 /* Player.swift */; };
		2925220324199DDE0005D455 /* Rules.txt in Resources */ = {isa = PBXBuildFile; fileRef = 2925220224199DDE0005D455 /* Rules.txt */; };
		296523FD245B6081006AF264 /* Assets.xcassets in Resources */ = {isa = PBXBuildFile; fileRef = 296523FB245B6081006AF264 /* Assets.xcassets */; };
		296523FF245C2317006AF264 /* Smoke.sks in Resources */ = {isa = PBXBuildFile; fileRef = 296523FE245C2317006AF264 /* Smoke.sks */; };
		29652401245C9269006AF264 /* Launch Screen.storyboard in Resources */ = {isa = PBXBuildFile; fileRef = 29652400245C9268006AF264 /* Launch Screen.storyboard */; };
		2978B8B62403D40000798E84 /* AppDelegate.swift in Sources */ = {isa = PBXBuildFile; fileRef = 2978B8B52403D40000798E84 /* AppDelegate.swift */; };
		2978B8B82403D40000798E84 /* SceneDelegate.swift in Sources */ = {isa = PBXBuildFile; fileRef = 2978B8B72403D40000798E84 /* SceneDelegate.swift */; };
		2978B8BA2403D40000798E84 /* GameViewController.swift in Sources */ = {isa = PBXBuildFile; fileRef = 2978B8B92403D40000798E84 /* GameViewController.swift */; };
		2978B8BD2403D40000798E84 /* Main.storyboard in Resources */ = {isa = PBXBuildFile; fileRef = 2978B8BB2403D40000798E84 /* Main.storyboard */; };
		2978B8BF2403D40100798E84 /* Assets.xcassets in Resources */ = {isa = PBXBuildFile; fileRef = 2978B8BE2403D40100798E84 /* Assets.xcassets */; };
		2978B8CD2403D40100798E84 /* TitanicTests.swift in Sources */ = {isa = PBXBuildFile; fileRef = 2978B8CC2403D40100798E84 /* TitanicTests.swift */; };
		2978B8D82403D40100798E84 /* TitanicUITests.swift in Sources */ = {isa = PBXBuildFile; fileRef = 2978B8D72403D40100798E84 /* TitanicUITests.swift */; };
		2978B8EF240C062E00798E84 /* Titanic.swift in Sources */ = {isa = PBXBuildFile; fileRef = 2978B8EE240C062E00798E84 /* Titanic.swift */; };
		297C48472488DFA600944196 /* UtilityExtensions.swift in Sources */ = {isa = PBXBuildFile; fileRef = 297C48462488DFA600944196 /* UtilityExtensions.swift */; };
		2997283124938A4800BEBAE4 /* PauseViewController.swift in Sources */ = {isa = PBXBuildFile; fileRef = 2997283024938A4700BEBAE4 /* PauseViewController.swift */; };
		2997283324963B1B00BEBAE4 /* LaunchImage.png in Resources */ = {isa = PBXBuildFile; fileRef = 2997283224963B1A00BEBAE4 /* LaunchImage.png */; };
		29A3A0992447C1E400B5983D /* GameView.swift in Sources */ = {isa = PBXBuildFile; fileRef = 29A3A0982447C1E400B5983D /* GameView.swift */; };
		29AA4BB4245EDC2500B8CE96 /* SmokeView.swift in Sources */ = {isa = PBXBuildFile; fileRef = 29AA4BB3245EDC2500B8CE96 /* SmokeView.swift */; };
		29B98045246092E200D7C302 /* ScoreStackView.swift in Sources */ = {isa = PBXBuildFile; fileRef = 29B98044246092E200D7C302 /* ScoreStackView.swift */; };
		29B980472461F99400D7C302 /* SRCountDownTimer.swift in Sources */ = {isa = PBXBuildFile; fileRef = 29B980462461F99400D7C302 /* SRCountDownTimer.swift */; };
		29E9004F244CD16D0022BD8F /* ImageView.swift in Sources */ = {isa = PBXBuildFile; fileRef = 29E9004E244CD16C0022BD8F /* ImageView.swift */; };
		29E90051244E3F670022BD8F /* PauseView.swift in Sources */ = {isa = PBXBuildFile; fileRef = 29E90050244E3F670022BD8F /* PauseView.swift */; };
		29F3BC0E2437C6F300FB894E /* GameRulesViewController.swift in Sources */ = {isa = PBXBuildFile; fileRef = 29F3BC0D2437C6F200FB894E /* GameRulesViewController.swift */; };
		4F61EF7CC22F8CBD6B1054F4 /* Pods_Titanic.framework in Frameworks */ = {isa = PBXBuildFile; fileRef = FF0B64FC76F5F6449A342D64 /* Pods_Titanic.framework */; };
/* End PBXBuildFile section */

/* Begin PBXContainerItemProxy section */
		2978B8C92403D40100798E84 /* PBXContainerItemProxy */ = {
			isa = PBXContainerItemProxy;
			containerPortal = 2978B8AA2403D40000798E84 /* Project object */;
			proxyType = 1;
			remoteGlobalIDString = 2978B8B12403D40000798E84;
			remoteInfo = Titanic;
		};
		2978B8D42403D40100798E84 /* PBXContainerItemProxy */ = {
			isa = PBXContainerItemProxy;
			containerPortal = 2978B8AA2403D40000798E84 /* Project object */;
			proxyType = 1;
			remoteGlobalIDString = 2978B8B12403D40000798E84;
			remoteInfo = Titanic;
		};
/* End PBXContainerItemProxy section */

/* Begin PBXFileReference section */
		2918EE3F2439085E008EC004 /* HighscoreListTableViewController.swift */ = {isa = PBXFileReference; lastKnownFileType = sourcecode.swift; path = HighscoreListTableViewController.swift; sourceTree = "<group>"; };
		2918EE412439120E008EC004 /* WelcomeViewController.swift */ = {isa = PBXFileReference; lastKnownFileType = sourcecode.swift; path = WelcomeViewController.swift; sourceTree = "<group>"; };
		2918EE43243CA85C008EC004 /* GamePresenter.swift */ = {isa = PBXFileReference; lastKnownFileType = sourcecode.swift; path = GamePresenter.swift; sourceTree = "<group>"; };
		292521C3241291260005D455 /* StringConstants.swift */ = {isa = PBXFileReference; fileEncoding = 4; lastKnownFileType = sourcecode.swift; path = StringConstants.swift; sourceTree = "<group>"; };
		292521C9241702C50005D455 /* Iceberg.swift */ = {isa = PBXFileReference; lastKnownFileType = sourcecode.swift; path = Iceberg.swift; sourceTree = "<group>"; };
		292521FF2419950B0005D455 /* Player.swift */ = {isa = PBXFileReference; lastKnownFileType = sourcecode.swift; path = Player.swift; sourceTree = "<group>"; };
		2925220224199DDE0005D455 /* Rules.txt */ = {isa = PBXFileReference; fileEncoding = 4; lastKnownFileType = text; path = Rules.txt; sourceTree = "<group>"; };
		296523FB245B6081006AF264 /* Assets.xcassets */ = {isa = PBXFileReference; lastKnownFileType = folder.assetcatalog; path = Assets.xcassets; sourceTree = "<group>"; };
		296523FE245C2317006AF264 /* Smoke.sks */ = {isa = PBXFileReference; lastKnownFileType = file.sks; name = Smoke.sks; path = Titanic/Utilities/Smoke.sks; sourceTree = SOURCE_ROOT; };
		29652400245C9268006AF264 /* Launch Screen.storyboard */ = {isa = PBXFileReference; lastKnownFileType = file.storyboard; path = "Launch Screen.storyboard"; sourceTree = "<group>"; };
		2978B8B22403D40000798E84 /* Titanic.app */ = {isa = PBXFileReference; explicitFileType = wrapper.application; includeInIndex = 0; path = Titanic.app; sourceTree = BUILT_PRODUCTS_DIR; };
		2978B8B52403D40000798E84 /* AppDelegate.swift */ = {isa = PBXFileReference; lastKnownFileType = sourcecode.swift; path = AppDelegate.swift; sourceTree = "<group>"; };
		2978B8B72403D40000798E84 /* SceneDelegate.swift */ = {isa = PBXFileReference; lastKnownFileType = sourcecode.swift; path = SceneDelegate.swift; sourceTree = "<group>"; };
		2978B8B92403D40000798E84 /* GameViewController.swift */ = {isa = PBXFileReference; lastKnownFileType = sourcecode.swift; path = GameViewController.swift; sourceTree = "<group>"; };
		2978B8BC2403D40000798E84 /* Base */ = {isa = PBXFileReference; lastKnownFileType = file.storyboard; name = Base; path = Base.lproj/Main.storyboard; sourceTree = "<group>"; };
		2978B8BE2403D40100798E84 /* Assets.xcassets */ = {isa = PBXFileReference; lastKnownFileType = folder.assetcatalog; path = Assets.xcassets; sourceTree = "<group>"; };
		2978B8C32403D40100798E84 /* Info.plist */ = {isa = PBXFileReference; lastKnownFileType = text.plist.xml; path = Info.plist; sourceTree = "<group>"; };
		2978B8C82403D40100798E84 /* TitanicTests.xctest */ = {isa = PBXFileReference; explicitFileType = wrapper.cfbundle; includeInIndex = 0; path = TitanicTests.xctest; sourceTree = BUILT_PRODUCTS_DIR; };
		2978B8CC2403D40100798E84 /* TitanicTests.swift */ = {isa = PBXFileReference; lastKnownFileType = sourcecode.swift; path = TitanicTests.swift; sourceTree = "<group>"; };
		2978B8CE2403D40100798E84 /* Info.plist */ = {isa = PBXFileReference; lastKnownFileType = text.plist.xml; path = Info.plist; sourceTree = "<group>"; };
		2978B8D32403D40100798E84 /* TitanicUITests.xctest */ = {isa = PBXFileReference; explicitFileType = wrapper.cfbundle; includeInIndex = 0; path = TitanicUITests.xctest; sourceTree = BUILT_PRODUCTS_DIR; };
		2978B8D72403D40100798E84 /* TitanicUITests.swift */ = {isa = PBXFileReference; lastKnownFileType = sourcecode.swift; path = TitanicUITests.swift; sourceTree = "<group>"; };
		2978B8D92403D40100798E84 /* Info.plist */ = {isa = PBXFileReference; lastKnownFileType = text.plist.xml; path = Info.plist; sourceTree = "<group>"; };
		2978B8EE240C062E00798E84 /* Titanic.swift */ = {isa = PBXFileReference; lastKnownFileType = sourcecode.swift; path = Titanic.swift; sourceTree = "<group>"; };
		297C48462488DFA600944196 /* UtilityExtensions.swift */ = {isa = PBXFileReference; lastKnownFileType = sourcecode.swift; path = UtilityExtensions.swift; sourceTree = "<group>"; };
		2997283024938A4700BEBAE4 /* PauseViewController.swift */ = {isa = PBXFileReference; lastKnownFileType = sourcecode.swift; name = PauseViewController.swift; path = Titanic/ViewController/PauseViewController.swift; sourceTree = SOURCE_ROOT; };
		2997283224963B1A00BEBAE4 /* LaunchImage.png */ = {isa = PBXFileReference; lastKnownFileType = image.png; path = LaunchImage.png; sourceTree = "<group>"; };
		29A3A0982447C1E400B5983D /* GameView.swift */ = {isa = PBXFileReference; lastKnownFileType = sourcecode.swift; path = GameView.swift; sourceTree = "<group>"; };
		29AA4BB3245EDC2500B8CE96 /* SmokeView.swift */ = {isa = PBXFileReference; lastKnownFileType = sourcecode.swift; path = SmokeView.swift; sourceTree = "<group>"; };
		29B98044246092E200D7C302 /* ScoreStackView.swift */ = {isa = PBXFileReference; lastKnownFileType = sourcecode.swift; path = ScoreStackView.swift; sourceTree = "<group>"; };
		29B980462461F99400D7C302 /* SRCountDownTimer.swift */ = {isa = PBXFileReference; lastKnownFileType = sourcecode.swift; path = SRCountDownTimer.swift; sourceTree = "<group>"; };
		29E9004E244CD16C0022BD8F /* ImageView.swift */ = {isa = PBXFileReference; lastKnownFileType = sourcecode.swift; path = ImageView.swift; sourceTree = "<group>"; };
		29E90050244E3F670022BD8F /* PauseView.swift */ = {isa = PBXFileReference; lastKnownFileType = sourcecode.swift; path = PauseView.swift; sourceTree = "<group>"; };
		29F3BC0D2437C6F200FB894E /* GameRulesViewController.swift */ = {isa = PBXFileReference; lastKnownFileType = sourcecode.swift; path = GameRulesViewController.swift; sourceTree = "<group>"; };
		31DCAB1B8A9E6CF0C8FF1AFE /* Pods-Titanic.debug.xcconfig */ = {isa = PBXFileReference; includeInIndex = 1; lastKnownFileType = text.xcconfig; name = "Pods-Titanic.debug.xcconfig"; path = "Target Support Files/Pods-Titanic/Pods-Titanic.debug.xcconfig"; sourceTree = "<group>"; };
		58E5C94F7AD161E5165DF0AA /* Pods-Titanic.release.xcconfig */ = {isa = PBXFileReference; includeInIndex = 1; lastKnownFileType = text.xcconfig; name = "Pods-Titanic.release.xcconfig"; path = "Target Support Files/Pods-Titanic/Pods-Titanic.release.xcconfig"; sourceTree = "<group>"; };
		FF0B64FC76F5F6449A342D64 /* Pods_Titanic.framework */ = {isa = PBXFileReference; explicitFileType = wrapper.framework; includeInIndex = 0; path = Pods_Titanic.framework; sourceTree = BUILT_PRODUCTS_DIR; };
/* End PBXFileReference section */

/* Begin PBXFrameworksBuildPhase section */
		2978B8AF2403D40000798E84 /* Frameworks */ = {
			isa = PBXFrameworksBuildPhase;
			buildActionMask = 2147483647;
			files = (
				4F61EF7CC22F8CBD6B1054F4 /* Pods_Titanic.framework in Frameworks */,
			);
			runOnlyForDeploymentPostprocessing = 0;
		};
		2978B8C52403D40100798E84 /* Frameworks */ = {
			isa = PBXFrameworksBuildPhase;
			buildActionMask = 2147483647;
			files = (
			);
			runOnlyForDeploymentPostprocessing = 0;
		};
		2978B8D02403D40100798E84 /* Frameworks */ = {
			isa = PBXFrameworksBuildPhase;
			buildActionMask = 2147483647;
			files = (
			);
			runOnlyForDeploymentPostprocessing = 0;
		};
/* End PBXFrameworksBuildPhase section */

/* Begin PBXGroup section */
		292521C2241291260005D455 /* Utilities */ = {
			isa = PBXGroup;
			children = (
				296523FE245C2317006AF264 /* Smoke.sks */,
				29652400245C9268006AF264 /* Launch Screen.storyboard */,
				296523FB245B6081006AF264 /* Assets.xcassets */,
				292521C3241291260005D455 /* StringConstants.swift */,
				297C48462488DFA600944196 /* UtilityExtensions.swift */,
			);
			path = Utilities;
			sourceTree = "<group>";
		};
		29252201241999BE0005D455 /* Sources */ = {
			isa = PBXGroup;
			children = (
				2997283224963B1A00BEBAE4 /* LaunchImage.png */,
				2925220224199DDE0005D455 /* Rules.txt */,
			);
			path = Sources;
			sourceTree = "<group>";
		};
		2925B8EB2458A91B000EEB1E /* Presenter */ = {
			isa = PBXGroup;
			children = (
				2918EE43243CA85C008EC004 /* GamePresenter.swift */,
			);
			path = Presenter;
			sourceTree = "<group>";
		};
		296C52F324451FA80044401D /* CustomViews */ = {
			isa = PBXGroup;
			children = (
				29A3A0982447C1E400B5983D /* GameView.swift */,
				29E9004E244CD16C0022BD8F /* ImageView.swift */,
				29E90050244E3F670022BD8F /* PauseView.swift */,
				29B98044246092E200D7C302 /* ScoreStackView.swift */,
				29B980462461F99400D7C302 /* SRCountDownTimer.swift */,
			);
			path = CustomViews;
			sourceTree = "<group>";
		};
		2978B8A92403D40000798E84 = {
			isa = PBXGroup;
			children = (
				2978B8B42403D40000798E84 /* Titanic */,
				2978B8CB2403D40100798E84 /* TitanicTests */,
				2978B8D62403D40100798E84 /* TitanicUITests */,
				2978B8B32403D40000798E84 /* Products */,
				88E88C8BE32B71A6C6F2645A /* Pods */,
				A5F93498F9FE7D67493ED031 /* Frameworks */,
			);
			sourceTree = "<group>";
		};
		2978B8B32403D40000798E84 /* Products */ = {
			isa = PBXGroup;
			children = (
				2978B8B22403D40000798E84 /* Titanic.app */,
				2978B8C82403D40100798E84 /* TitanicTests.xctest */,
				2978B8D32403D40100798E84 /* TitanicUITests.xctest */,
			);
			name = Products;
			sourceTree = "<group>";
		};
		2978B8B42403D40000798E84 /* Titanic */ = {
			isa = PBXGroup;
			children = (
				29AA4BB2245EDA8C00B8CE96 /* SpriteKitView */,
				2925B8EB2458A91B000EEB1E /* Presenter */,
				296C52F324451FA80044401D /* CustomViews */,
				2978B8E72403D85D00798E84 /* ViewController */,
				2978B8E62403D85000798E84 /* Model */,
				2978B8E52403D83C00798E84 /* Supporting Files */,
				29252201241999BE0005D455 /* Sources */,
				292521C2241291260005D455 /* Utilities */,
				2978B8BB2403D40000798E84 /* Main.storyboard */,
				2978B8C32403D40100798E84 /* Info.plist */,
			);
			path = Titanic;
			sourceTree = "<group>";
		};
		2978B8CB2403D40100798E84 /* TitanicTests */ = {
			isa = PBXGroup;
			children = (
				2978B8CC2403D40100798E84 /* TitanicTests.swift */,
				2978B8CE2403D40100798E84 /* Info.plist */,
			);
			path = TitanicTests;
			sourceTree = "<group>";
		};
		2978B8D62403D40100798E84 /* TitanicUITests */ = {
			isa = PBXGroup;
			children = (
				2978B8D72403D40100798E84 /* TitanicUITests.swift */,
				2978B8D92403D40100798E84 /* Info.plist */,
			);
			path = TitanicUITests;
			sourceTree = "<group>";
		};
		2978B8E52403D83C00798E84 /* Supporting Files */ = {
			isa = PBXGroup;
			children = (
				2978B8B72403D40000798E84 /* SceneDelegate.swift */,
				2978B8B52403D40000798E84 /* AppDelegate.swift */,
				2978B8BE2403D40100798E84 /* Assets.xcassets */,
			);
			path = "Supporting Files";
			sourceTree = "<group>";
		};
		2978B8E62403D85000798E84 /* Model */ = {
			isa = PBXGroup;
			children = (
				2978B8EE240C062E00798E84 /* Titanic.swift */,
				292521FF2419950B0005D455 /* Player.swift */,
				292521C9241702C50005D455 /* Iceberg.swift */,
			);
			path = Model;
			sourceTree = "<group>";
		};
		2978B8E72403D85D00798E84 /* ViewController */ = {
			isa = PBXGroup;
			children = (
				2997283024938A4700BEBAE4 /* PauseViewController.swift */,
				2978B8B92403D40000798E84 /* GameViewController.swift */,
				29F3BC0D2437C6F200FB894E /* GameRulesViewController.swift */,
				2918EE3F2439085E008EC004 /* HighscoreListTableViewController.swift */,
				2918EE412439120E008EC004 /* WelcomeViewController.swift */,
			);
			path = ViewController;
			sourceTree = "<group>";
		};
		29AA4BB2245EDA8C00B8CE96 /* SpriteKitView */ = {
			isa = PBXGroup;
			children = (
				29AA4BB3245EDC2500B8CE96 /* SmokeView.swift */,
			);
			path = SpriteKitView;
			sourceTree = "<group>";
		};
		88E88C8BE32B71A6C6F2645A /* Pods */ = {
			isa = PBXGroup;
			children = (
				31DCAB1B8A9E6CF0C8FF1AFE /* Pods-Titanic.debug.xcconfig */,
				58E5C94F7AD161E5165DF0AA /* Pods-Titanic.release.xcconfig */,
			);
			path = Pods;
			sourceTree = "<group>";
		};
		A5F93498F9FE7D67493ED031 /* Frameworks */ = {
			isa = PBXGroup;
			children = (
				FF0B64FC76F5F6449A342D64 /* Pods_Titanic.framework */,
			);
			name = Frameworks;
			sourceTree = "<group>";
		};
/* End PBXGroup section */

/* Begin PBXNativeTarget section */
		2978B8B12403D40000798E84 /* Titanic */ = {
			isa = PBXNativeTarget;
			buildConfigurationList = 2978B8DC2403D40100798E84 /* Build configuration list for PBXNativeTarget "Titanic" */;
			buildPhases = (
				EFF29A03C600BD949C9395E0 /* [CP] Check Pods Manifest.lock */,
				2978B8AE2403D40000798E84 /* Sources */,
				2978B8AF2403D40000798E84 /* Frameworks */,
				2978B8B02403D40000798E84 /* Resources */,
				E0AC8DCD6C45A1EB3A311375 /* [CP] Embed Pods Frameworks */,
			);
			buildRules = (
			);
			dependencies = (
			);
			name = Titanic;
			productName = Titanic;
			productReference = 2978B8B22403D40000798E84 /* Titanic.app */;
			productType = "com.apple.product-type.application";
		};
		2978B8C72403D40100798E84 /* TitanicTests */ = {
			isa = PBXNativeTarget;
			buildConfigurationList = 2978B8DF2403D40100798E84 /* Build configuration list for PBXNativeTarget "TitanicTests" */;
			buildPhases = (
				2978B8C42403D40100798E84 /* Sources */,
				2978B8C52403D40100798E84 /* Frameworks */,
				2978B8C62403D40100798E84 /* Resources */,
			);
			buildRules = (
			);
			dependencies = (
				2978B8CA2403D40100798E84 /* PBXTargetDependency */,
			);
			name = TitanicTests;
			productName = TitanicTests;
			productReference = 2978B8C82403D40100798E84 /* TitanicTests.xctest */;
			productType = "com.apple.product-type.bundle.unit-test";
		};
		2978B8D22403D40100798E84 /* TitanicUITests */ = {
			isa = PBXNativeTarget;
			buildConfigurationList = 2978B8E22403D40100798E84 /* Build configuration list for PBXNativeTarget "TitanicUITests" */;
			buildPhases = (
				2978B8CF2403D40100798E84 /* Sources */,
				2978B8D02403D40100798E84 /* Frameworks */,
				2978B8D12403D40100798E84 /* Resources */,
			);
			buildRules = (
			);
			dependencies = (
				2978B8D52403D40100798E84 /* PBXTargetDependency */,
			);
			name = TitanicUITests;
			productName = TitanicUITests;
			productReference = 2978B8D32403D40100798E84 /* TitanicUITests.xctest */;
			productType = "com.apple.product-type.bundle.ui-testing";
		};
/* End PBXNativeTarget section */

/* Begin PBXProject section */
		2978B8AA2403D40000798E84 /* Project object */ = {
			isa = PBXProject;
			attributes = {
				LastSwiftUpdateCheck = 1130;
				LastUpgradeCheck = 1130;
				ORGANIZATIONNAME = maikdrop;
				TargetAttributes = {
					2978B8B12403D40000798E84 = {
						CreatedOnToolsVersion = 11.3.1;
					};
					2978B8C72403D40100798E84 = {
						CreatedOnToolsVersion = 11.3.1;
						TestTargetID = 2978B8B12403D40000798E84;
					};
					2978B8D22403D40100798E84 = {
						CreatedOnToolsVersion = 11.3.1;
						TestTargetID = 2978B8B12403D40000798E84;
					};
				};
			};
			buildConfigurationList = 2978B8AD2403D40000798E84 /* Build configuration list for PBXProject "Titanic" */;
			compatibilityVersion = "Xcode 9.3";
			developmentRegion = en;
			hasScannedForEncodings = 0;
			knownRegions = (
				en,
				Base,
			);
			mainGroup = 2978B8A92403D40000798E84;
			productRefGroup = 2978B8B32403D40000798E84 /* Products */;
			projectDirPath = "";
			projectRoot = "";
			targets = (
				2978B8B12403D40000798E84 /* Titanic */,
				2978B8C72403D40100798E84 /* TitanicTests */,
				2978B8D22403D40100798E84 /* TitanicUITests */,
			);
		};
/* End PBXProject section */

/* Begin PBXResourcesBuildPhase section */
		2978B8B02403D40000798E84 /* Resources */ = {
			isa = PBXResourcesBuildPhase;
			buildActionMask = 2147483647;
			files = (
				2978B8BF2403D40100798E84 /* Assets.xcassets in Resources */,
				296523FF245C2317006AF264 /* Smoke.sks in Resources */,
				2997283324963B1B00BEBAE4 /* LaunchImage.png in Resources */,
				2978B8BD2403D40000798E84 /* Main.storyboard in Resources */,
				2925220324199DDE0005D455 /* Rules.txt in Resources */,
				296523FD245B6081006AF264 /* Assets.xcassets in Resources */,
				29652401245C9269006AF264 /* Launch Screen.storyboard in Resources */,
			);
			runOnlyForDeploymentPostprocessing = 0;
		};
		2978B8C62403D40100798E84 /* Resources */ = {
			isa = PBXResourcesBuildPhase;
			buildActionMask = 2147483647;
			files = (
			);
			runOnlyForDeploymentPostprocessing = 0;
		};
		2978B8D12403D40100798E84 /* Resources */ = {
			isa = PBXResourcesBuildPhase;
			buildActionMask = 2147483647;
			files = (
			);
			runOnlyForDeploymentPostprocessing = 0;
		};
/* End PBXResourcesBuildPhase section */

/* Begin PBXShellScriptBuildPhase section */
		E0AC8DCD6C45A1EB3A311375 /* [CP] Embed Pods Frameworks */ = {
			isa = PBXShellScriptBuildPhase;
			buildActionMask = 2147483647;
			files = (
			);
			inputFileListPaths = (
				"${PODS_ROOT}/Target Support Files/Pods-Titanic/Pods-Titanic-frameworks-${CONFIGURATION}-input-files.xcfilelist",
			);
			name = "[CP] Embed Pods Frameworks";
			outputFileListPaths = (
				"${PODS_ROOT}/Target Support Files/Pods-Titanic/Pods-Titanic-frameworks-${CONFIGURATION}-output-files.xcfilelist",
			);
			runOnlyForDeploymentPostprocessing = 0;
			shellPath = /bin/sh;
			shellScript = "\"${PODS_ROOT}/Target Support Files/Pods-Titanic/Pods-Titanic-frameworks.sh\"\n";
			showEnvVarsInLog = 0;
		};
		EFF29A03C600BD949C9395E0 /* [CP] Check Pods Manifest.lock */ = {
			isa = PBXShellScriptBuildPhase;
			buildActionMask = 2147483647;
			files = (
			);
			inputFileListPaths = (
			);
			inputPaths = (
				"${PODS_PODFILE_DIR_PATH}/Podfile.lock",
				"${PODS_ROOT}/Manifest.lock",
			);
			name = "[CP] Check Pods Manifest.lock";
			outputFileListPaths = (
			);
			outputPaths = (
				"$(DERIVED_FILE_DIR)/Pods-Titanic-checkManifestLockResult.txt",
			);
			runOnlyForDeploymentPostprocessing = 0;
			shellPath = /bin/sh;
			shellScript = "diff \"${PODS_PODFILE_DIR_PATH}/Podfile.lock\" \"${PODS_ROOT}/Manifest.lock\" > /dev/null\nif [ $? != 0 ] ; then\n    # print error to STDERR\n    echo \"error: The sandbox is not in sync with the Podfile.lock. Run 'pod install' or update your CocoaPods installation.\" >&2\n    exit 1\nfi\n# This output is used by Xcode 'outputs' to avoid re-running this script phase.\necho \"SUCCESS\" > \"${SCRIPT_OUTPUT_FILE_0}\"\n";
			showEnvVarsInLog = 0;
		};
/* End PBXShellScriptBuildPhase section */

/* Begin PBXSourcesBuildPhase section */
		2978B8AE2403D40000798E84 /* Sources */ = {
			isa = PBXSourcesBuildPhase;
			buildActionMask = 2147483647;
			files = (
				29B98045246092E200D7C302 /* ScoreStackView.swift in Sources */,
				292521CA241702C60005D455 /* Iceberg.swift in Sources */,
				2978B8BA2403D40000798E84 /* GameViewController.swift in Sources */,
				29F3BC0E2437C6F300FB894E /* GameRulesViewController.swift in Sources */,
				2978B8EF240C062E00798E84 /* Titanic.swift in Sources */,
				2997283124938A4800BEBAE4 /* PauseViewController.swift in Sources */,
				29B980472461F99400D7C302 /* SRCountDownTimer.swift in Sources */,
				29E90051244E3F670022BD8F /* PauseView.swift in Sources */,
				29A3A0992447C1E400B5983D /* GameView.swift in Sources */,
				292521C4241291260005D455 /* StringConstants.swift in Sources */,
				29AA4BB4245EDC2500B8CE96 /* SmokeView.swift in Sources */,
				2978B8B62403D40000798E84 /* AppDelegate.swift in Sources */,
				29E9004F244CD16D0022BD8F /* ImageView.swift in Sources */,
				292522002419950C0005D455 /* Player.swift in Sources */,
				2918EE422439120E008EC004 /* WelcomeViewController.swift in Sources */,
				2918EE402439085E008EC004 /* HighscoreListTableViewController.swift in Sources */,
				2978B8B82403D40000798E84 /* SceneDelegate.swift in Sources */,
				297C48472488DFA600944196 /* UtilityExtensions.swift in Sources */,
				2918EE44243CA85C008EC004 /* GamePresenter.swift in Sources */,
			);
			runOnlyForDeploymentPostprocessing = 0;
		};
		2978B8C42403D40100798E84 /* Sources */ = {
			isa = PBXSourcesBuildPhase;
			buildActionMask = 2147483647;
			files = (
				2978B8CD2403D40100798E84 /* TitanicTests.swift in Sources */,
			);
			runOnlyForDeploymentPostprocessing = 0;
		};
		2978B8CF2403D40100798E84 /* Sources */ = {
			isa = PBXSourcesBuildPhase;
			buildActionMask = 2147483647;
			files = (
				2978B8D82403D40100798E84 /* TitanicUITests.swift in Sources */,
			);
			runOnlyForDeploymentPostprocessing = 0;
		};
/* End PBXSourcesBuildPhase section */

/* Begin PBXTargetDependency section */
		2978B8CA2403D40100798E84 /* PBXTargetDependency */ = {
			isa = PBXTargetDependency;
			target = 2978B8B12403D40000798E84 /* Titanic */;
			targetProxy = 2978B8C92403D40100798E84 /* PBXContainerItemProxy */;
		};
		2978B8D52403D40100798E84 /* PBXTargetDependency */ = {
			isa = PBXTargetDependency;
			target = 2978B8B12403D40000798E84 /* Titanic */;
			targetProxy = 2978B8D42403D40100798E84 /* PBXContainerItemProxy */;
		};
/* End PBXTargetDependency section */

/* Begin PBXVariantGroup section */
		2978B8BB2403D40000798E84 /* Main.storyboard */ = {
			isa = PBXVariantGroup;
			children = (
				2978B8BC2403D40000798E84 /* Base */,
			);
			name = Main.storyboard;
			sourceTree = "<group>";
		};
/* End PBXVariantGroup section */

/* Begin XCBuildConfiguration section */
		2978B8DA2403D40100798E84 /* Debug */ = {
			isa = XCBuildConfiguration;
			buildSettings = {
				ALWAYS_SEARCH_USER_PATHS = NO;
				CLANG_ANALYZER_NONNULL = YES;
				CLANG_ANALYZER_NUMBER_OBJECT_CONVERSION = YES_AGGRESSIVE;
				CLANG_CXX_LANGUAGE_STANDARD = "gnu++14";
				CLANG_CXX_LIBRARY = "libc++";
				CLANG_ENABLE_MODULES = YES;
				CLANG_ENABLE_OBJC_ARC = YES;
				CLANG_ENABLE_OBJC_WEAK = YES;
				CLANG_WARN_BLOCK_CAPTURE_AUTORELEASING = YES;
				CLANG_WARN_BOOL_CONVERSION = YES;
				CLANG_WARN_COMMA = YES;
				CLANG_WARN_CONSTANT_CONVERSION = YES;
				CLANG_WARN_DEPRECATED_OBJC_IMPLEMENTATIONS = YES;
				CLANG_WARN_DIRECT_OBJC_ISA_USAGE = YES_ERROR;
				CLANG_WARN_DOCUMENTATION_COMMENTS = YES;
				CLANG_WARN_EMPTY_BODY = YES;
				CLANG_WARN_ENUM_CONVERSION = YES;
				CLANG_WARN_INFINITE_RECURSION = YES;
				CLANG_WARN_INT_CONVERSION = YES;
				CLANG_WARN_NON_LITERAL_NULL_CONVERSION = YES;
				CLANG_WARN_OBJC_IMPLICIT_RETAIN_SELF = YES;
				CLANG_WARN_OBJC_LITERAL_CONVERSION = YES;
				CLANG_WARN_OBJC_ROOT_CLASS = YES_ERROR;
				CLANG_WARN_RANGE_LOOP_ANALYSIS = YES;
				CLANG_WARN_STRICT_PROTOTYPES = YES;
				CLANG_WARN_SUSPICIOUS_MOVE = YES;
				CLANG_WARN_UNGUARDED_AVAILABILITY = YES_AGGRESSIVE;
				CLANG_WARN_UNREACHABLE_CODE = YES;
				CLANG_WARN__DUPLICATE_METHOD_MATCH = YES;
				COPY_PHASE_STRIP = NO;
				DEBUG_INFORMATION_FORMAT = dwarf;
				ENABLE_STRICT_OBJC_MSGSEND = YES;
				ENABLE_TESTABILITY = YES;
				GCC_C_LANGUAGE_STANDARD = gnu11;
				GCC_DYNAMIC_NO_PIC = NO;
				GCC_NO_COMMON_BLOCKS = YES;
				GCC_OPTIMIZATION_LEVEL = 0;
				GCC_PREPROCESSOR_DEFINITIONS = (
					"DEBUG=1",
					"$(inherited)",
				);
				GCC_WARN_64_TO_32_BIT_CONVERSION = YES;
				GCC_WARN_ABOUT_RETURN_TYPE = YES_ERROR;
				GCC_WARN_UNDECLARED_SELECTOR = YES;
				GCC_WARN_UNINITIALIZED_AUTOS = YES_AGGRESSIVE;
				GCC_WARN_UNUSED_FUNCTION = YES;
				GCC_WARN_UNUSED_VARIABLE = YES;
				IPHONEOS_DEPLOYMENT_TARGET = 13.2;
				MTL_ENABLE_DEBUG_INFO = INCLUDE_SOURCE;
				MTL_FAST_MATH = YES;
				ONLY_ACTIVE_ARCH = YES;
				SDKROOT = iphoneos;
				SWIFT_ACTIVE_COMPILATION_CONDITIONS = DEBUG;
				SWIFT_OPTIMIZATION_LEVEL = "-Onone";
			};
			name = Debug;
		};
		2978B8DB2403D40100798E84 /* Release */ = {
			isa = XCBuildConfiguration;
			buildSettings = {
				ALWAYS_SEARCH_USER_PATHS = NO;
				CLANG_ANALYZER_NONNULL = YES;
				CLANG_ANALYZER_NUMBER_OBJECT_CONVERSION = YES_AGGRESSIVE;
				CLANG_CXX_LANGUAGE_STANDARD = "gnu++14";
				CLANG_CXX_LIBRARY = "libc++";
				CLANG_ENABLE_MODULES = YES;
				CLANG_ENABLE_OBJC_ARC = YES;
				CLANG_ENABLE_OBJC_WEAK = YES;
				CLANG_WARN_BLOCK_CAPTURE_AUTORELEASING = YES;
				CLANG_WARN_BOOL_CONVERSION = YES;
				CLANG_WARN_COMMA = YES;
				CLANG_WARN_CONSTANT_CONVERSION = YES;
				CLANG_WARN_DEPRECATED_OBJC_IMPLEMENTATIONS = YES;
				CLANG_WARN_DIRECT_OBJC_ISA_USAGE = YES_ERROR;
				CLANG_WARN_DOCUMENTATION_COMMENTS = YES;
				CLANG_WARN_EMPTY_BODY = YES;
				CLANG_WARN_ENUM_CONVERSION = YES;
				CLANG_WARN_INFINITE_RECURSION = YES;
				CLANG_WARN_INT_CONVERSION = YES;
				CLANG_WARN_NON_LITERAL_NULL_CONVERSION = YES;
				CLANG_WARN_OBJC_IMPLICIT_RETAIN_SELF = YES;
				CLANG_WARN_OBJC_LITERAL_CONVERSION = YES;
				CLANG_WARN_OBJC_ROOT_CLASS = YES_ERROR;
				CLANG_WARN_RANGE_LOOP_ANALYSIS = YES;
				CLANG_WARN_STRICT_PROTOTYPES = YES;
				CLANG_WARN_SUSPICIOUS_MOVE = YES;
				CLANG_WARN_UNGUARDED_AVAILABILITY = YES_AGGRESSIVE;
				CLANG_WARN_UNREACHABLE_CODE = YES;
				CLANG_WARN__DUPLICATE_METHOD_MATCH = YES;
				COPY_PHASE_STRIP = NO;
				DEBUG_INFORMATION_FORMAT = "dwarf-with-dsym";
				ENABLE_NS_ASSERTIONS = NO;
				ENABLE_STRICT_OBJC_MSGSEND = YES;
				GCC_C_LANGUAGE_STANDARD = gnu11;
				GCC_NO_COMMON_BLOCKS = YES;
				GCC_WARN_64_TO_32_BIT_CONVERSION = YES;
				GCC_WARN_ABOUT_RETURN_TYPE = YES_ERROR;
				GCC_WARN_UNDECLARED_SELECTOR = YES;
				GCC_WARN_UNINITIALIZED_AUTOS = YES_AGGRESSIVE;
				GCC_WARN_UNUSED_FUNCTION = YES;
				GCC_WARN_UNUSED_VARIABLE = YES;
				IPHONEOS_DEPLOYMENT_TARGET = 13.2;
				MTL_ENABLE_DEBUG_INFO = NO;
				MTL_FAST_MATH = YES;
				SDKROOT = iphoneos;
				SWIFT_COMPILATION_MODE = wholemodule;
				SWIFT_OPTIMIZATION_LEVEL = "-O";
				VALIDATE_PRODUCT = YES;
			};
			name = Release;
		};
		2978B8DD2403D40100798E84 /* Debug */ = {
			isa = XCBuildConfiguration;
			baseConfigurationReference = 31DCAB1B8A9E6CF0C8FF1AFE /* Pods-Titanic.debug.xcconfig */;
			buildSettings = {
				ASSETCATALOG_COMPILER_APPICON_NAME = AppIcon;
				CODE_SIGN_IDENTITY = "Apple Development";
				CODE_SIGN_STYLE = Automatic;
				DEVELOPMENT_TEAM = J7FESQ389Q;
				INFOPLIST_FILE = Titanic/Info.plist;
				IPHONEOS_DEPLOYMENT_TARGET = 13.4;
				LD_RUNPATH_SEARCH_PATHS = (
					"$(inherited)",
					"@executable_path/Frameworks",
				);
				PRODUCT_BUNDLE_IDENTIFIER = maikdrop.Titanic;
				PRODUCT_NAME = "$(TARGET_NAME)";
				PROVISIONING_PROFILE_SPECIFIER = "";
				SWIFT_VERSION = 5.0;
				TARGETED_DEVICE_FAMILY = 1;
			};
			name = Debug;
		};
		2978B8DE2403D40100798E84 /* Release */ = {
			isa = XCBuildConfiguration;
			baseConfigurationReference = 58E5C94F7AD161E5165DF0AA /* Pods-Titanic.release.xcconfig */;
			buildSettings = {
				ASSETCATALOG_COMPILER_APPICON_NAME = AppIcon;
				CODE_SIGN_IDENTITY = "Apple Development";
				CODE_SIGN_STYLE = Automatic;
				DEVELOPMENT_TEAM = J7FESQ389Q;
				INFOPLIST_FILE = Titanic/Info.plist;
				IPHONEOS_DEPLOYMENT_TARGET = 13.4;
				LD_RUNPATH_SEARCH_PATHS = (
					"$(inherited)",
					"@executable_path/Frameworks",
				);
				PRODUCT_BUNDLE_IDENTIFIER = maikdrop.Titanic;
				PRODUCT_NAME = "$(TARGET_NAME)";
				SWIFT_VERSION = 5.0;
				TARGETED_DEVICE_FAMILY = 1;
			};
			name = Release;
		};
		2978B8E02403D40100798E84 /* Debug */ = {
			isa = XCBuildConfiguration;
			buildSettings = {
				ALWAYS_EMBED_SWIFT_STANDARD_LIBRARIES = YES;
				BUNDLE_LOADER = "$(TEST_HOST)";
				CODE_SIGN_STYLE = Automatic;
				DEVELOPMENT_TEAM = J7FESQ389Q;
				INFOPLIST_FILE = TitanicTests/Info.plist;
				IPHONEOS_DEPLOYMENT_TARGET = 13.2;
				LD_RUNPATH_SEARCH_PATHS = (
					"$(inherited)",
					"@executable_path/Frameworks",
					"@loader_path/Frameworks",
				);
				PRODUCT_BUNDLE_IDENTIFIER = maikdrop.TitanicTests;
				PRODUCT_NAME = "$(TARGET_NAME)";
				SWIFT_VERSION = 5.0;
				TARGETED_DEVICE_FAMILY = "1,2";
				TEST_HOST = "$(BUILT_PRODUCTS_DIR)/Titanic.app/Titanic";
			};
			name = Debug;
		};
		2978B8E12403D40100798E84 /* Release */ = {
			isa = XCBuildConfiguration;
			buildSettings = {
				ALWAYS_EMBED_SWIFT_STANDARD_LIBRARIES = YES;
				BUNDLE_LOADER = "$(TEST_HOST)";
				CODE_SIGN_STYLE = Automatic;
				DEVELOPMENT_TEAM = J7FESQ389Q;
				INFOPLIST_FILE = TitanicTests/Info.plist;
				IPHONEOS_DEPLOYMENT_TARGET = 13.2;
				LD_RUNPATH_SEARCH_PATHS = (
					"$(inherited)",
					"@executable_path/Frameworks",
					"@loader_path/Frameworks",
				);
				PRODUCT_BUNDLE_IDENTIFIER = maikdrop.TitanicTests;
				PRODUCT_NAME = "$(TARGET_NAME)";
				SWIFT_VERSION = 5.0;
				TARGETED_DEVICE_FAMILY = "1,2";
				TEST_HOST = "$(BUILT_PRODUCTS_DIR)/Titanic.app/Titanic";
			};
			name = Release;
		};
		2978B8E32403D40100798E84 /* Debug */ = {
			isa = XCBuildConfiguration;
			buildSettings = {
				ALWAYS_EMBED_SWIFT_STANDARD_LIBRARIES = YES;
				CODE_SIGN_STYLE = Automatic;
				DEVELOPMENT_TEAM = J7FESQ389Q;
				INFOPLIST_FILE = TitanicUITests/Info.plist;
				LD_RUNPATH_SEARCH_PATHS = (
					"$(inherited)",
					"@executable_path/Frameworks",
					"@loader_path/Frameworks",
				);
				PRODUCT_BUNDLE_IDENTIFIER = maikdrop.TitanicUITests;
				PRODUCT_NAME = "$(TARGET_NAME)";
				SWIFT_VERSION = 5.0;
				TARGETED_DEVICE_FAMILY = "1,2";
				TEST_TARGET_NAME = Titanic;
			};
			name = Debug;
		};
		2978B8E42403D40100798E84 /* Release */ = {
			isa = XCBuildConfiguration;
			buildSettings = {
				ALWAYS_EMBED_SWIFT_STANDARD_LIBRARIES = YES;
				CODE_SIGN_STYLE = Automatic;
				DEVELOPMENT_TEAM = J7FESQ389Q;
				INFOPLIST_FILE = TitanicUITests/Info.plist;
				LD_RUNPATH_SEARCH_PATHS = (
					"$(inherited)",
					"@executable_path/Frameworks",
					"@loader_path/Frameworks",
				);
				PRODUCT_BUNDLE_IDENTIFIER = maikdrop.TitanicUITests;
				PRODUCT_NAME = "$(TARGET_NAME)";
				SWIFT_VERSION = 5.0;
				TARGETED_DEVICE_FAMILY = "1,2";
				TEST_TARGET_NAME = Titanic;
			};
			name = Release;
		};
/* End XCBuildConfiguration section */

/* Begin XCConfigurationList section */
		2978B8AD2403D40000798E84 /* Build configuration list for PBXProject "Titanic" */ = {
			isa = XCConfigurationList;
			buildConfigurations = (
				2978B8DA2403D40100798E84 /* Debug */,
				2978B8DB2403D40100798E84 /* Release */,
			);
			defaultConfigurationIsVisible = 0;
			defaultConfigurationName = Release;
		};
		2978B8DC2403D40100798E84 /* Build configuration list for PBXNativeTarget "Titanic" */ = {
			isa = XCConfigurationList;
			buildConfigurations = (
				2978B8DD2403D40100798E84 /* Debug */,
				2978B8DE2403D40100798E84 /* Release */,
			);
			defaultConfigurationIsVisible = 0;
			defaultConfigurationName = Release;
		};
		2978B8DF2403D40100798E84 /* Build configuration list for PBXNativeTarget "TitanicTests" */ = {
			isa = XCConfigurationList;
			buildConfigurations = (
				2978B8E02403D40100798E84 /* Debug */,
				2978B8E12403D40100798E84 /* Release */,
			);
			defaultConfigurationIsVisible = 0;
			defaultConfigurationName = Release;
		};
		2978B8E22403D40100798E84 /* Build configuration list for PBXNativeTarget "TitanicUITests" */ = {
			isa = XCConfigurationList;
			buildConfigurations = (
				2978B8E32403D40100798E84 /* Debug */,
				2978B8E42403D40100798E84 /* Release */,
			);
			defaultConfigurationIsVisible = 0;
			defaultConfigurationName = Release;
		};
/* End XCConfigurationList section */
	};
	rootObject = 2978B8AA2403D40000798E84 /* Project object */;
}
