// !$*UTF8*$!
{
	archiveVersion = 1;
	classes = {
	};
	objectVersion = 52;
	objects = {

/* Begin PBXBuildFile section */
		290A8101259276D4002956AF /* Speed.swift in Sources */ = {isa = PBXBuildFile; fileRef = 290A8100259276D3002956AF /* Speed.swift */; };
		290A810725927862002956AF /* ChooseSpeedTableViewController.swift in Sources */ = {isa = PBXBuildFile; fileRef = 290A810625927862002956AF /* ChooseSpeedTableViewController.swift */; };
		2910FF4E257125E8009BDCDF /* AppInfoViewController+Category.swift in Sources */ = {isa = PBXBuildFile; fileRef = 2910FF4D257125E8009BDCDF /* AppInfoViewController+Category.swift */; };
		2910FF6C2572F973009BDCDF /* GameChooserView.swift in Sources */ = {isa = PBXBuildFile; fileRef = 2910FF6B2572F973009BDCDF /* GameChooserView.swift */; };
		2914C0542582BFEA00C4F6A6 /* View+LeftSwipe.swift in Sources */ = {isa = PBXBuildFile; fileRef = 2914C0512582BFE900C4F6A6 /* View+LeftSwipe.swift */; };
		2914C0552582BFEA00C4F6A6 /* SlidableSlot.swift in Sources */ = {isa = PBXBuildFile; fileRef = 2914C0522582BFE900C4F6A6 /* SlidableSlot.swift */; };
		2914C0562582BFEA00C4F6A6 /* Slot.swift in Sources */ = {isa = PBXBuildFile; fileRef = 2914C0532582BFEA00C4F6A6 /* Slot.swift */; };
		2918EE422439120E008EC004 /* WelcomeViewController.swift in Sources */ = {isa = PBXBuildFile; fileRef = 2918EE412439120E008EC004 /* WelcomeViewController.swift */; };
		2918EE44243CA85C008EC004 /* TitanicGameViewPresenter.swift in Sources */ = {isa = PBXBuildFile; fileRef = 2918EE43243CA85C008EC004 /* TitanicGameViewPresenter.swift */; };
		291A0A382578272700667BD1 /* GameChooserNaviPresenter.swift in Sources */ = {isa = PBXBuildFile; fileRef = 291A0A372578272700667BD1 /* GameChooserNaviPresenter.swift */; };
		292521C4241291260005D455 /* AppStrings.swift in Sources */ = {isa = PBXBuildFile; fileRef = 292521C3241291260005D455 /* AppStrings.swift */; };
		292521CA241702C60005D455 /* TitanicGame+Iceberg.swift in Sources */ = {isa = PBXBuildFile; fileRef = 292521C9241702C50005D455 /* TitanicGame+Iceberg.swift */; };
		292B85DD25B768D400A88E15 /* TitanicGameViewPresenterTest.swift in Sources */ = {isa = PBXBuildFile; fileRef = 292B85DC25B768D400A88E15 /* TitanicGameViewPresenterTest.swift */; };
		292B85E325B79CA700A88E15 /* GameHandlingTests.swift in Sources */ = {isa = PBXBuildFile; fileRef = 292B85E225B79CA700A88E15 /* GameHandlingTests.swift */; };
		29379BEA24AA48C400D38F2B /* LegalNotices.txt in Resources */ = {isa = PBXBuildFile; fileRef = 29379BE924AA48C400D38F2B /* LegalNotices.txt */; };
		29379BED24AA4ECF00D38F2B /* UIFont+Scale.swift in Sources */ = {isa = PBXBuildFile; fileRef = 29379BEC24AA4ECF00D38F2B /* UIFont+Scale.swift */; };
		29379BEF24AA4F0E00D38F2B /* UIImage+Resize.swift in Sources */ = {isa = PBXBuildFile; fileRef = 29379BEE24AA4F0E00D38F2B /* UIImage+Resize.swift */; };
		29379BF124AA4FE000D38F2B /* Collection+ElementOperations.swift in Sources */ = {isa = PBXBuildFile; fileRef = 29379BF024AA4FE000D38F2B /* Collection+ElementOperations.swift */; };
		29379BF524AA533D00D38F2B /* UIColor+CustomColor.swift in Sources */ = {isa = PBXBuildFile; fileRef = 29379BF424AA533D00D38F2B /* UIColor+CustomColor.swift */; };
		29379BF824AA53DD00D38F2B /* UtilityHelpers.swift in Sources */ = {isa = PBXBuildFile; fileRef = 29379BF724AA53DD00D38F2B /* UtilityHelpers.swift */; };
		29379BFC24AAB5F400D38F2B /* AboutTheApp.txt in Resources */ = {isa = PBXBuildFile; fileRef = 29379BFB24AAB5F400D38F2B /* AboutTheApp.txt */; };
		29379BFE24AB873000D38F2B /* GameStateView.swift in Sources */ = {isa = PBXBuildFile; fileRef = 29379BFD24AB873000D38F2B /* GameStateView.swift */; };
		29379C0024ABD33000D38F2B /* AppConceptViewController.swift in Sources */ = {isa = PBXBuildFile; fileRef = 29379BFF24ABD33000D38F2B /* AppConceptViewController.swift */; };
		29379C0424AD09D400D38F2B /* GameStateMenuPresenter.swift in Sources */ = {isa = PBXBuildFile; fileRef = 29379C0324AD09D400D38F2B /* GameStateMenuPresenter.swift */; };
		29379C0624AD484000D38F2B /* NewHighscoreEntryPresenter.swift in Sources */ = {isa = PBXBuildFile; fileRef = 29379C0524AD484000D38F2B /* NewHighscoreEntryPresenter.swift */; };
		29379C0824ADF1EA00D38F2B /* PlayerHandling.swift in Sources */ = {isa = PBXBuildFile; fileRef = 29379C0724ADF1EA00D38F2B /* PlayerHandling.swift */; };
		29379C0C24AE7CF600D38F2B /* HighscoreListNaviPresenter.swift in Sources */ = {isa = PBXBuildFile; fileRef = 29379C0B24AE7CF600D38F2B /* HighscoreListNaviPresenter.swift */; };
		2938C12A24B50A2700174FE4 /* MVP.txt in Resources */ = {isa = PBXBuildFile; fileRef = 2938C12924B50A2700174FE4 /* MVP.txt */; };
		293B04E925BF727D0088D14B /* Iceberg.gif in Resources */ = {isa = PBXBuildFile; fileRef = 293B04E825BF727D0088D14B /* Iceberg.gif */; };
		293B04F925BF74C30088D14B /* StoredGames.gif in Resources */ = {isa = PBXBuildFile; fileRef = 293B04F825BF74C30088D14B /* StoredGames.gif */; };
		293B050325BF7B1D0088D14B /* HowToPlay.gif in Resources */ = {isa = PBXBuildFile; fileRef = 293B050225BF7B1D0088D14B /* HowToPlay.gif */; };
		293CF9292529CA17000678EA /* PlayerHandlingErrorAlerts.swift in Sources */ = {isa = PBXBuildFile; fileRef = 293CF9282529CA17000678EA /* PlayerHandlingErrorAlerts.swift */; };
		295E4CDE24C4F47200C7A78F /* Double+RoundToPlaces.swift in Sources */ = {isa = PBXBuildFile; fileRef = 295E4CDD24C4F47200C7A78F /* Double+RoundToPlaces.swift */; };
		295E4CE024C59F5400C7A78F /* PlayerHandlingTests.swift in Sources */ = {isa = PBXBuildFile; fileRef = 295E4CDF24C59F5400C7A78F /* PlayerHandlingTests.swift */; };
		295E4CE224C98D0400C7A78F /* TitanicGamePresenterStateTests.swift in Sources */ = {isa = PBXBuildFile; fileRef = 295E4CE124C98D0400C7A78F /* TitanicGamePresenterStateTests.swift */; };
		296514EA259FACFB00D81BC7 /* FirstUseInstructionsNaviPresenter.swift in Sources */ = {isa = PBXBuildFile; fileRef = 296514E9259FACFB00D81BC7 /* FirstUseInstructionsNaviPresenter.swift */; };
		296514F825A0922C00D81BC7 /* HowToPlayView.swift in Sources */ = {isa = PBXBuildFile; fileRef = 296514F725A0922C00D81BC7 /* HowToPlayView.swift */; };
		2966832D258FCB4F00129DCF /* Titanic.xcdatamodeld in Sources */ = {isa = PBXBuildFile; fileRef = 2966832B258FCB4F00129DCF /* Titanic.xcdatamodeld */; };
		296B2D0725AF99E600433C1C /* View+EqualWidth.swift in Sources */ = {isa = PBXBuildFile; fileRef = 296B2D0625AF99E600433C1C /* View+EqualWidth.swift */; };
		296B2D0E25AF9B7D00433C1C /* EqualWidth.swift in Sources */ = {isa = PBXBuildFile; fileRef = 296B2D0D25AF9B7D00433C1C /* EqualWidth.swift */; };
		296B2D1825AF9C6200433C1C /* WidthPreferenceKey.swift in Sources */ = {isa = PBXBuildFile; fileRef = 296B2D1725AF9C6200433C1C /* WidthPreferenceKey.swift */; };
		2976B48C25FFC85D00591305 /* GameStart.gif in Resources */ = {isa = PBXBuildFile; fileRef = 2976B48B25FFC85D00591305 /* GameStart.gif */; };
		2978B8B62403D40000798E84 /* AppDelegate.swift in Sources */ = {isa = PBXBuildFile; fileRef = 2978B8B52403D40000798E84 /* AppDelegate.swift */; };
		2978B8B82403D40000798E84 /* SceneDelegate.swift in Sources */ = {isa = PBXBuildFile; fileRef = 2978B8B72403D40000798E84 /* SceneDelegate.swift */; };
		2978B8BA2403D40000798E84 /* TitanicGameViewController.swift in Sources */ = {isa = PBXBuildFile; fileRef = 2978B8B92403D40000798E84 /* TitanicGameViewController.swift */; };
		2978B8CD2403D40100798E84 /* TitanicGameTests.swift in Sources */ = {isa = PBXBuildFile; fileRef = 2978B8CC2403D40100798E84 /* TitanicGameTests.swift */; };
		2978B8D82403D40100798E84 /* TitanicStartGameUITests.swift in Sources */ = {isa = PBXBuildFile; fileRef = 2978B8D72403D40100798E84 /* TitanicStartGameUITests.swift */; };
		2978B8EF240C062E00798E84 /* TitanicGame.swift in Sources */ = {isa = PBXBuildFile; fileRef = 2978B8EE240C062E00798E84 /* TitanicGame.swift */; };
		297C48472488DFA600944196 /* UIDevice+Vibrate.swift in Sources */ = {isa = PBXBuildFile; fileRef = 297C48462488DFA600944196 /* UIDevice+Vibrate.swift */; };
		297CF4D424CF0F1C007040EE /* .swiftlint.yml in Resources */ = {isa = PBXBuildFile; fileRef = 297CF4D324CF0F1C007040EE /* .swiftlint.yml */; };
		297CF4D624CF20AA007040EE /* NewHighscoreEntryTests.swift in Sources */ = {isa = PBXBuildFile; fileRef = 297CF4D524CF20AA007040EE /* NewHighscoreEntryTests.swift */; };
		297CF4D824CF4769007040EE /* GameControlMenuUITests.swift in Sources */ = {isa = PBXBuildFile; fileRef = 297CF4D724CF4769007040EE /* GameControlMenuUITests.swift */; };
		297CF4E924D46C39007040EE /* HighscoreListTableViewController.swift in Sources */ = {isa = PBXBuildFile; fileRef = 297CF4E824D46C39007040EE /* HighscoreListTableViewController.swift */; };
		297F8391257BF3C700CB2E5E /* AppInfoViewController.swift in Sources */ = {isa = PBXBuildFile; fileRef = 297F8390257BF3C700CB2E5E /* AppInfoViewController.swift */; };
		297F83A3257FDFD200CB2E5E /* GameListView.swift in Sources */ = {isa = PBXBuildFile; fileRef = 297F83A2257FDFD200CB2E5E /* GameListView.swift */; };
		297F83AB257FE17E00CB2E5E /* GameListEntryView.swift in Sources */ = {isa = PBXBuildFile; fileRef = 297F83AA257FE17E00CB2E5E /* GameListEntryView.swift */; };
		298010A924C3A741006DC917 /* LaunchScreen.storyboard in Resources */ = {isa = PBXBuildFile; fileRef = 298010A824C3A741006DC917 /* LaunchScreen.storyboard */; };
		298C7C1E251A9DD700413DDD /* UIApplication+AppVersion.swift in Sources */ = {isa = PBXBuildFile; fileRef = 298C7C1D251A9DD700413DDD /* UIApplication+AppVersion.swift */; };
		2999A9D624EAADD300C74094 /* HighscoreListTests.swift in Sources */ = {isa = PBXBuildFile; fileRef = 2999A9D524EAADD300C74094 /* HighscoreListTests.swift */; };
		2999A9DF24EAB09400C74094 /* SnapshotTesting in Frameworks */ = {isa = PBXBuildFile; productRef = 2999A9DE24EAB09400C74094 /* SnapshotTesting */; };
		2999A9E124EAB7DA00C74094 /* TitanicGameViewControllerTests.swift in Sources */ = {isa = PBXBuildFile; fileRef = 2999A9E024EAB7DA00C74094 /* TitanicGameViewControllerTests.swift */; };
		299E980E24DF2CCF00847FE9 /* TitanicGameViewPresenter+GameState.swift in Sources */ = {isa = PBXBuildFile; fileRef = 299E980D24DF2CCF00847FE9 /* TitanicGameViewPresenter+GameState.swift */; };
		299E981324DF347900847FE9 /* TitanicGame+Player.swift in Sources */ = {isa = PBXBuildFile; fileRef = 299E981224DF347900847FE9 /* TitanicGame+Player.swift */; };
		299E981924DF3D8600847FE9 /* Outcome.swift in Sources */ = {isa = PBXBuildFile; fileRef = 299E981824DF3D8600847FE9 /* Outcome.swift */; };
		299EE74B2576E3950032E0CA /* GamePickerDelegate.swift in Sources */ = {isa = PBXBuildFile; fileRef = 299EE74A2576E3950032E0CA /* GamePickerDelegate.swift */; };
		29A074AF258D104400846AE7 /* GameListView+ActiveAlert.swift in Sources */ = {isa = PBXBuildFile; fileRef = 29A074AE258D104400846AE7 /* GameListView+ActiveAlert.swift */; };
		29A1314425A88BB40049C2D1 /* ConfigObject.swift in Sources */ = {isa = PBXBuildFile; fileRef = 29A1314325A88BB40049C2D1 /* ConfigObject.swift */; };
		29A2841325A3C081001B686A /* GameRules.swift in Sources */ = {isa = PBXBuildFile; fileRef = 29A2841225A3C081001B686A /* GameRules.swift */; };
		29A2841925A3C336001B686A /* TitanicGameRules.swift in Sources */ = {isa = PBXBuildFile; fileRef = 29A2841825A3C336001B686A /* TitanicGameRules.swift */; };
		29A3A0992447C1E400B5983D /* TitanicGameView.swift in Sources */ = {isa = PBXBuildFile; fileRef = 29A3A0982447C1E400B5983D /* TitanicGameView.swift */; };
		29A863FB25B8DD2D0069F5A7 /* licenses.json in Resources */ = {isa = PBXBuildFile; fileRef = 29A863FA25B8DD2D0069F5A7 /* licenses.json */; };
		29AA4BB4245EDC2500B8CE96 /* SmokeView.swift in Sources */ = {isa = PBXBuildFile; fileRef = 29AA4BB3245EDC2500B8CE96 /* SmokeView.swift */; };
		29B98045246092E200D7C302 /* ScoreStackView.swift in Sources */ = {isa = PBXBuildFile; fileRef = 29B98044246092E200D7C302 /* ScoreStackView.swift */; };
		29B980472461F99400D7C302 /* SRCountdownTimer.swift in Sources */ = {isa = PBXBuildFile; fileRef = 29B980462461F99400D7C302 /* SRCountdownTimer.swift */; };
		29C11D7925288F7C00B33B41 /* DataHandlingError.swift in Sources */ = {isa = PBXBuildFile; fileRef = 29C11D7825288F7C00B33B41 /* DataHandlingError.swift */; };
		29CDB9D9259882E400CEDCAC /* UserDefaults+ObjectOperations.swift in Sources */ = {isa = PBXBuildFile; fileRef = 29CDB9D8259882E400CEDCAC /* UserDefaults+ObjectOperations.swift */; };
		29CDB9DF2598901A00CEDCAC /* TitanicGame+SpeedOption.swift in Sources */ = {isa = PBXBuildFile; fileRef = 29CDB9DE2598901A00CEDCAC /* TitanicGame+SpeedOption.swift */; };
		29D6B20124B0EE7800472FC5 /* PauseView.swift in Sources */ = {isa = PBXBuildFile; fileRef = 29D6B20024B0EE7800472FC5 /* PauseView.swift */; };
		29DB968225640E04007E0BBE /* GameObject.swift in Sources */ = {isa = PBXBuildFile; fileRef = 29DB968125640E04007E0BBE /* GameObject.swift */; };
		29DB968E25640E37007E0BBE /* IcebergObject.swift in Sources */ = {isa = PBXBuildFile; fileRef = 29DB968D25640E37007E0BBE /* IcebergObject.swift */; };
		29DB969425640E43007E0BBE /* ScoreObject.swift in Sources */ = {isa = PBXBuildFile; fileRef = 29DB969325640E43007E0BBE /* ScoreObject.swift */; };
		29DB96AE25645D63007E0BBE /* GameHandling.swift in Sources */ = {isa = PBXBuildFile; fileRef = 29DB96AD25645D63007E0BBE /* GameHandling.swift */; };
		29DB96F4256B2585007E0BBE /* TitanicGame+Score.swift in Sources */ = {isa = PBXBuildFile; fileRef = 29DB96F3256B2585007E0BBE /* TitanicGame+Score.swift */; };
		29DDA89F24F05D2B00D5733F /* TitanicGameViewNaviPresenter.swift in Sources */ = {isa = PBXBuildFile; fileRef = 29DDA89E24F05D2B00D5733F /* TitanicGameViewNaviPresenter.swift */; };
		29DDA8A124F173DD00D5733F /* TitanicGameViewPresenter+GameData.swift in Sources */ = {isa = PBXBuildFile; fileRef = 29DDA8A024F173DD00D5733F /* TitanicGameViewPresenter+GameData.swift */; };
		29DDA8A324F1A04300D5733F /* TitanicMockGameViewPresenterTest.swift in Sources */ = {isa = PBXBuildFile; fileRef = 29DDA8A224F1A04300D5733F /* TitanicMockGameViewPresenterTest.swift */; };
		29DDA8A724F6F18C00D5733F /* PreparationCountdownViewController.swift in Sources */ = {isa = PBXBuildFile; fileRef = 29DDA8A624F6F18C00D5733F /* PreparationCountdownViewController.swift */; };
		29DDA8AB24F70A9E00D5733F /* GameEndViewController.swift in Sources */ = {isa = PBXBuildFile; fileRef = 29DDA8AA24F70A9E00D5733F /* GameEndViewController.swift */; };
		29DDA8AD24F7105600D5733F /* UIViewController+ChildViewController.swift in Sources */ = {isa = PBXBuildFile; fileRef = 29DDA8AC24F7105600D5733F /* UIViewController+ChildViewController.swift */; };
		29E3745D25212CA300789FF3 /* AvoidMassiveGameVC.jpg in Resources */ = {isa = PBXBuildFile; fileRef = 29E3745C25212CA200789FF3 /* AvoidMassiveGameVC.jpg */; };
		29E3746325212CAC00789FF3 /* GameScene.jpg in Resources */ = {isa = PBXBuildFile; fileRef = 29E3746225212CAC00789FF3 /* GameScene.jpg */; };
		29E3746925212CB300789FF3 /* AdaptingLayout.jpg in Resources */ = {isa = PBXBuildFile; fileRef = 29E3746825212CB200789FF3 /* AdaptingLayout.jpg */; };
		29E3746F25212CBB00789FF3 /* MVP.jpg in Resources */ = {isa = PBXBuildFile; fileRef = 29E3746E25212CBB00789FF3 /* MVP.jpg */; };
		29E374AA25238B6900789FF3 /* FileHandling.swift in Sources */ = {isa = PBXBuildFile; fileRef = 29E374A925238B6900789FF3 /* FileHandling.swift */; };
		29E9004F244CD16D0022BD8F /* ImageView.swift in Sources */ = {isa = PBXBuildFile; fileRef = 29E9004E244CD16C0022BD8F /* ImageView.swift */; };
		29EEA952252A61FF000FC7B7 /* TitanicGameViewControllerTests.swift in Sources */ = {isa = PBXBuildFile; fileRef = 29EEA951252A61FF000FC7B7 /* TitanicGameViewControllerTests.swift */; };
		29EEA95C252A6243000FC7B7 /* NavigationPresenterTests.swift in Sources */ = {isa = PBXBuildFile; fileRef = 29EEA95B252A6243000FC7B7 /* NavigationPresenterTests.swift */; };
		29EEA980252B4CDB000FC7B7 /* HighscoreListPersistenceTests.swift in Sources */ = {isa = PBXBuildFile; fileRef = 29EEA97F252B4CDB000FC7B7 /* HighscoreListPersistenceTests.swift */; };
		29EF3615252E658200F1D923 /* UIViewController+Dismiss.swift in Sources */ = {isa = PBXBuildFile; fileRef = 29EF3614252E658200F1D923 /* UIViewController+Dismiss.swift */; };
		29EF3637253329B500F1D923 /* Animation.txt in Resources */ = {isa = PBXBuildFile; fileRef = 29EF3636253329B500F1D923 /* Animation.txt */; };
		29F3BC0E2437C6F300FB894E /* GameRulesViewController.swift in Sources */ = {isa = PBXBuildFile; fileRef = 29F3BC0D2437C6F200FB894E /* GameRulesViewController.swift */; };
		29FA73BE24B743ED000F8C8E /* AvoidMassiveGameVC.txt in Resources */ = {isa = PBXBuildFile; fileRef = 29FA73BD24B743ED000F8C8E /* AvoidMassiveGameVC.txt */; };
		29FA73C024B743FF000F8C8E /* AdaptingLayout.txt in Resources */ = {isa = PBXBuildFile; fileRef = 29FA73BF24B743FE000F8C8E /* AdaptingLayout.txt */; };
		29FA73D124B7798E000F8C8E /* Welcome.storyboard in Resources */ = {isa = PBXBuildFile; fileRef = 29FA73D024B7798E000F8C8E /* Welcome.storyboard */; };
		29FA73D524B77AB8000F8C8E /* Localizable.strings in Resources */ = {isa = PBXBuildFile; fileRef = 29FA73D724B77AB8000F8C8E /* Localizable.strings */; };
		29FA73DC24B78266000F8C8E /* AppIcon.xcassets in Resources */ = {isa = PBXBuildFile; fileRef = 29FA73DB24B78266000F8C8E /* AppIcon.xcassets */; };
		29FA73DE24B78285000F8C8E /* Assets.xcassets in Resources */ = {isa = PBXBuildFile; fileRef = 29FA73DD24B78285000F8C8E /* Assets.xcassets */; };
		29FA73E124B78A5E000F8C8E /* Smoke.sks in Resources */ = {isa = PBXBuildFile; fileRef = 29FA73E024B78A5E000F8C8E /* Smoke.sks */; };
		29FA73E424B7A097000F8C8E /* UIViewController+Alert.swift in Sources */ = {isa = PBXBuildFile; fileRef = 29FA73E324B7A097000F8C8E /* UIViewController+Alert.swift */; };
		29FA73E624B7A805000F8C8E /* NotificationName.swift in Sources */ = {isa = PBXBuildFile; fileRef = 29FA73E524B7A805000F8C8E /* NotificationName.swift */; };
		29FA73E824B7CB6E000F8C8E /* TitanicGameViewPresenterDelegate.swift in Sources */ = {isa = PBXBuildFile; fileRef = 29FA73E724B7CB6D000F8C8E /* TitanicGameViewPresenterDelegate.swift */; };
		29FA73EB24B7F129000F8C8E /* SRCountdownTimerDelegate.swift in Sources */ = {isa = PBXBuildFile; fileRef = 29FA73EA24B7F129000F8C8E /* SRCountdownTimerDelegate.swift */; };
		29FA73EF24B87D5E000F8C8E /* GameRules.storyboard in Resources */ = {isa = PBXBuildFile; fileRef = 29FA73EE24B87D5E000F8C8E /* GameRules.storyboard */; };
		29FA73F324B884F8000F8C8E /* Concept.storyboard in Resources */ = {isa = PBXBuildFile; fileRef = 29FA73F224B884F8000F8C8E /* Concept.storyboard */; };
		29FA73F924B8A2DB000F8C8E /* DynamicInformationTableViewController.swift in Sources */ = {isa = PBXBuildFile; fileRef = 29FA73F824B8A2DB000F8C8E /* DynamicInformationTableViewController.swift */; };
		29FA73FB24B8A4C7000F8C8E /* AppInfoDetailsNaviPresenter.swift in Sources */ = {isa = PBXBuildFile; fileRef = 29FA73FA24B8A4C7000F8C8E /* AppInfoDetailsNaviPresenter.swift */; };
/* End PBXBuildFile section */

/* Begin PBXContainerItemProxy section */
		2978B8C92403D40100798E84 /* PBXContainerItemProxy */ = {
			isa = PBXContainerItemProxy;
			containerPortal = 2978B8AA2403D40000798E84 /* Project object */;
			proxyType = 1;
			remoteGlobalIDString = 2978B8B12403D40000798E84;
			remoteInfo = Titanic;
		};
		2978B8D42403D40100798E84 /* PBXContainerItemProxy */ = {
			isa = PBXContainerItemProxy;
			containerPortal = 2978B8AA2403D40000798E84 /* Project object */;
			proxyType = 1;
			remoteGlobalIDString = 2978B8B12403D40000798E84;
			remoteInfo = Titanic;
		};
		2999A9D824EAADD300C74094 /* PBXContainerItemProxy */ = {
			isa = PBXContainerItemProxy;
			containerPortal = 2978B8AA2403D40000798E84 /* Project object */;
			proxyType = 1;
			remoteGlobalIDString = 2978B8B12403D40000798E84;
			remoteInfo = Titanic;
		};
/* End PBXContainerItemProxy section */

/* Begin PBXFileReference section */
		290A8100259276D3002956AF /* Speed.swift */ = {isa = PBXFileReference; lastKnownFileType = sourcecode.swift; path = Speed.swift; sourceTree = "<group>"; };
		290A810625927862002956AF /* ChooseSpeedTableViewController.swift */ = {isa = PBXFileReference; lastKnownFileType = sourcecode.swift; path = ChooseSpeedTableViewController.swift; sourceTree = "<group>"; };
		2910FF4D257125E8009BDCDF /* AppInfoViewController+Category.swift */ = {isa = PBXFileReference; lastKnownFileType = sourcecode.swift; path = "AppInfoViewController+Category.swift"; sourceTree = "<group>"; };
		2910FF6B2572F973009BDCDF /* GameChooserView.swift */ = {isa = PBXFileReference; lastKnownFileType = sourcecode.swift; path = GameChooserView.swift; sourceTree = "<group>"; };
		2914C0512582BFE900C4F6A6 /* View+LeftSwipe.swift */ = {isa = PBXFileReference; fileEncoding = 4; lastKnownFileType = sourcecode.swift; path = "View+LeftSwipe.swift"; sourceTree = "<group>"; };
		2914C0522582BFE900C4F6A6 /* SlidableSlot.swift */ = {isa = PBXFileReference; fileEncoding = 4; lastKnownFileType = sourcecode.swift; path = SlidableSlot.swift; sourceTree = "<group>"; };
		2914C0532582BFEA00C4F6A6 /* Slot.swift */ = {isa = PBXFileReference; fileEncoding = 4; lastKnownFileType = sourcecode.swift; path = Slot.swift; sourceTree = "<group>"; };
		2918EE412439120E008EC004 /* WelcomeViewController.swift */ = {isa = PBXFileReference; lastKnownFileType = sourcecode.swift; path = WelcomeViewController.swift; sourceTree = "<group>"; };
		2918EE43243CA85C008EC004 /* TitanicGameViewPresenter.swift */ = {isa = PBXFileReference; lastKnownFileType = sourcecode.swift; path = TitanicGameViewPresenter.swift; sourceTree = "<group>"; };
		291A0A372578272700667BD1 /* GameChooserNaviPresenter.swift */ = {isa = PBXFileReference; lastKnownFileType = sourcecode.swift; path = GameChooserNaviPresenter.swift; sourceTree = "<group>"; };
		292521C3241291260005D455 /* AppStrings.swift */ = {isa = PBXFileReference; fileEncoding = 4; lastKnownFileType = sourcecode.swift; path = AppStrings.swift; sourceTree = "<group>"; };
		292521C9241702C50005D455 /* TitanicGame+Iceberg.swift */ = {isa = PBXFileReference; lastKnownFileType = sourcecode.swift; path = "TitanicGame+Iceberg.swift"; sourceTree = "<group>"; };
		292B85DC25B768D400A88E15 /* TitanicGameViewPresenterTest.swift */ = {isa = PBXFileReference; lastKnownFileType = sourcecode.swift; path = TitanicGameViewPresenterTest.swift; sourceTree = "<group>"; };
		292B85E225B79CA700A88E15 /* GameHandlingTests.swift */ = {isa = PBXFileReference; lastKnownFileType = sourcecode.swift; path = GameHandlingTests.swift; sourceTree = "<group>"; };
		292B85E825B8A99700A88E15 /* LICENSE */ = {isa = PBXFileReference; lastKnownFileType = text; name = LICENSE; path = "/Users/Maik/Library/Mobile Documents/M6HJR9W95L~com~textasticapp~textastic/Documents/independent iOS projects/Swift/Titanic/Code/LICENSE"; sourceTree = "<absolute>"; };
		29379BE924AA48C400D38F2B /* LegalNotices.txt */ = {isa = PBXFileReference; fileEncoding = 4; lastKnownFileType = text; path = LegalNotices.txt; sourceTree = "<group>"; };
		29379BEC24AA4ECF00D38F2B /* UIFont+Scale.swift */ = {isa = PBXFileReference; lastKnownFileType = sourcecode.swift; path = "UIFont+Scale.swift"; sourceTree = "<group>"; };
		29379BEE24AA4F0E00D38F2B /* UIImage+Resize.swift */ = {isa = PBXFileReference; lastKnownFileType = sourcecode.swift; path = "UIImage+Resize.swift"; sourceTree = "<group>"; };
		29379BF024AA4FE000D38F2B /* Collection+ElementOperations.swift */ = {isa = PBXFileReference; lastKnownFileType = sourcecode.swift; path = "Collection+ElementOperations.swift"; sourceTree = "<group>"; };
		29379BF424AA533D00D38F2B /* UIColor+CustomColor.swift */ = {isa = PBXFileReference; lastKnownFileType = sourcecode.swift; path = "UIColor+CustomColor.swift"; sourceTree = "<group>"; };
		29379BF724AA53DD00D38F2B /* UtilityHelpers.swift */ = {isa = PBXFileReference; lastKnownFileType = sourcecode.swift; path = UtilityHelpers.swift; sourceTree = "<group>"; };
		29379BFB24AAB5F400D38F2B /* AboutTheApp.txt */ = {isa = PBXFileReference; fileEncoding = 4; lastKnownFileType = text; path = AboutTheApp.txt; sourceTree = "<group>"; };
		29379BFD24AB873000D38F2B /* GameStateView.swift */ = {isa = PBXFileReference; lastKnownFileType = sourcecode.swift; path = GameStateView.swift; sourceTree = "<group>"; };
		29379BFF24ABD33000D38F2B /* AppConceptViewController.swift */ = {isa = PBXFileReference; lastKnownFileType = sourcecode.swift; path = AppConceptViewController.swift; sourceTree = "<group>"; };
		29379C0324AD09D400D38F2B /* GameStateMenuPresenter.swift */ = {isa = PBXFileReference; lastKnownFileType = sourcecode.swift; path = GameStateMenuPresenter.swift; sourceTree = "<group>"; };
		29379C0524AD484000D38F2B /* NewHighscoreEntryPresenter.swift */ = {isa = PBXFileReference; lastKnownFileType = sourcecode.swift; path = NewHighscoreEntryPresenter.swift; sourceTree = "<group>"; };
		29379C0724ADF1EA00D38F2B /* PlayerHandling.swift */ = {isa = PBXFileReference; lastKnownFileType = sourcecode.swift; path = PlayerHandling.swift; sourceTree = "<group>"; };
		29379C0B24AE7CF600D38F2B /* HighscoreListNaviPresenter.swift */ = {isa = PBXFileReference; lastKnownFileType = sourcecode.swift; path = HighscoreListNaviPresenter.swift; sourceTree = "<group>"; };
		2938C12924B50A2700174FE4 /* MVP.txt */ = {isa = PBXFileReference; fileEncoding = 4; lastKnownFileType = text; path = MVP.txt; sourceTree = "<group>"; };
		293B04E825BF727D0088D14B /* Iceberg.gif */ = {isa = PBXFileReference; lastKnownFileType = image.gif; path = Iceberg.gif; sourceTree = "<group>"; };
		293B04F825BF74C30088D14B /* StoredGames.gif */ = {isa = PBXFileReference; lastKnownFileType = image.gif; path = StoredGames.gif; sourceTree = "<group>"; };
		293B050225BF7B1D0088D14B /* HowToPlay.gif */ = {isa = PBXFileReference; lastKnownFileType = image.gif; path = HowToPlay.gif; sourceTree = "<group>"; };
		293CF9282529CA17000678EA /* PlayerHandlingErrorAlerts.swift */ = {isa = PBXFileReference; lastKnownFileType = sourcecode.swift; path = PlayerHandlingErrorAlerts.swift; sourceTree = "<group>"; };
		295E4CDD24C4F47200C7A78F /* Double+RoundToPlaces.swift */ = {isa = PBXFileReference; fileEncoding = 4; lastKnownFileType = sourcecode.swift; path = "Double+RoundToPlaces.swift"; sourceTree = "<group>"; };
		295E4CDF24C59F5400C7A78F /* PlayerHandlingTests.swift */ = {isa = PBXFileReference; lastKnownFileType = sourcecode.swift; path = PlayerHandlingTests.swift; sourceTree = "<group>"; };
		295E4CE124C98D0400C7A78F /* TitanicGamePresenterStateTests.swift */ = {isa = PBXFileReference; lastKnownFileType = sourcecode.swift; path = TitanicGamePresenterStateTests.swift; sourceTree = "<group>"; };
		296514E9259FACFB00D81BC7 /* FirstUseInstructionsNaviPresenter.swift */ = {isa = PBXFileReference; lastKnownFileType = sourcecode.swift; path = FirstUseInstructionsNaviPresenter.swift; sourceTree = "<group>"; };
		296514F725A0922C00D81BC7 /* HowToPlayView.swift */ = {isa = PBXFileReference; lastKnownFileType = sourcecode.swift; path = HowToPlayView.swift; sourceTree = "<group>"; };
		2966832C258FCB4F00129DCF /* Titanic.xcdatamodel */ = {isa = PBXFileReference; lastKnownFileType = wrapper.xcdatamodel; path = Titanic.xcdatamodel; sourceTree = "<group>"; };
		296B2D0625AF99E600433C1C /* View+EqualWidth.swift */ = {isa = PBXFileReference; lastKnownFileType = sourcecode.swift; path = "View+EqualWidth.swift"; sourceTree = "<group>"; };
		296B2D0D25AF9B7D00433C1C /* EqualWidth.swift */ = {isa = PBXFileReference; lastKnownFileType = sourcecode.swift; path = EqualWidth.swift; sourceTree = "<group>"; };
		296B2D1725AF9C6200433C1C /* WidthPreferenceKey.swift */ = {isa = PBXFileReference; lastKnownFileType = sourcecode.swift; path = WidthPreferenceKey.swift; sourceTree = "<group>"; };
		2976B48B25FFC85D00591305 /* GameStart.gif */ = {isa = PBXFileReference; lastKnownFileType = image.gif; path = GameStart.gif; sourceTree = "<group>"; };
		2978B8B22403D40000798E84 /* Titanic.app */ = {isa = PBXFileReference; explicitFileType = wrapper.application; includeInIndex = 0; path = Titanic.app; sourceTree = BUILT_PRODUCTS_DIR; };
		2978B8B52403D40000798E84 /* AppDelegate.swift */ = {isa = PBXFileReference; lastKnownFileType = sourcecode.swift; path = AppDelegate.swift; sourceTree = "<group>"; };
		2978B8B72403D40000798E84 /* SceneDelegate.swift */ = {isa = PBXFileReference; lastKnownFileType = sourcecode.swift; path = SceneDelegate.swift; sourceTree = "<group>"; };
		2978B8B92403D40000798E84 /* TitanicGameViewController.swift */ = {isa = PBXFileReference; lastKnownFileType = sourcecode.swift; path = TitanicGameViewController.swift; sourceTree = "<group>"; };
		2978B8C32403D40100798E84 /* Info.plist */ = {isa = PBXFileReference; lastKnownFileType = text.plist.xml; path = Info.plist; sourceTree = "<group>"; };
		2978B8C82403D40100798E84 /* TitanicTests.xctest */ = {isa = PBXFileReference; explicitFileType = wrapper.cfbundle; includeInIndex = 0; path = TitanicTests.xctest; sourceTree = BUILT_PRODUCTS_DIR; };
		2978B8CC2403D40100798E84 /* TitanicGameTests.swift */ = {isa = PBXFileReference; lastKnownFileType = sourcecode.swift; path = TitanicGameTests.swift; sourceTree = "<group>"; };
		2978B8CE2403D40100798E84 /* Info.plist */ = {isa = PBXFileReference; lastKnownFileType = text.plist.xml; path = Info.plist; sourceTree = "<group>"; };
		2978B8D32403D40100798E84 /* TitanicUITests.xctest */ = {isa = PBXFileReference; explicitFileType = wrapper.cfbundle; includeInIndex = 0; path = TitanicUITests.xctest; sourceTree = BUILT_PRODUCTS_DIR; };
		2978B8D72403D40100798E84 /* TitanicStartGameUITests.swift */ = {isa = PBXFileReference; lastKnownFileType = sourcecode.swift; path = TitanicStartGameUITests.swift; sourceTree = "<group>"; };
		2978B8D92403D40100798E84 /* Info.plist */ = {isa = PBXFileReference; lastKnownFileType = text.plist.xml; path = Info.plist; sourceTree = "<group>"; };
		2978B8EE240C062E00798E84 /* TitanicGame.swift */ = {isa = PBXFileReference; lastKnownFileType = sourcecode.swift; path = TitanicGame.swift; sourceTree = "<group>"; };
		297C48462488DFA600944196 /* UIDevice+Vibrate.swift */ = {isa = PBXFileReference; lastKnownFileType = sourcecode.swift; path = "UIDevice+Vibrate.swift"; sourceTree = "<group>"; };
		297CF4D324CF0F1C007040EE /* .swiftlint.yml */ = {isa = PBXFileReference; lastKnownFileType = text.yaml; path = .swiftlint.yml; sourceTree = "<group>"; };
		297CF4D524CF20AA007040EE /* NewHighscoreEntryTests.swift */ = {isa = PBXFileReference; lastKnownFileType = sourcecode.swift; path = NewHighscoreEntryTests.swift; sourceTree = "<group>"; };
		297CF4D724CF4769007040EE /* GameControlMenuUITests.swift */ = {isa = PBXFileReference; lastKnownFileType = sourcecode.swift; path = GameControlMenuUITests.swift; sourceTree = "<group>"; };
		297CF4E824D46C39007040EE /* HighscoreListTableViewController.swift */ = {isa = PBXFileReference; lastKnownFileType = sourcecode.swift; path = HighscoreListTableViewController.swift; sourceTree = "<group>"; };
		297F8390257BF3C700CB2E5E /* AppInfoViewController.swift */ = {isa = PBXFileReference; lastKnownFileType = sourcecode.swift; path = AppInfoViewController.swift; sourceTree = "<group>"; };
		297F83A2257FDFD200CB2E5E /* GameListView.swift */ = {isa = PBXFileReference; lastKnownFileType = sourcecode.swift; path = GameListView.swift; sourceTree = "<group>"; };
		297F83AA257FE17E00CB2E5E /* GameListEntryView.swift */ = {isa = PBXFileReference; lastKnownFileType = sourcecode.swift; path = GameListEntryView.swift; sourceTree = "<group>"; };
		298010A824C3A741006DC917 /* LaunchScreen.storyboard */ = {isa = PBXFileReference; fileEncoding = 4; lastKnownFileType = file.storyboard; path = LaunchScreen.storyboard; sourceTree = "<group>"; };
		298C7C1D251A9DD700413DDD /* UIApplication+AppVersion.swift */ = {isa = PBXFileReference; lastKnownFileType = sourcecode.swift; path = "UIApplication+AppVersion.swift"; sourceTree = "<group>"; };
		2999A9D324EAADD300C74094 /* TitanicSnapshotTests.xctest */ = {isa = PBXFileReference; explicitFileType = wrapper.cfbundle; includeInIndex = 0; path = TitanicSnapshotTests.xctest; sourceTree = BUILT_PRODUCTS_DIR; };
		2999A9D524EAADD300C74094 /* HighscoreListTests.swift */ = {isa = PBXFileReference; lastKnownFileType = sourcecode.swift; path = HighscoreListTests.swift; sourceTree = "<group>"; };
		2999A9D724EAADD300C74094 /* Info.plist */ = {isa = PBXFileReference; lastKnownFileType = text.plist.xml; path = Info.plist; sourceTree = "<group>"; };
		2999A9E024EAB7DA00C74094 /* TitanicGameViewControllerTests.swift */ = {isa = PBXFileReference; lastKnownFileType = sourcecode.swift; path = TitanicGameViewControllerTests.swift; sourceTree = "<group>"; };
		299E980D24DF2CCF00847FE9 /* TitanicGameViewPresenter+GameState.swift */ = {isa = PBXFileReference; lastKnownFileType = sourcecode.swift; path = "TitanicGameViewPresenter+GameState.swift"; sourceTree = "<group>"; };
		299E981224DF347900847FE9 /* TitanicGame+Player.swift */ = {isa = PBXFileReference; lastKnownFileType = sourcecode.swift; path = "TitanicGame+Player.swift"; sourceTree = "<group>"; };
		299E981824DF3D8600847FE9 /* Outcome.swift */ = {isa = PBXFileReference; lastKnownFileType = sourcecode.swift; path = Outcome.swift; sourceTree = "<group>"; };
		299EE74A2576E3950032E0CA /* GamePickerDelegate.swift */ = {isa = PBXFileReference; lastKnownFileType = sourcecode.swift; path = GamePickerDelegate.swift; sourceTree = "<group>"; };
		29A074AE258D104400846AE7 /* GameListView+ActiveAlert.swift */ = {isa = PBXFileReference; lastKnownFileType = sourcecode.swift; path = "GameListView+ActiveAlert.swift"; sourceTree = "<group>"; };
		29A1314325A88BB40049C2D1 /* ConfigObject.swift */ = {isa = PBXFileReference; lastKnownFileType = sourcecode.swift; path = ConfigObject.swift; sourceTree = "<group>"; };
		29A2841225A3C081001B686A /* GameRules.swift */ = {isa = PBXFileReference; lastKnownFileType = sourcecode.swift; path = GameRules.swift; sourceTree = "<group>"; };
		29A2841825A3C336001B686A /* TitanicGameRules.swift */ = {isa = PBXFileReference; lastKnownFileType = sourcecode.swift; path = TitanicGameRules.swift; sourceTree = "<group>"; };
		29A3A0982447C1E400B5983D /* TitanicGameView.swift */ = {isa = PBXFileReference; lastKnownFileType = sourcecode.swift; path = TitanicGameView.swift; sourceTree = "<group>"; };
		29A863FA25B8DD2D0069F5A7 /* licenses.json */ = {isa = PBXFileReference; fileEncoding = 4; lastKnownFileType = text.json; path = licenses.json; sourceTree = "<group>"; };
		29AA4BB3245EDC2500B8CE96 /* SmokeView.swift */ = {isa = PBXFileReference; lastKnownFileType = sourcecode.swift; path = SmokeView.swift; sourceTree = "<group>"; };
		29B98044246092E200D7C302 /* ScoreStackView.swift */ = {isa = PBXFileReference; lastKnownFileType = sourcecode.swift; path = ScoreStackView.swift; sourceTree = "<group>"; };
		29B980462461F99400D7C302 /* SRCountdownTimer.swift */ = {isa = PBXFileReference; lastKnownFileType = sourcecode.swift; path = SRCountdownTimer.swift; sourceTree = "<group>"; };
		29C11D7825288F7C00B33B41 /* DataHandlingError.swift */ = {isa = PBXFileReference; lastKnownFileType = sourcecode.swift; path = DataHandlingError.swift; sourceTree = "<group>"; };
		29C16600251777FB001D1752 /* README.md */ = {isa = PBXFileReference; lastKnownFileType = net.daringfireball.markdown; path = README.md; sourceTree = "<group>"; };
		29CDB9D8259882E400CEDCAC /* UserDefaults+ObjectOperations.swift */ = {isa = PBXFileReference; lastKnownFileType = sourcecode.swift; path = "UserDefaults+ObjectOperations.swift"; sourceTree = "<group>"; };
		29CDB9DE2598901A00CEDCAC /* TitanicGame+SpeedOption.swift */ = {isa = PBXFileReference; lastKnownFileType = sourcecode.swift; path = "TitanicGame+SpeedOption.swift"; sourceTree = "<group>"; };
		29D6B20024B0EE7800472FC5 /* PauseView.swift */ = {isa = PBXFileReference; lastKnownFileType = sourcecode.swift; path = PauseView.swift; sourceTree = "<group>"; };
		29DB968125640E04007E0BBE /* GameObject.swift */ = {isa = PBXFileReference; lastKnownFileType = sourcecode.swift; path = GameObject.swift; sourceTree = "<group>"; };
		29DB968D25640E37007E0BBE /* IcebergObject.swift */ = {isa = PBXFileReference; lastKnownFileType = sourcecode.swift; path = IcebergObject.swift; sourceTree = "<group>"; };
		29DB969325640E43007E0BBE /* ScoreObject.swift */ = {isa = PBXFileReference; lastKnownFileType = sourcecode.swift; path = ScoreObject.swift; sourceTree = "<group>"; };
		29DB96AD25645D63007E0BBE /* GameHandling.swift */ = {isa = PBXFileReference; lastKnownFileType = sourcecode.swift; path = GameHandling.swift; sourceTree = "<group>"; };
		29DB96F3256B2585007E0BBE /* TitanicGame+Score.swift */ = {isa = PBXFileReference; lastKnownFileType = sourcecode.swift; path = "TitanicGame+Score.swift"; sourceTree = "<group>"; };
		29DDA89E24F05D2B00D5733F /* TitanicGameViewNaviPresenter.swift */ = {isa = PBXFileReference; lastKnownFileType = sourcecode.swift; path = TitanicGameViewNaviPresenter.swift; sourceTree = "<group>"; };
		29DDA8A024F173DD00D5733F /* TitanicGameViewPresenter+GameData.swift */ = {isa = PBXFileReference; lastKnownFileType = sourcecode.swift; path = "TitanicGameViewPresenter+GameData.swift"; sourceTree = "<group>"; };
		29DDA8A224F1A04300D5733F /* TitanicMockGameViewPresenterTest.swift */ = {isa = PBXFileReference; lastKnownFileType = sourcecode.swift; path = TitanicMockGameViewPresenterTest.swift; sourceTree = "<group>"; };
		29DDA8A624F6F18C00D5733F /* PreparationCountdownViewController.swift */ = {isa = PBXFileReference; lastKnownFileType = sourcecode.swift; path = PreparationCountdownViewController.swift; sourceTree = "<group>"; };
		29DDA8AA24F70A9E00D5733F /* GameEndViewController.swift */ = {isa = PBXFileReference; lastKnownFileType = sourcecode.swift; path = GameEndViewController.swift; sourceTree = "<group>"; };
		29DDA8AC24F7105600D5733F /* UIViewController+ChildViewController.swift */ = {isa = PBXFileReference; lastKnownFileType = sourcecode.swift; path = "UIViewController+ChildViewController.swift"; sourceTree = "<group>"; };
		29E3745C25212CA200789FF3 /* AvoidMassiveGameVC.jpg */ = {isa = PBXFileReference; lastKnownFileType = image.jpeg; path = AvoidMassiveGameVC.jpg; sourceTree = "<group>"; };
		29E3746225212CAC00789FF3 /* GameScene.jpg */ = {isa = PBXFileReference; lastKnownFileType = image.jpeg; path = GameScene.jpg; sourceTree = "<group>"; };
		29E3746825212CB200789FF3 /* AdaptingLayout.jpg */ = {isa = PBXFileReference; lastKnownFileType = image.jpeg; path = AdaptingLayout.jpg; sourceTree = "<group>"; };
		29E3746E25212CBB00789FF3 /* MVP.jpg */ = {isa = PBXFileReference; lastKnownFileType = image.jpeg; path = MVP.jpg; sourceTree = "<group>"; };
		29E374A925238B6900789FF3 /* FileHandling.swift */ = {isa = PBXFileReference; lastKnownFileType = sourcecode.swift; path = FileHandling.swift; sourceTree = "<group>"; };
		29E9004E244CD16C0022BD8F /* ImageView.swift */ = {isa = PBXFileReference; lastKnownFileType = sourcecode.swift; path = ImageView.swift; sourceTree = "<group>"; };
		29EEA951252A61FF000FC7B7 /* TitanicGameViewControllerTests.swift */ = {isa = PBXFileReference; fileEncoding = 4; lastKnownFileType = sourcecode.swift; path = TitanicGameViewControllerTests.swift; sourceTree = "<group>"; };
		29EEA95B252A6243000FC7B7 /* NavigationPresenterTests.swift */ = {isa = PBXFileReference; fileEncoding = 4; lastKnownFileType = sourcecode.swift; path = NavigationPresenterTests.swift; sourceTree = "<group>"; };
		29EEA97F252B4CDB000FC7B7 /* HighscoreListPersistenceTests.swift */ = {isa = PBXFileReference; lastKnownFileType = sourcecode.swift; path = HighscoreListPersistenceTests.swift; sourceTree = "<group>"; };
		29EF3614252E658200F1D923 /* UIViewController+Dismiss.swift */ = {isa = PBXFileReference; lastKnownFileType = sourcecode.swift; path = "UIViewController+Dismiss.swift"; sourceTree = "<group>"; };
		29EF3636253329B500F1D923 /* Animation.txt */ = {isa = PBXFileReference; fileEncoding = 4; lastKnownFileType = text; path = Animation.txt; sourceTree = "<group>"; };
		29F3BC0D2437C6F200FB894E /* GameRulesViewController.swift */ = {isa = PBXFileReference; lastKnownFileType = sourcecode.swift; path = GameRulesViewController.swift; sourceTree = "<group>"; };
		29FA73BD24B743ED000F8C8E /* AvoidMassiveGameVC.txt */ = {isa = PBXFileReference; fileEncoding = 4; lastKnownFileType = text; path = AvoidMassiveGameVC.txt; sourceTree = "<group>"; };
		29FA73BF24B743FE000F8C8E /* AdaptingLayout.txt */ = {isa = PBXFileReference; fileEncoding = 4; lastKnownFileType = text; path = AdaptingLayout.txt; sourceTree = "<group>"; };
		29FA73D024B7798E000F8C8E /* Welcome.storyboard */ = {isa = PBXFileReference; fileEncoding = 4; lastKnownFileType = file.storyboard; path = Welcome.storyboard; sourceTree = "<group>"; };
		29FA73D624B77AB8000F8C8E /* en */ = {isa = PBXFileReference; lastKnownFileType = text.plist.strings; name = en; path = en.lproj/Localizable.strings; sourceTree = "<group>"; };
		29FA73D824B77AC9000F8C8E /* de */ = {isa = PBXFileReference; lastKnownFileType = text.plist.strings; name = de; path = de.lproj/Localizable.strings; sourceTree = "<group>"; };
		29FA73DB24B78266000F8C8E /* AppIcon.xcassets */ = {isa = PBXFileReference; lastKnownFileType = folder.assetcatalog; path = AppIcon.xcassets; sourceTree = "<group>"; };
		29FA73DD24B78285000F8C8E /* Assets.xcassets */ = {isa = PBXFileReference; lastKnownFileType = folder.assetcatalog; path = Assets.xcassets; sourceTree = "<group>"; };
		29FA73E024B78A5E000F8C8E /* Smoke.sks */ = {isa = PBXFileReference; lastKnownFileType = file.sks; path = Smoke.sks; sourceTree = "<group>"; };
		29FA73E324B7A097000F8C8E /* UIViewController+Alert.swift */ = {isa = PBXFileReference; fileEncoding = 4; lastKnownFileType = sourcecode.swift; path = "UIViewController+Alert.swift"; sourceTree = "<group>"; };
		29FA73E524B7A805000F8C8E /* NotificationName.swift */ = {isa = PBXFileReference; lastKnownFileType = sourcecode.swift; path = NotificationName.swift; sourceTree = "<group>"; };
		29FA73E724B7CB6D000F8C8E /* TitanicGameViewPresenterDelegate.swift */ = {isa = PBXFileReference; lastKnownFileType = sourcecode.swift; path = TitanicGameViewPresenterDelegate.swift; sourceTree = "<group>"; };
		29FA73EA24B7F129000F8C8E /* SRCountdownTimerDelegate.swift */ = {isa = PBXFileReference; lastKnownFileType = sourcecode.swift; path = SRCountdownTimerDelegate.swift; sourceTree = "<group>"; };
		29FA73EE24B87D5E000F8C8E /* GameRules.storyboard */ = {isa = PBXFileReference; lastKnownFileType = file.storyboard; path = GameRules.storyboard; sourceTree = "<group>"; };
		29FA73F224B884F8000F8C8E /* Concept.storyboard */ = {isa = PBXFileReference; lastKnownFileType = file.storyboard; path = Concept.storyboard; sourceTree = "<group>"; };
		29FA73F824B8A2DB000F8C8E /* DynamicInformationTableViewController.swift */ = {isa = PBXFileReference; lastKnownFileType = sourcecode.swift; path = DynamicInformationTableViewController.swift; sourceTree = "<group>"; };
		29FA73FA24B8A4C7000F8C8E /* AppInfoDetailsNaviPresenter.swift */ = {isa = PBXFileReference; lastKnownFileType = sourcecode.swift; path = AppInfoDetailsNaviPresenter.swift; sourceTree = "<group>"; };
/* End PBXFileReference section */

/* Begin PBXFrameworksBuildPhase section */
		2978B8AF2403D40000798E84 /* Frameworks */ = {
			isa = PBXFrameworksBuildPhase;
			buildActionMask = 2147483647;
			files = (
			);
			runOnlyForDeploymentPostprocessing = 0;
		};
		2978B8C52403D40100798E84 /* Frameworks */ = {
			isa = PBXFrameworksBuildPhase;
			buildActionMask = 2147483647;
			files = (
			);
			runOnlyForDeploymentPostprocessing = 0;
		};
		2978B8D02403D40100798E84 /* Frameworks */ = {
			isa = PBXFrameworksBuildPhase;
			buildActionMask = 2147483647;
			files = (
			);
			runOnlyForDeploymentPostprocessing = 0;
		};
		2999A9D024EAADD300C74094 /* Frameworks */ = {
			isa = PBXFrameworksBuildPhase;
			buildActionMask = 2147483647;
			files = (
				2999A9DF24EAB09400C74094 /* SnapshotTesting in Frameworks */,
			);
			runOnlyForDeploymentPostprocessing = 0;
		};
/* End PBXFrameworksBuildPhase section */

/* Begin PBXGroup section */
		292521C2241291260005D455 /* Helpers */ = {
			isa = PBXGroup;
			children = (
				29FA73DF24B78900000F8C8E /* View Helpers */,
				29FA73E224B78A80000F8C8E /* Utility Helpers */,
			);
			path = Helpers;
			sourceTree = "<group>";
		};
		29252201241999BE0005D455 /* Resources */ = {
			isa = PBXGroup;
			children = (
				29C166012517E818001D1752 /* Images */,
				29FA73DA24B78141000F8C8E /* Assets */,
				29824797249D46B3003C7618 /* Storyboards */,
				29FA73E024B78A5E000F8C8E /* Smoke.sks */,
				29FA73D424B779E4000F8C8E /* StringLocalization */,
				29FA73D924B77B1B000F8C8E /* LocalTxtFiles */,
			);
			path = Resources;
			sourceTree = "<group>";
		};
		2925B8EB2458A91B000EEB1E /* Presenter */ = {
			isa = PBXGroup;
			children = (
				293B050925C0962F0088D14B /* HighscoreList */,
				293B050825C095F80088D14B /* AppInformation */,
				299E981724DF367300847FE9 /* Alert */,
				299E981624DF365800847FE9 /* GameView */,
			);
			path = Presenter;
			sourceTree = "<group>";
		};
		29379BEB24AA4EA400D38F2B /* Extensions */ = {
			isa = PBXGroup;
			children = (
				29FA73E324B7A097000F8C8E /* UIViewController+Alert.swift */,
				29DDA8AC24F7105600D5733F /* UIViewController+ChildViewController.swift */,
				29EF3614252E658200F1D923 /* UIViewController+Dismiss.swift */,
				297C48462488DFA600944196 /* UIDevice+Vibrate.swift */,
				295E4CDD24C4F47200C7A78F /* Double+RoundToPlaces.swift */,
				29379BEC24AA4ECF00D38F2B /* UIFont+Scale.swift */,
				29379BEE24AA4F0E00D38F2B /* UIImage+Resize.swift */,
				29379BF024AA4FE000D38F2B /* Collection+ElementOperations.swift */,
				29379BF424AA533D00D38F2B /* UIColor+CustomColor.swift */,
				29FA73E524B7A805000F8C8E /* NotificationName.swift */,
				298C7C1D251A9DD700413DDD /* UIApplication+AppVersion.swift */,
				29CDB9D8259882E400CEDCAC /* UserDefaults+ObjectOperations.swift */,
			);
			path = Extensions;
			sourceTree = "<group>";
		};
		29379C0924AE609C00D38F2B /* Handler */ = {
			isa = PBXGroup;
			children = (
				29C11D7825288F7C00B33B41 /* DataHandlingError.swift */,
				29379C0724ADF1EA00D38F2B /* PlayerHandling.swift */,
				29DB96AD25645D63007E0BBE /* GameHandling.swift */,
			);
			path = Handler;
			sourceTree = "<group>";
		};
		293B050825C095F80088D14B /* AppInformation */ = {
			isa = PBXGroup;
			children = (
				29FA73FA24B8A4C7000F8C8E /* AppInfoDetailsNaviPresenter.swift */,
			);
			path = AppInformation;
			sourceTree = "<group>";
		};
		293B050925C0962F0088D14B /* HighscoreList */ = {
			isa = PBXGroup;
			children = (
				29379C0B24AE7CF600D38F2B /* HighscoreListNaviPresenter.swift */,
			);
			path = HighscoreList;
			sourceTree = "<group>";
		};
		296B2D0C25AF9B3C00433C1C /* View Modifier */ = {
			isa = PBXGroup;
			children = (
				2914C0522582BFE900C4F6A6 /* SlidableSlot.swift */,
				296B2D0D25AF9B7D00433C1C /* EqualWidth.swift */,
			);
			name = "View Modifier";
			sourceTree = "<group>";
		};
		296C52F324451FA80044401D /* CustomViews */ = {
			isa = PBXGroup;
			children = (
				299E981424DF35E000847FE9 /* Game */,
			);
			path = CustomViews;
			sourceTree = "<group>";
		};
		2978B8A92403D40000798E84 = {
			isa = PBXGroup;
			children = (
				29A863FA25B8DD2D0069F5A7 /* licenses.json */,
				292B85E825B8A99700A88E15 /* LICENSE */,
				29C16600251777FB001D1752 /* README.md */,
				297CF4D324CF0F1C007040EE /* .swiftlint.yml */,
				2978B8B42403D40000798E84 /* Titanic */,
				2978B8CB2403D40100798E84 /* TitanicTests */,
				2978B8D62403D40100798E84 /* TitanicUITests */,
				2999A9D424EAADD300C74094 /* TitanicSnapshotTests */,
				2978B8B32403D40000798E84 /* Products */,
			);
			sourceTree = "<group>";
		};
		2978B8B32403D40000798E84 /* Products */ = {
			isa = PBXGroup;
			children = (
				2978B8B22403D40000798E84 /* Titanic.app */,
				2978B8C82403D40100798E84 /* TitanicTests.xctest */,
				2978B8D32403D40100798E84 /* TitanicUITests.xctest */,
				2999A9D324EAADD300C74094 /* TitanicSnapshotTests.xctest */,
			);
			name = Products;
			sourceTree = "<group>";
		};
		2978B8B42403D40000798E84 /* Titanic */ = {
			isa = PBXGroup;
			children = (
				29379BEB24AA4EA400D38F2B /* Extensions */,
				296C52F324451FA80044401D /* CustomViews */,
				297F83A8257FE04C00CB2E5E /* SwiftUI */,
				2925B8EB2458A91B000EEB1E /* Presenter */,
				299E980424DF05B400847FE9 /* Scenes */,
				29379C0924AE609C00D38F2B /* Handler */,
				2978B8E62403D85000798E84 /* Models */,
				2978B8E52403D83C00798E84 /* Supporting Files */,
				29252201241999BE0005D455 /* Resources */,
				292521C2241291260005D455 /* Helpers */,
				29FA73E924B7CB7F000F8C8E /* Protocols */,
			);
			path = Titanic;
			sourceTree = "<group>";
		};
		2978B8CB2403D40100798E84 /* TitanicTests */ = {
			isa = PBXGroup;
			children = (
				292B85E225B79CA700A88E15 /* GameHandlingTests.swift */,
				292B85DC25B768D400A88E15 /* TitanicGameViewPresenterTest.swift */,
				29EEA97F252B4CDB000FC7B7 /* HighscoreListPersistenceTests.swift */,
				29EEA95B252A6243000FC7B7 /* NavigationPresenterTests.swift */,
				29EEA951252A61FF000FC7B7 /* TitanicGameViewControllerTests.swift */,
				29DDA8A224F1A04300D5733F /* TitanicMockGameViewPresenterTest.swift */,
				297CF4D524CF20AA007040EE /* NewHighscoreEntryTests.swift */,
				295E4CE124C98D0400C7A78F /* TitanicGamePresenterStateTests.swift */,
				295E4CDF24C59F5400C7A78F /* PlayerHandlingTests.swift */,
				2978B8CC2403D40100798E84 /* TitanicGameTests.swift */,
				2978B8CE2403D40100798E84 /* Info.plist */,
			);
			path = TitanicTests;
			sourceTree = "<group>";
		};
		2978B8D62403D40100798E84 /* TitanicUITests */ = {
			isa = PBXGroup;
			children = (
				297CF4D724CF4769007040EE /* GameControlMenuUITests.swift */,
				2978B8D72403D40100798E84 /* TitanicStartGameUITests.swift */,
				2978B8D92403D40100798E84 /* Info.plist */,
			);
			path = TitanicUITests;
			sourceTree = "<group>";
		};
		2978B8E52403D83C00798E84 /* Supporting Files */ = {
			isa = PBXGroup;
			children = (
				2978B8C32403D40100798E84 /* Info.plist */,
				2978B8B72403D40000798E84 /* SceneDelegate.swift */,
				2978B8B52403D40000798E84 /* AppDelegate.swift */,
			);
			path = "Supporting Files";
			sourceTree = "<group>";
		};
		2978B8E62403D85000798E84 /* Models */ = {
			isa = PBXGroup;
			children = (
				29CDB9E42598912900CEDCAC /* Speed */,
				29DB966B2562E7C2007E0BBE /* CoreData */,
				299E980C24DF2BD800847FE9 /* Game */,
				299E980B24DF2BBB00847FE9 /* GameViewPresenter */,
				299E981A24DF3D9100847FE9 /* Alert */,
			);
			path = Models;
			sourceTree = "<group>";
		};
		297F83A8257FE04C00CB2E5E /* SwiftUI */ = {
			isa = PBXGroup;
			children = (
				29A2841125A3BC82001B686A /* Extensions */,
				29A2841025A3BC44001B686A /* ViewModel */,
				29A2840F25A3BBED001B686A /* Model */,
				296B2D0C25AF9B3C00433C1C /* View Modifier */,
				297F83A9257FE06A00CB2E5E /* Views */,
				297F83B0257FE4CB00CB2E5E /* OberservableObject Publisher */,
				297F83B1257FE6DA00CB2E5E /* Navigation Presenter */,
			);
			path = SwiftUI;
			sourceTree = "<group>";
		};
		297F83A9257FE06A00CB2E5E /* Views */ = {
			isa = PBXGroup;
			children = (
				2910FF6B2572F973009BDCDF /* GameChooserView.swift */,
				297F83A2257FDFD200CB2E5E /* GameListView.swift */,
				297F83AA257FE17E00CB2E5E /* GameListEntryView.swift */,
				29A074AE258D104400846AE7 /* GameListView+ActiveAlert.swift */,
				296514F725A0922C00D81BC7 /* HowToPlayView.swift */,
			);
			name = Views;
			sourceTree = "<group>";
		};
		297F83B0257FE4CB00CB2E5E /* OberservableObject Publisher */ = {
			isa = PBXGroup;
			children = (
				299EE74A2576E3950032E0CA /* GamePickerDelegate.swift */,
			);
			name = "OberservableObject Publisher";
			sourceTree = "<group>";
		};
		297F83B1257FE6DA00CB2E5E /* Navigation Presenter */ = {
			isa = PBXGroup;
			children = (
				291A0A372578272700667BD1 /* GameChooserNaviPresenter.swift */,
				296514E9259FACFB00D81BC7 /* FirstUseInstructionsNaviPresenter.swift */,
			);
			path = "Navigation Presenter";
			sourceTree = "<group>";
		};
		29824797249D46B3003C7618 /* Storyboards */ = {
			isa = PBXGroup;
			children = (
				29FA73D024B7798E000F8C8E /* Welcome.storyboard */,
				298010A824C3A741006DC917 /* LaunchScreen.storyboard */,
				29FA73EE24B87D5E000F8C8E /* GameRules.storyboard */,
				29FA73F224B884F8000F8C8E /* Concept.storyboard */,
			);
			path = Storyboards;
			sourceTree = "<group>";
		};
		298C7C27251D1D7500413DDD /* AppInformationDetails */ = {
			isa = PBXGroup;
			children = (
				29FA73F824B8A2DB000F8C8E /* DynamicInformationTableViewController.swift */,
				29379BFF24ABD33000D38F2B /* AppConceptViewController.swift */,
				29F3BC0D2437C6F200FB894E /* GameRulesViewController.swift */,
			);
			path = AppInformationDetails;
			sourceTree = "<group>";
		};
		2999A9D424EAADD300C74094 /* TitanicSnapshotTests */ = {
			isa = PBXGroup;
			children = (
				293CF9282529CA17000678EA /* PlayerHandlingErrorAlerts.swift */,
				2999A9E024EAB7DA00C74094 /* TitanicGameViewControllerTests.swift */,
				2999A9D524EAADD300C74094 /* HighscoreListTests.swift */,
				2999A9D724EAADD300C74094 /* Info.plist */,
			);
			path = TitanicSnapshotTests;
			sourceTree = "<group>";
		};
		299E980424DF05B400847FE9 /* Scenes */ = {
			isa = PBXGroup;
			children = (
				299E980524DF05DE00847FE9 /* Game */,
				299E980624DF05E800847FE9 /* HighscoreList */,
				299E980824DF068500847FE9 /* Welcome */,
				299E980924DF299E00847FE9 /* AppInformation */,
			);
			path = Scenes;
			sourceTree = "<group>";
		};
		299E980524DF05DE00847FE9 /* Game */ = {
			isa = PBXGroup;
			children = (
				2978B8B92403D40000798E84 /* TitanicGameViewController.swift */,
				29DDA8A624F6F18C00D5733F /* PreparationCountdownViewController.swift */,
				29DDA8AA24F70A9E00D5733F /* GameEndViewController.swift */,
			);
			path = Game;
			sourceTree = "<group>";
		};
		299E980624DF05E800847FE9 /* HighscoreList */ = {
			isa = PBXGroup;
			children = (
				297CF4E824D46C39007040EE /* HighscoreListTableViewController.swift */,
			);
			path = HighscoreList;
			sourceTree = "<group>";
		};
		299E980824DF068500847FE9 /* Welcome */ = {
			isa = PBXGroup;
			children = (
				2918EE412439120E008EC004 /* WelcomeViewController.swift */,
				290A810625927862002956AF /* ChooseSpeedTableViewController.swift */,
			);
			path = Welcome;
			sourceTree = "<group>";
		};
		299E980924DF299E00847FE9 /* AppInformation */ = {
			isa = PBXGroup;
			children = (
				297F8390257BF3C700CB2E5E /* AppInfoViewController.swift */,
				2910FF4D257125E8009BDCDF /* AppInfoViewController+Category.swift */,
				298C7C27251D1D7500413DDD /* AppInformationDetails */,
			);
			path = AppInformation;
			sourceTree = "<group>";
		};
		299E980B24DF2BBB00847FE9 /* GameViewPresenter */ = {
			isa = PBXGroup;
			children = (
				299E980D24DF2CCF00847FE9 /* TitanicGameViewPresenter+GameState.swift */,
				29DDA8A024F173DD00D5733F /* TitanicGameViewPresenter+GameData.swift */,
			);
			path = GameViewPresenter;
			sourceTree = "<group>";
		};
		299E980C24DF2BD800847FE9 /* Game */ = {
			isa = PBXGroup;
			children = (
				2978B8EE240C062E00798E84 /* TitanicGame.swift */,
				29DB96F3256B2585007E0BBE /* TitanicGame+Score.swift */,
				299E981224DF347900847FE9 /* TitanicGame+Player.swift */,
				292521C9241702C50005D455 /* TitanicGame+Iceberg.swift */,
				29CDB9DE2598901A00CEDCAC /* TitanicGame+SpeedOption.swift */,
			);
			path = Game;
			sourceTree = "<group>";
		};
		299E981424DF35E000847FE9 /* Game */ = {
			isa = PBXGroup;
			children = (
				29A3A0982447C1E400B5983D /* TitanicGameView.swift */,
				29E9004E244CD16C0022BD8F /* ImageView.swift */,
				29B98044246092E200D7C302 /* ScoreStackView.swift */,
				29B980462461F99400D7C302 /* SRCountdownTimer.swift */,
				29379BFD24AB873000D38F2B /* GameStateView.swift */,
				29AA4BB3245EDC2500B8CE96 /* SmokeView.swift */,
				29D6B20024B0EE7800472FC5 /* PauseView.swift */,
			);
			path = Game;
			sourceTree = "<group>";
		};
		299E981624DF365800847FE9 /* GameView */ = {
			isa = PBXGroup;
			children = (
				29DDA89E24F05D2B00D5733F /* TitanicGameViewNaviPresenter.swift */,
				2918EE43243CA85C008EC004 /* TitanicGameViewPresenter.swift */,
			);
			path = GameView;
			sourceTree = "<group>";
		};
		299E981724DF367300847FE9 /* Alert */ = {
			isa = PBXGroup;
			children = (
				29379C0324AD09D400D38F2B /* GameStateMenuPresenter.swift */,
				29379C0524AD484000D38F2B /* NewHighscoreEntryPresenter.swift */,
			);
			path = Alert;
			sourceTree = "<group>";
		};
		299E981A24DF3D9100847FE9 /* Alert */ = {
			isa = PBXGroup;
			children = (
				299E981824DF3D8600847FE9 /* Outcome.swift */,
			);
			path = Alert;
			sourceTree = "<group>";
		};
		299E981D24DF57A000847FE9 /* LegalNotices */ = {
			isa = PBXGroup;
			children = (
				29379BE924AA48C400D38F2B /* LegalNotices.txt */,
			);
			path = LegalNotices;
			sourceTree = "<group>";
		};
		299E981E24DF57C900847FE9 /* Concept */ = {
			isa = PBXGroup;
			children = (
				2938C12924B50A2700174FE4 /* MVP.txt */,
				29FA73BF24B743FE000F8C8E /* AdaptingLayout.txt */,
				29EF3636253329B500F1D923 /* Animation.txt */,
				29FA73BD24B743ED000F8C8E /* AvoidMassiveGameVC.txt */,
			);
			path = Concept;
			sourceTree = "<group>";
		};
		299E981F24DF57DC00847FE9 /* About */ = {
			isa = PBXGroup;
			children = (
				29379BFB24AAB5F400D38F2B /* AboutTheApp.txt */,
			);
			path = About;
			sourceTree = "<group>";
		};
		29A2840F25A3BBED001B686A /* Model */ = {
			isa = PBXGroup;
			children = (
				2914C0532582BFEA00C4F6A6 /* Slot.swift */,
				29A2841225A3C081001B686A /* GameRules.swift */,
				296B2D1725AF9C6200433C1C /* WidthPreferenceKey.swift */,
			);
			path = Model;
			sourceTree = "<group>";
		};
		29A2841025A3BC44001B686A /* ViewModel */ = {
			isa = PBXGroup;
			children = (
				29A2841825A3C336001B686A /* TitanicGameRules.swift */,
			);
			path = ViewModel;
			sourceTree = "<group>";
		};
		29A2841125A3BC82001B686A /* Extensions */ = {
			isa = PBXGroup;
			children = (
				2914C0512582BFE900C4F6A6 /* View+LeftSwipe.swift */,
				296B2D0625AF99E600433C1C /* View+EqualWidth.swift */,
			);
			path = Extensions;
			sourceTree = "<group>";
		};
		29C166012517E818001D1752 /* Images */ = {
			isa = PBXGroup;
			children = (
				2976B48B25FFC85D00591305 /* GameStart.gif */,
				293B050225BF7B1D0088D14B /* HowToPlay.gif */,
				293B04F825BF74C30088D14B /* StoredGames.gif */,
				293B04E825BF727D0088D14B /* Iceberg.gif */,
				29E3746825212CB200789FF3 /* AdaptingLayout.jpg */,
				29E3746225212CAC00789FF3 /* GameScene.jpg */,
				29E3745C25212CA200789FF3 /* AvoidMassiveGameVC.jpg */,
				29E3746E25212CBB00789FF3 /* MVP.jpg */,
			);
			path = Images;
			sourceTree = "<group>";
		};
		29CDB9E42598912900CEDCAC /* Speed */ = {
			isa = PBXGroup;
			children = (
				290A8100259276D3002956AF /* Speed.swift */,
			);
			path = Speed;
			sourceTree = "<group>";
		};
		29DB966B2562E7C2007E0BBE /* CoreData */ = {
			isa = PBXGroup;
			children = (
				2966832B258FCB4F00129DCF /* Titanic.xcdatamodeld */,
				29DB968125640E04007E0BBE /* GameObject.swift */,
				29DB968D25640E37007E0BBE /* IcebergObject.swift */,
				29DB969325640E43007E0BBE /* ScoreObject.swift */,
				29A1314325A88BB40049C2D1 /* ConfigObject.swift */,
			);
			path = CoreData;
			sourceTree = "<group>";
		};
		29FA73D424B779E4000F8C8E /* StringLocalization */ = {
			isa = PBXGroup;
			children = (
				29FA73D724B77AB8000F8C8E /* Localizable.strings */,
			);
			path = StringLocalization;
			sourceTree = "<group>";
		};
		29FA73D924B77B1B000F8C8E /* LocalTxtFiles */ = {
			isa = PBXGroup;
			children = (
				299E981E24DF57C900847FE9 /* Concept */,
				299E981F24DF57DC00847FE9 /* About */,
				299E981D24DF57A000847FE9 /* LegalNotices */,
			);
			path = LocalTxtFiles;
			sourceTree = "<group>";
		};
		29FA73DA24B78141000F8C8E /* Assets */ = {
			isa = PBXGroup;
			children = (
				29FA73DB24B78266000F8C8E /* AppIcon.xcassets */,
				29FA73DD24B78285000F8C8E /* Assets.xcassets */,
			);
			path = Assets;
			sourceTree = "<group>";
		};
		29FA73DF24B78900000F8C8E /* View Helpers */ = {
			isa = PBXGroup;
			children = (
				292521C3241291260005D455 /* AppStrings.swift */,
			);
			path = "View Helpers";
			sourceTree = "<group>";
		};
		29FA73E224B78A80000F8C8E /* Utility Helpers */ = {
			isa = PBXGroup;
			children = (
				29379BF724AA53DD00D38F2B /* UtilityHelpers.swift */,
			);
			path = "Utility Helpers";
			sourceTree = "<group>";
		};
		29FA73E924B7CB7F000F8C8E /* Protocols */ = {
			isa = PBXGroup;
			children = (
				29FA73E724B7CB6D000F8C8E /* TitanicGameViewPresenterDelegate.swift */,
				29FA73EA24B7F129000F8C8E /* SRCountdownTimerDelegate.swift */,
				29E374A925238B6900789FF3 /* FileHandling.swift */,
			);
			path = Protocols;
			sourceTree = "<group>";
		};
/* End PBXGroup section */

/* Begin PBXNativeTarget section */
		2978B8B12403D40000798E84 /* Titanic */ = {
			isa = PBXNativeTarget;
			buildConfigurationList = 2978B8DC2403D40100798E84 /* Build configuration list for PBXNativeTarget "Titanic" */;
			buildPhases = (
				2978B8AE2403D40000798E84 /* Sources */,
				2978B8AF2403D40000798E84 /* Frameworks */,
				2978B8B02403D40000798E84 /* Resources */,
				297CF4CE24CC9EDB007040EE /* Swiftlint */,
			);
			buildRules = (
			);
			dependencies = (
			);
			name = Titanic;
			packageProductDependencies = (
			);
			productName = Titanic;
			productReference = 2978B8B22403D40000798E84 /* Titanic.app */;
			productType = "com.apple.product-type.application";
		};
		2978B8C72403D40100798E84 /* TitanicTests */ = {
			isa = PBXNativeTarget;
			buildConfigurationList = 2978B8DF2403D40100798E84 /* Build configuration list for PBXNativeTarget "TitanicTests" */;
			buildPhases = (
				2978B8C42403D40100798E84 /* Sources */,
				2978B8C52403D40100798E84 /* Frameworks */,
				2978B8C62403D40100798E84 /* Resources */,
			);
			buildRules = (
			);
			dependencies = (
				2978B8CA2403D40100798E84 /* PBXTargetDependency */,
			);
			name = TitanicTests;
			packageProductDependencies = (
			);
			productName = TitanicTests;
			productReference = 2978B8C82403D40100798E84 /* TitanicTests.xctest */;
			productType = "com.apple.product-type.bundle.unit-test";
		};
		2978B8D22403D40100798E84 /* TitanicUITests */ = {
			isa = PBXNativeTarget;
			buildConfigurationList = 2978B8E22403D40100798E84 /* Build configuration list for PBXNativeTarget "TitanicUITests" */;
			buildPhases = (
				2978B8CF2403D40100798E84 /* Sources */,
				2978B8D02403D40100798E84 /* Frameworks */,
				2978B8D12403D40100798E84 /* Resources */,
			);
			buildRules = (
			);
			dependencies = (
				2978B8D52403D40100798E84 /* PBXTargetDependency */,
			);
			name = TitanicUITests;
			productName = TitanicUITests;
			productReference = 2978B8D32403D40100798E84 /* TitanicUITests.xctest */;
			productType = "com.apple.product-type.bundle.ui-testing";
		};
		2999A9D224EAADD300C74094 /* TitanicSnapshotTests */ = {
			isa = PBXNativeTarget;
			buildConfigurationList = 2999A9DA24EAADD300C74094 /* Build configuration list for PBXNativeTarget "TitanicSnapshotTests" */;
			buildPhases = (
				2999A9CF24EAADD300C74094 /* Sources */,
				2999A9D024EAADD300C74094 /* Frameworks */,
				2999A9D124EAADD300C74094 /* Resources */,
			);
			buildRules = (
			);
			dependencies = (
				2999A9D924EAADD300C74094 /* PBXTargetDependency */,
			);
			name = TitanicSnapshotTests;
			packageProductDependencies = (
				2999A9DE24EAB09400C74094 /* SnapshotTesting */,
			);
			productName = TitanicSnapshotTests;
			productReference = 2999A9D324EAADD300C74094 /* TitanicSnapshotTests.xctest */;
			productType = "com.apple.product-type.bundle.unit-test";
		};
/* End PBXNativeTarget section */

/* Begin PBXProject section */
		2978B8AA2403D40000798E84 /* Project object */ = {
			isa = PBXProject;
			attributes = {
				LastSwiftUpdateCheck = 1200;
				LastUpgradeCheck = 1200;
				ORGANIZATIONNAME = maikdrop;
				TargetAttributes = {
					2978B8B12403D40000798E84 = {
						CreatedOnToolsVersion = 11.3.1;
					};
					2978B8C72403D40100798E84 = {
						CreatedOnToolsVersion = 11.3.1;
						TestTargetID = 2978B8B12403D40000798E84;
					};
					2978B8D22403D40100798E84 = {
						CreatedOnToolsVersion = 11.3.1;
						TestTargetID = 2978B8B12403D40000798E84;
					};
					2999A9D224EAADD300C74094 = {
						CreatedOnToolsVersion = 11.6;
						TestTargetID = 2978B8B12403D40000798E84;
					};
				};
			};
			buildConfigurationList = 2978B8AD2403D40000798E84 /* Build configuration list for PBXProject "Titanic" */;
			compatibilityVersion = "Xcode 9.3";
			developmentRegion = en;
			hasScannedForEncodings = 0;
			knownRegions = (
				en,
				Base,
				de,
			);
			mainGroup = 2978B8A92403D40000798E84;
			packageReferences = (
				2999A9DD24EAB09400C74094 /* XCRemoteSwiftPackageReference "swift-snapshot-testing" */,
			);
			productRefGroup = 2978B8B32403D40000798E84 /* Products */;
			projectDirPath = "";
			projectRoot = "";
			targets = (
				2978B8B12403D40000798E84 /* Titanic */,
				2978B8C72403D40100798E84 /* TitanicTests */,
				2978B8D22403D40100798E84 /* TitanicUITests */,
				2999A9D224EAADD300C74094 /* TitanicSnapshotTests */,
			);
		};
/* End PBXProject section */

/* Begin PBXResourcesBuildPhase section */
		2978B8B02403D40000798E84 /* Resources */ = {
			isa = PBXResourcesBuildPhase;
			buildActionMask = 2147483647;
			files = (
				297CF4D424CF0F1C007040EE /* .swiftlint.yml in Resources */,
				2976B48C25FFC85D00591305 /* GameStart.gif in Resources */,
				29E3746F25212CBB00789FF3 /* MVP.jpg in Resources */,
				29A863FB25B8DD2D0069F5A7 /* licenses.json in Resources */,
				29FA73D524B77AB8000F8C8E /* Localizable.strings in Resources */,
				29FA73DC24B78266000F8C8E /* AppIcon.xcassets in Resources */,
				293B04F925BF74C30088D14B /* StoredGames.gif in Resources */,
				29FA73C024B743FF000F8C8E /* AdaptingLayout.txt in Resources */,
				29E3745D25212CA300789FF3 /* AvoidMassiveGameVC.jpg in Resources */,
				29379BEA24AA48C400D38F2B /* LegalNotices.txt in Resources */,
				29FA73DE24B78285000F8C8E /* Assets.xcassets in Resources */,
				298010A924C3A741006DC917 /* LaunchScreen.storyboard in Resources */,
				29FA73D124B7798E000F8C8E /* Welcome.storyboard in Resources */,
				293B050325BF7B1D0088D14B /* HowToPlay.gif in Resources */,
				29E3746325212CAC00789FF3 /* GameScene.jpg in Resources */,
				29FA73EF24B87D5E000F8C8E /* GameRules.storyboard in Resources */,
				29379BFC24AAB5F400D38F2B /* AboutTheApp.txt in Resources */,
				29FA73BE24B743ED000F8C8E /* AvoidMassiveGameVC.txt in Resources */,
				2938C12A24B50A2700174FE4 /* MVP.txt in Resources */,
				29EF3637253329B500F1D923 /* Animation.txt in Resources */,
				293B04E925BF727D0088D14B /* Iceberg.gif in Resources */,
				29E3746925212CB300789FF3 /* AdaptingLayout.jpg in Resources */,
				29FA73E124B78A5E000F8C8E /* Smoke.sks in Resources */,
				29FA73F324B884F8000F8C8E /* Concept.storyboard in Resources */,
			);
			runOnlyForDeploymentPostprocessing = 0;
		};
		2978B8C62403D40100798E84 /* Resources */ = {
			isa = PBXResourcesBuildPhase;
			buildActionMask = 2147483647;
			files = (
			);
			runOnlyForDeploymentPostprocessing = 0;
		};
		2978B8D12403D40100798E84 /* Resources */ = {
			isa = PBXResourcesBuildPhase;
			buildActionMask = 2147483647;
			files = (
			);
			runOnlyForDeploymentPostprocessing = 0;
		};
		2999A9D124EAADD300C74094 /* Resources */ = {
			isa = PBXResourcesBuildPhase;
			buildActionMask = 2147483647;
			files = (
			);
			runOnlyForDeploymentPostprocessing = 0;
		};
/* End PBXResourcesBuildPhase section */

/* Begin PBXShellScriptBuildPhase section */
		297CF4CE24CC9EDB007040EE /* Swiftlint */ = {
			isa = PBXShellScriptBuildPhase;
			buildActionMask = 2147483647;
			files = (
			);
			inputFileListPaths = (
			);
			inputPaths = (
			);
			name = Swiftlint;
			outputFileListPaths = (
			);
			outputPaths = (
			);
			runOnlyForDeploymentPostprocessing = 0;
			shellPath = /bin/sh;
			shellScript = "if which swiftlint >/dev/null; then\n    swiftlint\nelse\n    echo \"warning: SwiftLint not installed, download from https://github.com/realm/SwiftLint\"\nfi\n";
		};
/* End PBXShellScriptBuildPhase section */

/* Begin PBXSourcesBuildPhase section */
		2978B8AE2403D40000798E84 /* Sources */ = {
			isa = PBXSourcesBuildPhase;
			buildActionMask = 2147483647;
			files = (
				2914C0552582BFEA00C4F6A6 /* SlidableSlot.swift in Sources */,
				29379BED24AA4ECF00D38F2B /* UIFont+Scale.swift in Sources */,
				29D6B20124B0EE7800472FC5 /* PauseView.swift in Sources */,
				29DDA8AD24F7105600D5733F /* UIViewController+ChildViewController.swift in Sources */,
				29379C0C24AE7CF600D38F2B /* HighscoreListNaviPresenter.swift in Sources */,
				29B98045246092E200D7C302 /* ScoreStackView.swift in Sources */,
				292521CA241702C60005D455 /* TitanicGame+Iceberg.swift in Sources */,
				2910FF4E257125E8009BDCDF /* AppInfoViewController+Category.swift in Sources */,
				29379BF524AA533D00D38F2B /* UIColor+CustomColor.swift in Sources */,
				29A1314425A88BB40049C2D1 /* ConfigObject.swift in Sources */,
				297F83A3257FDFD200CB2E5E /* GameListView.swift in Sources */,
				29A074AF258D104400846AE7 /* GameListView+ActiveAlert.swift in Sources */,
				296B2D0E25AF9B7D00433C1C /* EqualWidth.swift in Sources */,
				296B2D1825AF9C6200433C1C /* WidthPreferenceKey.swift in Sources */,
				2914C0562582BFEA00C4F6A6 /* Slot.swift in Sources */,
				291A0A382578272700667BD1 /* GameChooserNaviPresenter.swift in Sources */,
				29CDB9D9259882E400CEDCAC /* UserDefaults+ObjectOperations.swift in Sources */,
				299E981324DF347900847FE9 /* TitanicGame+Player.swift in Sources */,
				290A810725927862002956AF /* ChooseSpeedTableViewController.swift in Sources */,
				29379C0424AD09D400D38F2B /* GameStateMenuPresenter.swift in Sources */,
				29379BF824AA53DD00D38F2B /* UtilityHelpers.swift in Sources */,
				29DB96AE25645D63007E0BBE /* GameHandling.swift in Sources */,
				2978B8BA2403D40000798E84 /* TitanicGameViewController.swift in Sources */,
				29FA73F924B8A2DB000F8C8E /* DynamicInformationTableViewController.swift in Sources */,
				29F3BC0E2437C6F300FB894E /* GameRulesViewController.swift in Sources */,
				299EE74B2576E3950032E0CA /* GamePickerDelegate.swift in Sources */,
				29DB968E25640E37007E0BBE /* IcebergObject.swift in Sources */,
				29C11D7925288F7C00B33B41 /* DataHandlingError.swift in Sources */,
				297CF4E924D46C39007040EE /* HighscoreListTableViewController.swift in Sources */,
				2978B8EF240C062E00798E84 /* TitanicGame.swift in Sources */,
				29379C0824ADF1EA00D38F2B /* PlayerHandling.swift in Sources */,
				29B980472461F99400D7C302 /* SRCountdownTimer.swift in Sources */,
				2914C0542582BFEA00C4F6A6 /* View+LeftSwipe.swift in Sources */,
				29FA73E424B7A097000F8C8E /* UIViewController+Alert.swift in Sources */,
				299E980E24DF2CCF00847FE9 /* TitanicGameViewPresenter+GameState.swift in Sources */,
				29FA73E824B7CB6E000F8C8E /* TitanicGameViewPresenterDelegate.swift in Sources */,
				29DB96F4256B2585007E0BBE /* TitanicGame+Score.swift in Sources */,
				29CDB9DF2598901A00CEDCAC /* TitanicGame+SpeedOption.swift in Sources */,
				29DB969425640E43007E0BBE /* ScoreObject.swift in Sources */,
				29A3A0992447C1E400B5983D /* TitanicGameView.swift in Sources */,
				29DDA8AB24F70A9E00D5733F /* GameEndViewController.swift in Sources */,
				292521C4241291260005D455 /* AppStrings.swift in Sources */,
				2966832D258FCB4F00129DCF /* Titanic.xcdatamodeld in Sources */,
				29AA4BB4245EDC2500B8CE96 /* SmokeView.swift in Sources */,
				298C7C1E251A9DD700413DDD /* UIApplication+AppVersion.swift in Sources */,
				2910FF6C2572F973009BDCDF /* GameChooserView.swift in Sources */,
				29FA73E624B7A805000F8C8E /* NotificationName.swift in Sources */,
				29DDA89F24F05D2B00D5733F /* TitanicGameViewNaviPresenter.swift in Sources */,
				29379C0024ABD33000D38F2B /* AppConceptViewController.swift in Sources */,
				290A8101259276D4002956AF /* Speed.swift in Sources */,
				29EF3615252E658200F1D923 /* UIViewController+Dismiss.swift in Sources */,
				29379C0624AD484000D38F2B /* NewHighscoreEntryPresenter.swift in Sources */,
				2978B8B62403D40000798E84 /* AppDelegate.swift in Sources */,
				29E9004F244CD16D0022BD8F /* ImageView.swift in Sources */,
				297F83AB257FE17E00CB2E5E /* GameListEntryView.swift in Sources */,
				296514EA259FACFB00D81BC7 /* FirstUseInstructionsNaviPresenter.swift in Sources */,
				29379BEF24AA4F0E00D38F2B /* UIImage+Resize.swift in Sources */,
				2918EE422439120E008EC004 /* WelcomeViewController.swift in Sources */,
				29379BF124AA4FE000D38F2B /* Collection+ElementOperations.swift in Sources */,
				2978B8B82403D40000798E84 /* SceneDelegate.swift in Sources */,
				29DDA8A724F6F18C00D5733F /* PreparationCountdownViewController.swift in Sources */,
				297C48472488DFA600944196 /* UIDevice+Vibrate.swift in Sources */,
				29DB968225640E04007E0BBE /* GameObject.swift in Sources */,
				296514F825A0922C00D81BC7 /* HowToPlayView.swift in Sources */,
				29E374AA25238B6900789FF3 /* FileHandling.swift in Sources */,
				29379BFE24AB873000D38F2B /* GameStateView.swift in Sources */,
				2918EE44243CA85C008EC004 /* TitanicGameViewPresenter.swift in Sources */,
				297F8391257BF3C700CB2E5E /* AppInfoViewController.swift in Sources */,
				299E981924DF3D8600847FE9 /* Outcome.swift in Sources */,
				29A2841925A3C336001B686A /* TitanicGameRules.swift in Sources */,
				296B2D0725AF99E600433C1C /* View+EqualWidth.swift in Sources */,
				295E4CDE24C4F47200C7A78F /* Double+RoundToPlaces.swift in Sources */,
				29A2841325A3C081001B686A /* GameRules.swift in Sources */,
				29DDA8A124F173DD00D5733F /* TitanicGameViewPresenter+GameData.swift in Sources */,
				29FA73EB24B7F129000F8C8E /* SRCountdownTimerDelegate.swift in Sources */,
				29FA73FB24B8A4C7000F8C8E /* AppInfoDetailsNaviPresenter.swift in Sources */,
			);
			runOnlyForDeploymentPostprocessing = 0;
		};
		2978B8C42403D40100798E84 /* Sources */ = {
			isa = PBXSourcesBuildPhase;
			buildActionMask = 2147483647;
			files = (
				29EEA952252A61FF000FC7B7 /* TitanicGameViewControllerTests.swift in Sources */,
				29DDA8A324F1A04300D5733F /* TitanicMockGameViewPresenterTest.swift in Sources */,
				295E4CE024C59F5400C7A78F /* PlayerHandlingTests.swift in Sources */,
				29EEA95C252A6243000FC7B7 /* NavigationPresenterTests.swift in Sources */,
				292B85E325B79CA700A88E15 /* GameHandlingTests.swift in Sources */,
				295E4CE224C98D0400C7A78F /* TitanicGamePresenterStateTests.swift in Sources */,
				297CF4D624CF20AA007040EE /* NewHighscoreEntryTests.swift in Sources */,
				292B85DD25B768D400A88E15 /* TitanicGameViewPresenterTest.swift in Sources */,
				29EEA980252B4CDB000FC7B7 /* HighscoreListPersistenceTests.swift in Sources */,
				2978B8CD2403D40100798E84 /* TitanicGameTests.swift in Sources */,
			);
			runOnlyForDeploymentPostprocessing = 0;
		};
		2978B8CF2403D40100798E84 /* Sources */ = {
			isa = PBXSourcesBuildPhase;
			buildActionMask = 2147483647;
			files = (
				297CF4D824CF4769007040EE /* GameControlMenuUITests.swift in Sources */,
				2978B8D82403D40100798E84 /* TitanicStartGameUITests.swift in Sources */,
			);
			runOnlyForDeploymentPostprocessing = 0;
		};
		2999A9CF24EAADD300C74094 /* Sources */ = {
			isa = PBXSourcesBuildPhase;
			buildActionMask = 2147483647;
			files = (
				293CF9292529CA17000678EA /* PlayerHandlingErrorAlerts.swift in Sources */,
				2999A9E124EAB7DA00C74094 /* TitanicGameViewControllerTests.swift in Sources */,
				2999A9D624EAADD300C74094 /* HighscoreListTests.swift in Sources */,
			);
			runOnlyForDeploymentPostprocessing = 0;
		};
/* End PBXSourcesBuildPhase section */

/* Begin PBXTargetDependency section */
		2978B8CA2403D40100798E84 /* PBXTargetDependency */ = {
			isa = PBXTargetDependency;
			target = 2978B8B12403D40000798E84 /* Titanic */;
			targetProxy = 2978B8C92403D40100798E84 /* PBXContainerItemProxy */;
		};
		2978B8D52403D40100798E84 /* PBXTargetDependency */ = {
			isa = PBXTargetDependency;
			target = 2978B8B12403D40000798E84 /* Titanic */;
			targetProxy = 2978B8D42403D40100798E84 /* PBXContainerItemProxy */;
		};
		2999A9D924EAADD300C74094 /* PBXTargetDependency */ = {
			isa = PBXTargetDependency;
			target = 2978B8B12403D40000798E84 /* Titanic */;
			targetProxy = 2999A9D824EAADD300C74094 /* PBXContainerItemProxy */;
		};
/* End PBXTargetDependency section */

/* Begin PBXVariantGroup section */
		29FA73D724B77AB8000F8C8E /* Localizable.strings */ = {
			isa = PBXVariantGroup;
			children = (
				29FA73D624B77AB8000F8C8E /* en */,
				29FA73D824B77AC9000F8C8E /* de */,
			);
			name = Localizable.strings;
			sourceTree = "<group>";
		};
/* End PBXVariantGroup section */

/* Begin XCBuildConfiguration section */
		2978B8DA2403D40100798E84 /* Debug */ = {
			isa = XCBuildConfiguration;
			buildSettings = {
				ALWAYS_SEARCH_USER_PATHS = NO;
				CLANG_ANALYZER_LOCALIZABILITY_NONLOCALIZED = YES;
				CLANG_ANALYZER_NONNULL = YES;
				CLANG_ANALYZER_NUMBER_OBJECT_CONVERSION = YES_AGGRESSIVE;
				CLANG_CXX_LANGUAGE_STANDARD = "gnu++14";
				CLANG_CXX_LIBRARY = "libc++";
				CLANG_ENABLE_MODULES = YES;
				CLANG_ENABLE_OBJC_ARC = YES;
				CLANG_ENABLE_OBJC_WEAK = YES;
				CLANG_WARN_BLOCK_CAPTURE_AUTORELEASING = YES;
				CLANG_WARN_BOOL_CONVERSION = YES;
				CLANG_WARN_COMMA = YES;
				CLANG_WARN_CONSTANT_CONVERSION = YES;
				CLANG_WARN_DEPRECATED_OBJC_IMPLEMENTATIONS = YES;
				CLANG_WARN_DIRECT_OBJC_ISA_USAGE = YES_ERROR;
				CLANG_WARN_DOCUMENTATION_COMMENTS = YES;
				CLANG_WARN_EMPTY_BODY = YES;
				CLANG_WARN_ENUM_CONVERSION = YES;
				CLANG_WARN_INFINITE_RECURSION = YES;
				CLANG_WARN_INT_CONVERSION = YES;
				CLANG_WARN_NON_LITERAL_NULL_CONVERSION = YES;
				CLANG_WARN_OBJC_IMPLICIT_RETAIN_SELF = YES;
				CLANG_WARN_OBJC_LITERAL_CONVERSION = YES;
				CLANG_WARN_OBJC_ROOT_CLASS = YES_ERROR;
				CLANG_WARN_QUOTED_INCLUDE_IN_FRAMEWORK_HEADER = YES;
				CLANG_WARN_RANGE_LOOP_ANALYSIS = YES;
				CLANG_WARN_STRICT_PROTOTYPES = YES;
				CLANG_WARN_SUSPICIOUS_MOVE = YES;
				CLANG_WARN_UNGUARDED_AVAILABILITY = YES_AGGRESSIVE;
				CLANG_WARN_UNREACHABLE_CODE = YES;
				CLANG_WARN__DUPLICATE_METHOD_MATCH = YES;
				COPY_PHASE_STRIP = NO;
				DEBUG_INFORMATION_FORMAT = dwarf;
				ENABLE_STRICT_OBJC_MSGSEND = YES;
				ENABLE_TESTABILITY = YES;
				GCC_C_LANGUAGE_STANDARD = gnu11;
				GCC_DYNAMIC_NO_PIC = NO;
				GCC_NO_COMMON_BLOCKS = YES;
				GCC_OPTIMIZATION_LEVEL = 0;
				GCC_PREPROCESSOR_DEFINITIONS = (
					"DEBUG=1",
					"$(inherited)",
				);
				GCC_WARN_64_TO_32_BIT_CONVERSION = YES;
				GCC_WARN_ABOUT_RETURN_TYPE = YES_ERROR;
				GCC_WARN_UNDECLARED_SELECTOR = YES;
				GCC_WARN_UNINITIALIZED_AUTOS = YES_AGGRESSIVE;
				GCC_WARN_UNUSED_FUNCTION = YES;
				GCC_WARN_UNUSED_VARIABLE = YES;
				IPHONEOS_DEPLOYMENT_TARGET = 14.0;
				MTL_ENABLE_DEBUG_INFO = INCLUDE_SOURCE;
				MTL_FAST_MATH = YES;
				ONLY_ACTIVE_ARCH = YES;
				SDKROOT = iphoneos;
				SWIFT_ACTIVE_COMPILATION_CONDITIONS = DEBUG;
				SWIFT_OPTIMIZATION_LEVEL = "-Onone";
			};
			name = Debug;
		};
		2978B8DB2403D40100798E84 /* Release */ = {
			isa = XCBuildConfiguration;
			buildSettings = {
				ALWAYS_SEARCH_USER_PATHS = NO;
				CLANG_ANALYZER_LOCALIZABILITY_NONLOCALIZED = YES;
				CLANG_ANALYZER_NONNULL = YES;
				CLANG_ANALYZER_NUMBER_OBJECT_CONVERSION = YES_AGGRESSIVE;
				CLANG_CXX_LANGUAGE_STANDARD = "gnu++14";
				CLANG_CXX_LIBRARY = "libc++";
				CLANG_ENABLE_MODULES = YES;
				CLANG_ENABLE_OBJC_ARC = YES;
				CLANG_ENABLE_OBJC_WEAK = YES;
				CLANG_WARN_BLOCK_CAPTURE_AUTORELEASING = YES;
				CLANG_WARN_BOOL_CONVERSION = YES;
				CLANG_WARN_COMMA = YES;
				CLANG_WARN_CONSTANT_CONVERSION = YES;
				CLANG_WARN_DEPRECATED_OBJC_IMPLEMENTATIONS = YES;
				CLANG_WARN_DIRECT_OBJC_ISA_USAGE = YES_ERROR;
				CLANG_WARN_DOCUMENTATION_COMMENTS = YES;
				CLANG_WARN_EMPTY_BODY = YES;
				CLANG_WARN_ENUM_CONVERSION = YES;
				CLANG_WARN_INFINITE_RECURSION = YES;
				CLANG_WARN_INT_CONVERSION = YES;
				CLANG_WARN_NON_LITERAL_NULL_CONVERSION = YES;
				CLANG_WARN_OBJC_IMPLICIT_RETAIN_SELF = YES;
				CLANG_WARN_OBJC_LITERAL_CONVERSION = YES;
				CLANG_WARN_OBJC_ROOT_CLASS = YES_ERROR;
				CLANG_WARN_QUOTED_INCLUDE_IN_FRAMEWORK_HEADER = YES;
				CLANG_WARN_RANGE_LOOP_ANALYSIS = YES;
				CLANG_WARN_STRICT_PROTOTYPES = YES;
				CLANG_WARN_SUSPICIOUS_MOVE = YES;
				CLANG_WARN_UNGUARDED_AVAILABILITY = YES_AGGRESSIVE;
				CLANG_WARN_UNREACHABLE_CODE = YES;
				CLANG_WARN__DUPLICATE_METHOD_MATCH = YES;
				COPY_PHASE_STRIP = NO;
				DEBUG_INFORMATION_FORMAT = "dwarf-with-dsym";
				ENABLE_NS_ASSERTIONS = NO;
				ENABLE_STRICT_OBJC_MSGSEND = YES;
				GCC_C_LANGUAGE_STANDARD = gnu11;
				GCC_NO_COMMON_BLOCKS = YES;
				GCC_WARN_64_TO_32_BIT_CONVERSION = YES;
				GCC_WARN_ABOUT_RETURN_TYPE = YES_ERROR;
				GCC_WARN_UNDECLARED_SELECTOR = YES;
				GCC_WARN_UNINITIALIZED_AUTOS = YES_AGGRESSIVE;
				GCC_WARN_UNUSED_FUNCTION = YES;
				GCC_WARN_UNUSED_VARIABLE = YES;
				IPHONEOS_DEPLOYMENT_TARGET = 14.0;
				MTL_ENABLE_DEBUG_INFO = NO;
				MTL_FAST_MATH = YES;
				SDKROOT = iphoneos;
				SWIFT_COMPILATION_MODE = wholemodule;
				SWIFT_OPTIMIZATION_LEVEL = "-O";
				VALIDATE_PRODUCT = YES;
			};
			name = Release;
		};
		2978B8DD2403D40100798E84 /* Debug */ = {
			isa = XCBuildConfiguration;
			buildSettings = {
				ASSETCATALOG_COMPILER_APPICON_NAME = AppIcon;
				CODE_SIGN_IDENTITY = "Apple Development";
				CODE_SIGN_STYLE = Automatic;
				CURRENT_PROJECT_VERSION = 1;
				DEVELOPMENT_TEAM = J7FESQ389Q;
				INFOPLIST_FILE = "Titanic/Supporting Files/Info.plist";
				IPHONEOS_DEPLOYMENT_TARGET = 14.0;
				LD_RUNPATH_SEARCH_PATHS = (
					"$(inherited)",
					"@executable_path/Frameworks",
				);
				MARKETING_VERSION = 1.1;
				PRODUCT_BUNDLE_IDENTIFIER = maikdrop.Titanic;
				PRODUCT_NAME = "$(TARGET_NAME)";
				PROVISIONING_PROFILE_SPECIFIER = "";
				SWIFT_VERSION = 5.0;
				TARGETED_DEVICE_FAMILY = 1;
			};
			name = Debug;
		};
		2978B8DE2403D40100798E84 /* Release */ = {
			isa = XCBuildConfiguration;
			buildSettings = {
				ASSETCATALOG_COMPILER_APPICON_NAME = AppIcon;
				CODE_SIGN_IDENTITY = "Apple Development";
				CODE_SIGN_STYLE = Automatic;
				CURRENT_PROJECT_VERSION = 1;
				DEVELOPMENT_TEAM = J7FESQ389Q;
				INFOPLIST_FILE = "Titanic/Supporting Files/Info.plist";
				IPHONEOS_DEPLOYMENT_TARGET = 14.0;
				LD_RUNPATH_SEARCH_PATHS = (
					"$(inherited)",
					"@executable_path/Frameworks",
				);
				MARKETING_VERSION = 1.1;
				PRODUCT_BUNDLE_IDENTIFIER = maikdrop.Titanic;
				PRODUCT_NAME = "$(TARGET_NAME)";
				SWIFT_VERSION = 5.0;
				TARGETED_DEVICE_FAMILY = 1;
			};
			name = Release;
		};
		2978B8E02403D40100798E84 /* Debug */ = {
			isa = XCBuildConfiguration;
			buildSettings = {
				ALWAYS_EMBED_SWIFT_STANDARD_LIBRARIES = YES;
				BUNDLE_LOADER = "$(TEST_HOST)";
				CODE_SIGN_STYLE = Automatic;
				DEVELOPMENT_TEAM = J7FESQ389Q;
				INFOPLIST_FILE = TitanicTests/Info.plist;
				IPHONEOS_DEPLOYMENT_TARGET = 14.0;
				LD_RUNPATH_SEARCH_PATHS = (
					"$(inherited)",
					"@executable_path/Frameworks",
					"@loader_path/Frameworks",
				);
				PRODUCT_BUNDLE_IDENTIFIER = maikdrop.TitanicTests;
				PRODUCT_NAME = "$(TARGET_NAME)";
				SWIFT_VERSION = 5.0;
				TARGETED_DEVICE_FAMILY = "1,2";
				TEST_HOST = "$(BUILT_PRODUCTS_DIR)/Titanic.app/Titanic";
			};
			name = Debug;
		};
		2978B8E12403D40100798E84 /* Release */ = {
			isa = XCBuildConfiguration;
			buildSettings = {
				ALWAYS_EMBED_SWIFT_STANDARD_LIBRARIES = YES;
				BUNDLE_LOADER = "$(TEST_HOST)";
				CODE_SIGN_STYLE = Automatic;
				DEVELOPMENT_TEAM = J7FESQ389Q;
				INFOPLIST_FILE = TitanicTests/Info.plist;
				IPHONEOS_DEPLOYMENT_TARGET = 14.0;
				LD_RUNPATH_SEARCH_PATHS = (
					"$(inherited)",
					"@executable_path/Frameworks",
					"@loader_path/Frameworks",
				);
				PRODUCT_BUNDLE_IDENTIFIER = maikdrop.TitanicTests;
				PRODUCT_NAME = "$(TARGET_NAME)";
				SWIFT_VERSION = 5.0;
				TARGETED_DEVICE_FAMILY = "1,2";
				TEST_HOST = "$(BUILT_PRODUCTS_DIR)/Titanic.app/Titanic";
			};
			name = Release;
		};
		2978B8E32403D40100798E84 /* Debug */ = {
			isa = XCBuildConfiguration;
			buildSettings = {
				ALWAYS_EMBED_SWIFT_STANDARD_LIBRARIES = YES;
				CODE_SIGN_STYLE = Automatic;
				DEVELOPMENT_TEAM = J7FESQ389Q;
				INFOPLIST_FILE = TitanicUITests/Info.plist;
				LD_RUNPATH_SEARCH_PATHS = (
					"$(inherited)",
					"@executable_path/Frameworks",
					"@loader_path/Frameworks",
				);
				PRODUCT_BUNDLE_IDENTIFIER = maikdrop.TitanicUITests;
				PRODUCT_NAME = "$(TARGET_NAME)";
				SWIFT_VERSION = 5.0;
				TARGETED_DEVICE_FAMILY = "1,2";
				TEST_TARGET_NAME = Titanic;
			};
			name = Debug;
		};
		2978B8E42403D40100798E84 /* Release */ = {
			isa = XCBuildConfiguration;
			buildSettings = {
				ALWAYS_EMBED_SWIFT_STANDARD_LIBRARIES = YES;
				CODE_SIGN_STYLE = Automatic;
				DEVELOPMENT_TEAM = J7FESQ389Q;
				INFOPLIST_FILE = TitanicUITests/Info.plist;
				LD_RUNPATH_SEARCH_PATHS = (
					"$(inherited)",
					"@executable_path/Frameworks",
					"@loader_path/Frameworks",
				);
				PRODUCT_BUNDLE_IDENTIFIER = maikdrop.TitanicUITests;
				PRODUCT_NAME = "$(TARGET_NAME)";
				SWIFT_VERSION = 5.0;
				TARGETED_DEVICE_FAMILY = "1,2";
				TEST_TARGET_NAME = Titanic;
			};
			name = Release;
		};
		2999A9DB24EAADD300C74094 /* Debug */ = {
			isa = XCBuildConfiguration;
			buildSettings = {
				BUNDLE_LOADER = "$(TEST_HOST)";
				CODE_SIGN_STYLE = Automatic;
				DEVELOPMENT_TEAM = J7FESQ389Q;
				INFOPLIST_FILE = TitanicSnapshotTests/Info.plist;
				IPHONEOS_DEPLOYMENT_TARGET = 14.0;
				LD_RUNPATH_SEARCH_PATHS = (
					"$(inherited)",
					"@executable_path/Frameworks",
					"@loader_path/Frameworks",
				);
				PRODUCT_BUNDLE_IDENTIFIER = maikdrop.TitanicSnapshotTests;
				PRODUCT_NAME = "$(TARGET_NAME)";
				SWIFT_VERSION = 5.0;
				TARGETED_DEVICE_FAMILY = "1,2";
				TEST_HOST = "$(BUILT_PRODUCTS_DIR)/Titanic.app/Titanic";
			};
			name = Debug;
		};
		2999A9DC24EAADD300C74094 /* Release */ = {
			isa = XCBuildConfiguration;
			buildSettings = {
				BUNDLE_LOADER = "$(TEST_HOST)";
				CODE_SIGN_STYLE = Automatic;
				DEVELOPMENT_TEAM = J7FESQ389Q;
				INFOPLIST_FILE = TitanicSnapshotTests/Info.plist;
				IPHONEOS_DEPLOYMENT_TARGET = 14.0;
				LD_RUNPATH_SEARCH_PATHS = (
					"$(inherited)",
					"@executable_path/Frameworks",
					"@loader_path/Frameworks",
				);
				PRODUCT_BUNDLE_IDENTIFIER = maikdrop.TitanicSnapshotTests;
				PRODUCT_NAME = "$(TARGET_NAME)";
				SWIFT_VERSION = 5.0;
				TARGETED_DEVICE_FAMILY = "1,2";
				TEST_HOST = "$(BUILT_PRODUCTS_DIR)/Titanic.app/Titanic";
			};
			name = Release;
		};
/* End XCBuildConfiguration section */

/* Begin XCConfigurationList section */
		2978B8AD2403D40000798E84 /* Build configuration list for PBXProject "Titanic" */ = {
			isa = XCConfigurationList;
			buildConfigurations = (
				2978B8DA2403D40100798E84 /* Debug */,
				2978B8DB2403D40100798E84 /* Release */,
			);
			defaultConfigurationIsVisible = 0;
			defaultConfigurationName = Release;
		};
		2978B8DC2403D40100798E84 /* Build configuration list for PBXNativeTarget "Titanic" */ = {
			isa = XCConfigurationList;
			buildConfigurations = (
				2978B8DD2403D40100798E84 /* Debug */,
				2978B8DE2403D40100798E84 /* Release */,
			);
			defaultConfigurationIsVisible = 0;
			defaultConfigurationName = Release;
		};
		2978B8DF2403D40100798E84 /* Build configuration list for PBXNativeTarget "TitanicTests" */ = {
			isa = XCConfigurationList;
			buildConfigurations = (
				2978B8E02403D40100798E84 /* Debug */,
				2978B8E12403D40100798E84 /* Release */,
			);
			defaultConfigurationIsVisible = 0;
			defaultConfigurationName = Release;
		};
		2978B8E22403D40100798E84 /* Build configuration list for PBXNativeTarget "TitanicUITests" */ = {
			isa = XCConfigurationList;
			buildConfigurations = (
				2978B8E32403D40100798E84 /* Debug */,
				2978B8E42403D40100798E84 /* Release */,
			);
			defaultConfigurationIsVisible = 0;
			defaultConfigurationName = Release;
		};
		2999A9DA24EAADD300C74094 /* Build configuration list for PBXNativeTarget "TitanicSnapshotTests" */ = {
			isa = XCConfigurationList;
			buildConfigurations = (
				2999A9DB24EAADD300C74094 /* Debug */,
				2999A9DC24EAADD300C74094 /* Release */,
			);
			defaultConfigurationIsVisible = 0;
			defaultConfigurationName = Release;
		};
/* End XCConfigurationList section */

/* Begin XCRemoteSwiftPackageReference section */
		2999A9DD24EAB09400C74094 /* XCRemoteSwiftPackageReference "swift-snapshot-testing" */ = {
			isa = XCRemoteSwiftPackageReference;
			repositoryURL = "https://github.com/pointfreeco/swift-snapshot-testing.git";
			requirement = {
				kind = upToNextMajorVersion;
				minimumVersion = 1.8.1;
			};
		};
/* End XCRemoteSwiftPackageReference section */

/* Begin XCSwiftPackageProductDependency section */
		2999A9DE24EAB09400C74094 /* SnapshotTesting */ = {
			isa = XCSwiftPackageProductDependency;
			package = 2999A9DD24EAB09400C74094 /* XCRemoteSwiftPackageReference "swift-snapshot-testing" */;
			productName = SnapshotTesting;
		};
/* End XCSwiftPackageProductDependency section */

/* Begin XCVersionGroup section */
		2966832B258FCB4F00129DCF /* Titanic.xcdatamodeld */ = {
			isa = XCVersionGroup;
			children = (
				2966832C258FCB4F00129DCF /* Titanic.xcdatamodel */,
			);
			currentVersion = 2966832C258FCB4F00129DCF /* Titanic.xcdatamodel */;
			path = Titanic.xcdatamodeld;
			sourceTree = "<group>";
			versionGroupType = wrapper.xcdatamodel;
		};
/* End XCVersionGroup section */
	};
	rootObject = 2978B8AA2403D40000798E84 /* Project object */;
}
